// !$*UTF8*$!
{
	archiveVersion = 1;
	classes = {
	};
	objectVersion = 46;
	objects = {

/* Begin PBXBuildFile section */
		1D60589F0D05DD5A006BFB54 /* Foundation.framework in Frameworks */ = {isa = PBXBuildFile; fileRef = 1D30AB110D05D00D00671497 /* Foundation.framework */; };
		1DF5F4E00D08C38300B7A737 /* UIKit.framework in Frameworks */ = {isa = PBXBuildFile; fileRef = 1DF5F4DF0D08C38300B7A737 /* UIKit.framework */; };
		288765FD0DF74451002DB57D /* CoreGraphics.framework in Frameworks */ = {isa = PBXBuildFile; fileRef = 288765FC0DF74451002DB57D /* CoreGraphics.framework */; };
		5326AEA810A23A0500278DE6 /* CoreLocation.framework in Frameworks */ = {isa = PBXBuildFile; fileRef = 5326AEA710A23A0500278DE6 /* CoreLocation.framework */; };
		53F323EB10A20EDB00E0DAE4 /* OpenAL.framework in Frameworks */ = {isa = PBXBuildFile; fileRef = 53F323EA10A20EDB00E0DAE4 /* OpenAL.framework */; };
		9EC7152C19D765A700EAFB02 /* libcurl.a in Frameworks */ = {isa = PBXBuildFile; fileRef = 9EC7152B19D765A700EAFB02 /* libcurl.a */; };
		9EC7184619D765ED00EAFB02 /* fontstash.c in Sources */ = {isa = PBXBuildFile; fileRef = 9EC7154119D765EA00EAFB02 /* fontstash.c */; };
		9EC7184719D765ED00EAFB02 /* stb_truetype.c in Sources */ = {isa = PBXBuildFile; fileRef = 9EC7154319D765EA00EAFB02 /* stb_truetype.c */; };
		9EC7184A19D765ED00EAFB02 /* ofxFontStash.cpp in Sources */ = {isa = PBXBuildFile; fileRef = 9EC7154819D765EA00EAFB02 /* ofxFontStash.cpp */; };
		9EC7184B19D765ED00EAFB02 /* ofxGaplessVideoplayer.cpp in Sources */ = {isa = PBXBuildFile; fileRef = 9EC7154D19D765EA00EAFB02 /* ofxGaplessVideoplayer.cpp */; };
		9EC7186C19D765ED00EAFB02 /* jsoncpp.cpp in Sources */ = {isa = PBXBuildFile; fileRef = 9EC7159519D765EA00EAFB02 /* jsoncpp.cpp */; };
		9EC7186E19D765ED00EAFB02 /* ofxJSONElement.cpp in Sources */ = {isa = PBXBuildFile; fileRef = 9EC7159919D765EA00EAFB02 /* ofxJSONElement.cpp */; };
		9EC7187019D765ED00EAFB02 /* ofxTCPClient.cpp in Sources */ = {isa = PBXBuildFile; fileRef = 9EC715A119D765EA00EAFB02 /* ofxTCPClient.cpp */; };
		9EC7187119D765ED00EAFB02 /* ofxTCPManager.cpp in Sources */ = {isa = PBXBuildFile; fileRef = 9EC715A319D765EA00EAFB02 /* ofxTCPManager.cpp */; };
		9EC7187219D765ED00EAFB02 /* ofxTCPServer.cpp in Sources */ = {isa = PBXBuildFile; fileRef = 9EC715A519D765EA00EAFB02 /* ofxTCPServer.cpp */; };
		9EC7187319D765ED00EAFB02 /* ofxUDPManager.cpp in Sources */ = {isa = PBXBuildFile; fileRef = 9EC715A719D765EA00EAFB02 /* ofxUDPManager.cpp */; };
		9EC719C719D765ED00EAFB02 /* ofxUI2DGraph.cpp in Sources */ = {isa = PBXBuildFile; fileRef = 9EC717AB19D765ED00EAFB02 /* ofxUI2DGraph.cpp */; };
		9EC719C819D765ED00EAFB02 /* ofxUI2DPad.cpp in Sources */ = {isa = PBXBuildFile; fileRef = 9EC717AD19D765ED00EAFB02 /* ofxUI2DPad.cpp */; };
		9EC719C919D765ED00EAFB02 /* ofxUIBaseDraws.cpp in Sources */ = {isa = PBXBuildFile; fileRef = 9EC717AF19D765ED00EAFB02 /* ofxUIBaseDraws.cpp */; };
		9EC719CA19D765ED00EAFB02 /* ofxUIBiLabelSlider.cpp in Sources */ = {isa = PBXBuildFile; fileRef = 9EC717B119D765ED00EAFB02 /* ofxUIBiLabelSlider.cpp */; };
		9EC719CB19D765ED00EAFB02 /* ofxUIButton.cpp in Sources */ = {isa = PBXBuildFile; fileRef = 9EC717B319D765ED00EAFB02 /* ofxUIButton.cpp */; };
		9EC719CC19D765ED00EAFB02 /* ofxUICanvas.cpp in Sources */ = {isa = PBXBuildFile; fileRef = 9EC717B519D765ED00EAFB02 /* ofxUICanvas.cpp */; };
		9EC719CD19D765ED00EAFB02 /* ofxUICircleSlider.cpp in Sources */ = {isa = PBXBuildFile; fileRef = 9EC717B719D765ED00EAFB02 /* ofxUICircleSlider.cpp */; };
		9EC719CE19D765ED00EAFB02 /* ofxUIDragableLabelButton.cpp in Sources */ = {isa = PBXBuildFile; fileRef = 9EC717BA19D765ED00EAFB02 /* ofxUIDragableLabelButton.cpp */; };
		9EC719CF19D765ED00EAFB02 /* ofxUIDropDownList.cpp in Sources */ = {isa = PBXBuildFile; fileRef = 9EC717BC19D765ED00EAFB02 /* ofxUIDropDownList.cpp */; };
		9EC719D019D765ED00EAFB02 /* ofxUIEventArgs.cpp in Sources */ = {isa = PBXBuildFile; fileRef = 9EC717BE19D765ED00EAFB02 /* ofxUIEventArgs.cpp */; };
		9EC719D119D765ED00EAFB02 /* ofxUIFPS.cpp in Sources */ = {isa = PBXBuildFile; fileRef = 9EC717C019D765ED00EAFB02 /* ofxUIFPS.cpp */; };
		9EC719D219D765ED00EAFB02 /* ofxUIFPSSlider.cpp in Sources */ = {isa = PBXBuildFile; fileRef = 9EC717C219D765ED00EAFB02 /* ofxUIFPSSlider.cpp */; };
		9EC719D319D765ED00EAFB02 /* ofxUIImage.cpp in Sources */ = {isa = PBXBuildFile; fileRef = 9EC717C419D765ED00EAFB02 /* ofxUIImage.cpp */; };
		9EC719D419D765ED00EAFB02 /* ofxUIImageButton.cpp in Sources */ = {isa = PBXBuildFile; fileRef = 9EC717C619D765ED00EAFB02 /* ofxUIImageButton.cpp */; };
		9EC719D519D765ED00EAFB02 /* ofxUIImageSampler.cpp in Sources */ = {isa = PBXBuildFile; fileRef = 9EC717C819D765ED00EAFB02 /* ofxUIImageSampler.cpp */; };
		9EC719D619D765ED00EAFB02 /* ofxUIImageSlider.cpp in Sources */ = {isa = PBXBuildFile; fileRef = 9EC717CA19D765ED00EAFB02 /* ofxUIImageSlider.cpp */; };
		9EC719D719D765ED00EAFB02 /* ofxUIImageToggle.cpp in Sources */ = {isa = PBXBuildFile; fileRef = 9EC717CC19D765ED00EAFB02 /* ofxUIImageToggle.cpp */; };
		9EC719D819D765ED00EAFB02 /* ofxUILabel.cpp in Sources */ = {isa = PBXBuildFile; fileRef = 9EC717CE19D765ED00EAFB02 /* ofxUILabel.cpp */; };
		9EC719D919D765ED00EAFB02 /* ofxUILabelButton.cpp in Sources */ = {isa = PBXBuildFile; fileRef = 9EC717D019D765ED00EAFB02 /* ofxUILabelButton.cpp */; };
		9EC719DA19D765ED00EAFB02 /* ofxUILabelToggle.cpp in Sources */ = {isa = PBXBuildFile; fileRef = 9EC717D219D765ED00EAFB02 /* ofxUILabelToggle.cpp */; };
		9EC719DB19D765ED00EAFB02 /* ofxUIMinimalSlider.cpp in Sources */ = {isa = PBXBuildFile; fileRef = 9EC717D419D765ED00EAFB02 /* ofxUIMinimalSlider.cpp */; };
		9EC719DC19D765ED00EAFB02 /* ofxUIMovingGraph.cpp in Sources */ = {isa = PBXBuildFile; fileRef = 9EC717D619D765ED00EAFB02 /* ofxUIMovingGraph.cpp */; };
		9EC719DD19D765ED00EAFB02 /* ofxUIMultiImageButton.cpp in Sources */ = {isa = PBXBuildFile; fileRef = 9EC717D819D765ED00EAFB02 /* ofxUIMultiImageButton.cpp */; };
		9EC719DE19D765ED00EAFB02 /* ofxUIMultiImageToggle.cpp in Sources */ = {isa = PBXBuildFile; fileRef = 9EC717DA19D765ED00EAFB02 /* ofxUIMultiImageToggle.cpp */; };
		9EC719DF19D765ED00EAFB02 /* ofxUINumberDialer.cpp in Sources */ = {isa = PBXBuildFile; fileRef = 9EC717DC19D765ED00EAFB02 /* ofxUINumberDialer.cpp */; };
		9EC719E019D765ED00EAFB02 /* ofxUIRadio.cpp in Sources */ = {isa = PBXBuildFile; fileRef = 9EC717DF19D765ED00EAFB02 /* ofxUIRadio.cpp */; };
		9EC719E119D765ED00EAFB02 /* ofxUIRangeSlider.cpp in Sources */ = {isa = PBXBuildFile; fileRef = 9EC717E119D765ED00EAFB02 /* ofxUIRangeSlider.cpp */; };
		9EC719E219D765ED00EAFB02 /* ofxUIRectangle.cpp in Sources */ = {isa = PBXBuildFile; fileRef = 9EC717E319D765ED00EAFB02 /* ofxUIRectangle.cpp */; };
		9EC719E319D765ED00EAFB02 /* ofxUIRotarySlider.cpp in Sources */ = {isa = PBXBuildFile; fileRef = 9EC717E519D765ED00EAFB02 /* ofxUIRotarySlider.cpp */; };
		9EC719E419D765ED00EAFB02 /* ofxUIScrollableCanvas.cpp in Sources */ = {isa = PBXBuildFile; fileRef = 9EC717E719D765ED00EAFB02 /* ofxUIScrollableCanvas.cpp */; };
		9EC719E519D765ED00EAFB02 /* ofxUISlider.cpp in Sources */ = {isa = PBXBuildFile; fileRef = 9EC717E919D765ED00EAFB02 /* ofxUISlider.cpp */; };
		9EC719E619D765ED00EAFB02 /* ofxUISortableList.cpp in Sources */ = {isa = PBXBuildFile; fileRef = 9EC717EB19D765ED00EAFB02 /* ofxUISortableList.cpp */; };
		9EC719E719D765ED00EAFB02 /* ofxUISpacer.cpp in Sources */ = {isa = PBXBuildFile; fileRef = 9EC717ED19D765ED00EAFB02 /* ofxUISpacer.cpp */; };
		9EC719E819D765ED00EAFB02 /* ofxUISpectrum.cpp in Sources */ = {isa = PBXBuildFile; fileRef = 9EC717EF19D765ED00EAFB02 /* ofxUISpectrum.cpp */; };
		9EC719E919D765ED00EAFB02 /* ofxUISuperCanvas.cpp in Sources */ = {isa = PBXBuildFile; fileRef = 9EC717F119D765ED00EAFB02 /* ofxUISuperCanvas.cpp */; };
		9EC719EA19D765ED00EAFB02 /* ofxUITabBar.cpp in Sources */ = {isa = PBXBuildFile; fileRef = 9EC717F319D765ED00EAFB02 /* ofxUITabBar.cpp */; };
		9EC719EB19D765ED00EAFB02 /* ofxUITextArea.cpp in Sources */ = {isa = PBXBuildFile; fileRef = 9EC717F519D765ED00EAFB02 /* ofxUITextArea.cpp */; };
		9EC719EC19D765ED00EAFB02 /* ofxUITextInput.cpp in Sources */ = {isa = PBXBuildFile; fileRef = 9EC717F719D765ED00EAFB02 /* ofxUITextInput.cpp */; };
		9EC719ED19D765ED00EAFB02 /* ofxUIToggle.cpp in Sources */ = {isa = PBXBuildFile; fileRef = 9EC717F919D765ED00EAFB02 /* ofxUIToggle.cpp */; };
		9EC719EE19D765ED00EAFB02 /* ofxUIToggleMatrix.cpp in Sources */ = {isa = PBXBuildFile; fileRef = 9EC717FB19D765ED00EAFB02 /* ofxUIToggleMatrix.cpp */; };
		9EC719EF19D765ED00EAFB02 /* ofxUIValuePlotter.cpp in Sources */ = {isa = PBXBuildFile; fileRef = 9EC717FE19D765ED00EAFB02 /* ofxUIValuePlotter.cpp */; };
		9EC719F019D765ED00EAFB02 /* ofxUIWaveform.cpp in Sources */ = {isa = PBXBuildFile; fileRef = 9EC7180019D765ED00EAFB02 /* ofxUIWaveform.cpp */; };
		9EC719F119D765ED00EAFB02 /* ofxUIWidget.cpp in Sources */ = {isa = PBXBuildFile; fileRef = 9EC7180219D765ED00EAFB02 /* ofxUIWidget.cpp */; };
		9EC719F219D765ED00EAFB02 /* ofxUIWidgetWithLabel.cpp in Sources */ = {isa = PBXBuildFile; fileRef = 9EC7180519D765ED00EAFB02 /* ofxUIWidgetWithLabel.cpp */; };
		9EC719FC19D765ED00EAFB02 /* ReleaseNotes in Resources */ = {isa = PBXBuildFile; fileRef = 9EC7182619D765ED00EAFB02 /* ReleaseNotes */; };
		9EC719FD19D765ED00EAFB02 /* utf8cpp.html in Resources */ = {isa = PBXBuildFile; fileRef = 9EC7182719D765ED00EAFB02 /* utf8cpp.html */; };
		9EC719FF19D765ED00EAFB02 /* ofTextConverter.cpp in Sources */ = {isa = PBXBuildFile; fileRef = 9EC7183019D765ED00EAFB02 /* ofTextConverter.cpp */; };
		9EC71A0019D765ED00EAFB02 /* ofUnicode.cpp in Sources */ = {isa = PBXBuildFile; fileRef = 9EC7183219D765ED00EAFB02 /* ofUnicode.cpp */; };
		9EC71A0119D765ED00EAFB02 /* ofUTF8.cpp in Sources */ = {isa = PBXBuildFile; fileRef = 9EC7183419D765ED00EAFB02 /* ofUTF8.cpp */; };
		9EC71A0219D765ED00EAFB02 /* tinyxml.cpp in Sources */ = {isa = PBXBuildFile; fileRef = 9EC7183819D765ED00EAFB02 /* tinyxml.cpp */; };
		9EC71A0319D765ED00EAFB02 /* tinyxmlerror.cpp in Sources */ = {isa = PBXBuildFile; fileRef = 9EC7183A19D765ED00EAFB02 /* tinyxmlerror.cpp */; };
		9EC71A0419D765ED00EAFB02 /* tinyxmlparser.cpp in Sources */ = {isa = PBXBuildFile; fileRef = 9EC7183B19D765ED00EAFB02 /* tinyxmlparser.cpp */; };
		9EC71A0519D765ED00EAFB02 /* ofxXmlSettings.cpp in Sources */ = {isa = PBXBuildFile; fileRef = 9EC7183D19D765ED00EAFB02 /* ofxXmlSettings.cpp */; };
		9EC71A5219D7672F00EAFB02 /* Security.framework in Frameworks */ = {isa = PBXBuildFile; fileRef = 9EC71A5019D7672F00EAFB02 /* Security.framework */; };
		9EC71A5319D7672F00EAFB02 /* libz.dylib in Frameworks */ = {isa = PBXBuildFile; fileRef = 9EC71A5119D7672F00EAFB02 /* libz.dylib */; };
		9EFE2B221A0CFBA10060D269 /* main.cpp in Sources */ = {isa = PBXBuildFile; fileRef = 9EFE2B1B1A0CFBA10060D269 /* main.cpp */; };
		9EFE2B231A0CFBA10060D269 /* ofApp.cpp in Sources */ = {isa = PBXBuildFile; fileRef = 9EFE2B1C1A0CFBA10060D269 /* ofApp.cpp */; };
		9EFE2B2F1A0CFBF70060D269 /* Default-568h@2x~iphone.png in Resources */ = {isa = PBXBuildFile; fileRef = 9EFE2B241A0CFBF60060D269 /* Default-568h@2x~iphone.png */; };
		9EFE2B301A0CFBF70060D269 /* Default.png in Resources */ = {isa = PBXBuildFile; fileRef = 9EFE2B251A0CFBF60060D269 /* Default.png */; };
		9EFE2B311A0CFBF70060D269 /* Default@2x.png in Resources */ = {isa = PBXBuildFile; fileRef = 9EFE2B261A0CFBF60060D269 /* Default@2x.png */; };
		9EFE2B321A0CFBF70060D269 /* Default@2x~ipad.png in Resources */ = {isa = PBXBuildFile; fileRef = 9EFE2B271A0CFBF60060D269 /* Default@2x~ipad.png */; };
		9EFE2B331A0CFBF70060D269 /* Default@2x~iphone.png in Resources */ = {isa = PBXBuildFile; fileRef = 9EFE2B281A0CFBF70060D269 /* Default@2x~iphone.png */; };
		9EFE2B341A0CFBF70060D269 /* Default~ipad.png in Resources */ = {isa = PBXBuildFile; fileRef = 9EFE2B291A0CFBF70060D269 /* Default~ipad.png */; };
		9EFE2B351A0CFBF70060D269 /* Default~iphone.png in Resources */ = {isa = PBXBuildFile; fileRef = 9EFE2B2A1A0CFBF70060D269 /* Default~iphone.png */; };
		9EFE2B361A0CFBF70060D269 /* Icon-72.png in Resources */ = {isa = PBXBuildFile; fileRef = 9EFE2B2B1A0CFBF70060D269 /* Icon-72.png */; };
		9EFE2B371A0CFBF70060D269 /* Icon-72@2x.png in Resources */ = {isa = PBXBuildFile; fileRef = 9EFE2B2C1A0CFBF70060D269 /* Icon-72@2x.png */; };
		9EFE2B381A0CFBF70060D269 /* Icon.png in Resources */ = {isa = PBXBuildFile; fileRef = 9EFE2B2D1A0CFBF70060D269 /* Icon.png */; };
		9EFE2B391A0CFBF70060D269 /* Icon@2x.png in Resources */ = {isa = PBXBuildFile; fileRef = 9EFE2B2E1A0CFBF70060D269 /* Icon@2x.png */; };
		BB16EBD20F2B2A9500518274 /* OpenGLES.framework in Frameworks */ = {isa = PBXBuildFile; fileRef = BB16EBD10F2B2A9500518274 /* OpenGLES.framework */; };
		BB16EBD90F2B2AB500518274 /* QuartzCore.framework in Frameworks */ = {isa = PBXBuildFile; fileRef = BB16EBD80F2B2AB500518274 /* QuartzCore.framework */; };
		BBE5EAB80F49AD8400F28951 /* AudioToolbox.framework in Frameworks */ = {isa = PBXBuildFile; fileRef = BBE5EAB70F49AD8400F28951 /* AudioToolbox.framework */; };
		E41D3ED713B38FB500A75A5D /* Project.xcconfig in Resources */ = {isa = PBXBuildFile; fileRef = E41D3ED613B38FB500A75A5D /* Project.xcconfig */; };
		E41D3EE613B3906D00A75A5D /* CoreOF.xcconfig in Resources */ = {isa = PBXBuildFile; fileRef = E41D3EE513B3906D00A75A5D /* CoreOF.xcconfig */; };
		E41D400B13B39D2100A75A5D /* AVFoundation.framework in Frameworks */ = {isa = PBXBuildFile; fileRef = E41D400613B39D2100A75A5D /* AVFoundation.framework */; };
		E41D400C13B39D2100A75A5D /* CoreMedia.framework in Frameworks */ = {isa = PBXBuildFile; fileRef = E41D400713B39D2100A75A5D /* CoreMedia.framework */; };
		E41D400D13B39D2100A75A5D /* CoreVideo.framework in Frameworks */ = {isa = PBXBuildFile; fileRef = E41D400813B39D2100A75A5D /* CoreVideo.framework */; };
		E41D400E13B39D2100A75A5D /* MapKit.framework in Frameworks */ = {isa = PBXBuildFile; fileRef = E41D400913B39D2100A75A5D /* MapKit.framework */; };
		E41D421413B3A95300A75A5D /* libofxiOS_iphoneos_Debug.a in Frameworks */ = {isa = PBXBuildFile; fileRef = E41D410213B3A0D800A75A5D /* libofxiOS_iphoneos_Debug.a */; };
		E4A823A412561BE3002F86A2 /* CoreGraphics.framework in Frameworks */ = {isa = PBXBuildFile; fileRef = E4A823A312561BE3002F86A2 /* CoreGraphics.framework */; };
/* End PBXBuildFile section */

/* Begin PBXContainerItemProxy section */
		E41D410113B3A0D800A75A5D /* PBXContainerItemProxy */ = {
			isa = PBXContainerItemProxy;
			containerPortal = E41D40FD13B3A0D800A75A5D /* iOS+OFLib.xcodeproj */;
			proxyType = 2;
			remoteGlobalIDString = BB24DED610DA7A3F00E9C588;
			remoteInfo = "iPhone+OF Static Library";
		};
		E41D410313B3A11300A75A5D /* PBXContainerItemProxy */ = {
			isa = PBXContainerItemProxy;
			containerPortal = E41D40FD13B3A0D800A75A5D /* iOS+OFLib.xcodeproj */;
			proxyType = 1;
			remoteGlobalIDString = BB24DE5C10DA7A3F00E9C588;
			remoteInfo = "iPhone+OF Static Library";
		};
/* End PBXContainerItemProxy section */

/* Begin PBXFileReference section */
		1D30AB110D05D00D00671497 /* Foundation.framework */ = {isa = PBXFileReference; lastKnownFileType = wrapper.framework; name = Foundation.framework; path = System/Library/Frameworks/Foundation.framework; sourceTree = SDKROOT; };
		1D6058910D05DD3D006BFB54 /* ACP.app */ = {isa = PBXFileReference; explicitFileType = wrapper.application; includeInIndex = 0; path = ACP.app; sourceTree = BUILT_PRODUCTS_DIR; };
		1DF5F4DF0D08C38300B7A737 /* UIKit.framework */ = {isa = PBXFileReference; lastKnownFileType = wrapper.framework; name = UIKit.framework; path = System/Library/Frameworks/UIKit.framework; sourceTree = SDKROOT; };
		288765FC0DF74451002DB57D /* CoreGraphics.framework */ = {isa = PBXFileReference; lastKnownFileType = wrapper.framework; name = CoreGraphics.framework; path = System/Library/Frameworks/CoreGraphics.framework; sourceTree = SDKROOT; };
		32CA4F630368D1EE00C91783 /* ofxiOS_Prefix.pch */ = {isa = PBXFileReference; fileEncoding = 4; lastKnownFileType = sourcecode.c.h; path = ofxiOS_Prefix.pch; sourceTree = "<group>"; };
		5326AEA710A23A0500278DE6 /* CoreLocation.framework */ = {isa = PBXFileReference; lastKnownFileType = wrapper.framework; name = CoreLocation.framework; path = System/Library/Frameworks/CoreLocation.framework; sourceTree = SDKROOT; };
		53F323EA10A20EDB00E0DAE4 /* OpenAL.framework */ = {isa = PBXFileReference; lastKnownFileType = wrapper.framework; name = OpenAL.framework; path = System/Library/Frameworks/OpenAL.framework; sourceTree = SDKROOT; };
		9EC7152B19D765A700EAFB02 /* libcurl.a */ = {isa = PBXFileReference; lastKnownFileType = archive.ar; path = libcurl.a; sourceTree = "<group>"; };
		9EC7154119D765EA00EAFB02 /* fontstash.c */ = {isa = PBXFileReference; fileEncoding = 4; lastKnownFileType = sourcecode.c.c; path = fontstash.c; sourceTree = "<group>"; };
		9EC7154219D765EA00EAFB02 /* fontstash.h */ = {isa = PBXFileReference; fileEncoding = 4; lastKnownFileType = sourcecode.c.h; path = fontstash.h; sourceTree = "<group>"; };
		9EC7154319D765EA00EAFB02 /* stb_truetype.c */ = {isa = PBXFileReference; fileEncoding = 4; lastKnownFileType = sourcecode.c.c; path = stb_truetype.c; sourceTree = "<group>"; };
		9EC7154419D765EA00EAFB02 /* stb_truetype.h */ = {isa = PBXFileReference; fileEncoding = 4; lastKnownFileType = sourcecode.c.h; path = stb_truetype.h; sourceTree = "<group>"; };
		9EC7154819D765EA00EAFB02 /* ofxFontStash.cpp */ = {isa = PBXFileReference; fileEncoding = 4; lastKnownFileType = sourcecode.cpp.cpp; path = ofxFontStash.cpp; sourceTree = "<group>"; };
		9EC7154919D765EA00EAFB02 /* ofxFontStash.h */ = {isa = PBXFileReference; fileEncoding = 4; lastKnownFileType = sourcecode.c.h; path = ofxFontStash.h; sourceTree = "<group>"; };
		9EC7154D19D765EA00EAFB02 /* ofxGaplessVideoplayer.cpp */ = {isa = PBXFileReference; fileEncoding = 4; lastKnownFileType = sourcecode.cpp.cpp; path = ofxGaplessVideoplayer.cpp; sourceTree = "<group>"; };
		9EC7154E19D765EA00EAFB02 /* ofxGaplessVideoplayer.h */ = {isa = PBXFileReference; fileEncoding = 4; lastKnownFileType = sourcecode.c.h; path = ofxGaplessVideoplayer.h; sourceTree = "<group>"; };
		9EC7159219D765EA00EAFB02 /* json-forwards.h */ = {isa = PBXFileReference; fileEncoding = 4; lastKnownFileType = sourcecode.c.h; path = "json-forwards.h"; sourceTree = "<group>"; };
		9EC7159319D765EA00EAFB02 /* json.h */ = {isa = PBXFileReference; fileEncoding = 4; lastKnownFileType = sourcecode.c.h; path = json.h; sourceTree = "<group>"; };
		9EC7159519D765EA00EAFB02 /* jsoncpp.cpp */ = {isa = PBXFileReference; fileEncoding = 4; lastKnownFileType = sourcecode.cpp.cpp; path = jsoncpp.cpp; sourceTree = "<group>"; };
		9EC7159819D765EA00EAFB02 /* ofxJSON.h */ = {isa = PBXFileReference; fileEncoding = 4; lastKnownFileType = sourcecode.c.h; path = ofxJSON.h; sourceTree = "<group>"; };
		9EC7159919D765EA00EAFB02 /* ofxJSONElement.cpp */ = {isa = PBXFileReference; fileEncoding = 4; lastKnownFileType = sourcecode.cpp.cpp; path = ofxJSONElement.cpp; sourceTree = "<group>"; };
		9EC7159A19D765EA00EAFB02 /* ofxJSONElement.h */ = {isa = PBXFileReference; fileEncoding = 4; lastKnownFileType = sourcecode.c.h; path = ofxJSONElement.h; sourceTree = "<group>"; };
		9EC7159F19D765EA00EAFB02 /* ofxNetwork.h */ = {isa = PBXFileReference; fileEncoding = 4; lastKnownFileType = sourcecode.c.h; path = ofxNetwork.h; sourceTree = "<group>"; };
		9EC715A019D765EA00EAFB02 /* ofxNetworkUtils.h */ = {isa = PBXFileReference; fileEncoding = 4; lastKnownFileType = sourcecode.c.h; path = ofxNetworkUtils.h; sourceTree = "<group>"; };
		9EC715A119D765EA00EAFB02 /* ofxTCPClient.cpp */ = {isa = PBXFileReference; fileEncoding = 4; lastKnownFileType = sourcecode.cpp.cpp; path = ofxTCPClient.cpp; sourceTree = "<group>"; };
		9EC715A219D765EA00EAFB02 /* ofxTCPClient.h */ = {isa = PBXFileReference; fileEncoding = 4; lastKnownFileType = sourcecode.c.h; path = ofxTCPClient.h; sourceTree = "<group>"; };
		9EC715A319D765EA00EAFB02 /* ofxTCPManager.cpp */ = {isa = PBXFileReference; fileEncoding = 4; lastKnownFileType = sourcecode.cpp.cpp; path = ofxTCPManager.cpp; sourceTree = "<group>"; };
		9EC715A419D765EA00EAFB02 /* ofxTCPManager.h */ = {isa = PBXFileReference; fileEncoding = 4; lastKnownFileType = sourcecode.c.h; path = ofxTCPManager.h; sourceTree = "<group>"; };
		9EC715A519D765EA00EAFB02 /* ofxTCPServer.cpp */ = {isa = PBXFileReference; fileEncoding = 4; lastKnownFileType = sourcecode.cpp.cpp; path = ofxTCPServer.cpp; sourceTree = "<group>"; };
		9EC715A619D765EA00EAFB02 /* ofxTCPServer.h */ = {isa = PBXFileReference; fileEncoding = 4; lastKnownFileType = sourcecode.c.h; path = ofxTCPServer.h; sourceTree = "<group>"; };
		9EC715A719D765EA00EAFB02 /* ofxUDPManager.cpp */ = {isa = PBXFileReference; fileEncoding = 4; lastKnownFileType = sourcecode.cpp.cpp; path = ofxUDPManager.cpp; sourceTree = "<group>"; };
		9EC715A819D765EA00EAFB02 /* ofxUDPManager.h */ = {isa = PBXFileReference; fileEncoding = 4; lastKnownFileType = sourcecode.c.h; path = ofxUDPManager.h; sourceTree = "<group>"; };
		9EC717AA19D765ED00EAFB02 /* ofxUI.h */ = {isa = PBXFileReference; fileEncoding = 4; lastKnownFileType = sourcecode.c.h; path = ofxUI.h; sourceTree = "<group>"; };
		9EC717AB19D765ED00EAFB02 /* ofxUI2DGraph.cpp */ = {isa = PBXFileReference; fileEncoding = 4; lastKnownFileType = sourcecode.cpp.cpp; path = ofxUI2DGraph.cpp; sourceTree = "<group>"; };
		9EC717AC19D765ED00EAFB02 /* ofxUI2DGraph.h */ = {isa = PBXFileReference; fileEncoding = 4; lastKnownFileType = sourcecode.c.h; path = ofxUI2DGraph.h; sourceTree = "<group>"; };
		9EC717AD19D765ED00EAFB02 /* ofxUI2DPad.cpp */ = {isa = PBXFileReference; fileEncoding = 4; lastKnownFileType = sourcecode.cpp.cpp; path = ofxUI2DPad.cpp; sourceTree = "<group>"; };
		9EC717AE19D765ED00EAFB02 /* ofxUI2DPad.h */ = {isa = PBXFileReference; fileEncoding = 4; lastKnownFileType = sourcecode.c.h; path = ofxUI2DPad.h; sourceTree = "<group>"; };
		9EC717AF19D765ED00EAFB02 /* ofxUIBaseDraws.cpp */ = {isa = PBXFileReference; fileEncoding = 4; lastKnownFileType = sourcecode.cpp.cpp; path = ofxUIBaseDraws.cpp; sourceTree = "<group>"; };
		9EC717B019D765ED00EAFB02 /* ofxUIBaseDraws.h */ = {isa = PBXFileReference; fileEncoding = 4; lastKnownFileType = sourcecode.c.h; path = ofxUIBaseDraws.h; sourceTree = "<group>"; };
		9EC717B119D765ED00EAFB02 /* ofxUIBiLabelSlider.cpp */ = {isa = PBXFileReference; fileEncoding = 4; lastKnownFileType = sourcecode.cpp.cpp; path = ofxUIBiLabelSlider.cpp; sourceTree = "<group>"; };
		9EC717B219D765ED00EAFB02 /* ofxUIBiLabelSlider.h */ = {isa = PBXFileReference; fileEncoding = 4; lastKnownFileType = sourcecode.c.h; path = ofxUIBiLabelSlider.h; sourceTree = "<group>"; };
		9EC717B319D765ED00EAFB02 /* ofxUIButton.cpp */ = {isa = PBXFileReference; fileEncoding = 4; lastKnownFileType = sourcecode.cpp.cpp; path = ofxUIButton.cpp; sourceTree = "<group>"; };
		9EC717B419D765ED00EAFB02 /* ofxUIButton.h */ = {isa = PBXFileReference; fileEncoding = 4; lastKnownFileType = sourcecode.c.h; path = ofxUIButton.h; sourceTree = "<group>"; };
		9EC717B519D765ED00EAFB02 /* ofxUICanvas.cpp */ = {isa = PBXFileReference; fileEncoding = 4; lastKnownFileType = sourcecode.cpp.cpp; path = ofxUICanvas.cpp; sourceTree = "<group>"; };
		9EC717B619D765ED00EAFB02 /* ofxUICanvas.h */ = {isa = PBXFileReference; fileEncoding = 4; lastKnownFileType = sourcecode.c.h; path = ofxUICanvas.h; sourceTree = "<group>"; };
		9EC717B719D765ED00EAFB02 /* ofxUICircleSlider.cpp */ = {isa = PBXFileReference; fileEncoding = 4; lastKnownFileType = sourcecode.cpp.cpp; path = ofxUICircleSlider.cpp; sourceTree = "<group>"; };
		9EC717B819D765ED00EAFB02 /* ofxUICircleSlider.h */ = {isa = PBXFileReference; fileEncoding = 4; lastKnownFileType = sourcecode.c.h; path = ofxUICircleSlider.h; sourceTree = "<group>"; };
		9EC717B919D765ED00EAFB02 /* ofxUIDefines.h */ = {isa = PBXFileReference; fileEncoding = 4; lastKnownFileType = sourcecode.c.h; path = ofxUIDefines.h; sourceTree = "<group>"; };
		9EC717BA19D765ED00EAFB02 /* ofxUIDragableLabelButton.cpp */ = {isa = PBXFileReference; fileEncoding = 4; lastKnownFileType = sourcecode.cpp.cpp; path = ofxUIDragableLabelButton.cpp; sourceTree = "<group>"; };
		9EC717BB19D765ED00EAFB02 /* ofxUIDragableLabelButton.h */ = {isa = PBXFileReference; fileEncoding = 4; lastKnownFileType = sourcecode.c.h; path = ofxUIDragableLabelButton.h; sourceTree = "<group>"; };
		9EC717BC19D765ED00EAFB02 /* ofxUIDropDownList.cpp */ = {isa = PBXFileReference; fileEncoding = 4; lastKnownFileType = sourcecode.cpp.cpp; path = ofxUIDropDownList.cpp; sourceTree = "<group>"; };
		9EC717BD19D765ED00EAFB02 /* ofxUIDropDownList.h */ = {isa = PBXFileReference; fileEncoding = 4; lastKnownFileType = sourcecode.c.h; path = ofxUIDropDownList.h; sourceTree = "<group>"; };
		9EC717BE19D765ED00EAFB02 /* ofxUIEventArgs.cpp */ = {isa = PBXFileReference; fileEncoding = 4; lastKnownFileType = sourcecode.cpp.cpp; path = ofxUIEventArgs.cpp; sourceTree = "<group>"; };
		9EC717BF19D765ED00EAFB02 /* ofxUIEventArgs.h */ = {isa = PBXFileReference; fileEncoding = 4; lastKnownFileType = sourcecode.c.h; path = ofxUIEventArgs.h; sourceTree = "<group>"; };
		9EC717C019D765ED00EAFB02 /* ofxUIFPS.cpp */ = {isa = PBXFileReference; fileEncoding = 4; lastKnownFileType = sourcecode.cpp.cpp; path = ofxUIFPS.cpp; sourceTree = "<group>"; };
		9EC717C119D765ED00EAFB02 /* ofxUIFPS.h */ = {isa = PBXFileReference; fileEncoding = 4; lastKnownFileType = sourcecode.c.h; path = ofxUIFPS.h; sourceTree = "<group>"; };
		9EC717C219D765ED00EAFB02 /* ofxUIFPSSlider.cpp */ = {isa = PBXFileReference; fileEncoding = 4; lastKnownFileType = sourcecode.cpp.cpp; path = ofxUIFPSSlider.cpp; sourceTree = "<group>"; };
		9EC717C319D765ED00EAFB02 /* ofxUIFPSSlider.h */ = {isa = PBXFileReference; fileEncoding = 4; lastKnownFileType = sourcecode.c.h; path = ofxUIFPSSlider.h; sourceTree = "<group>"; };
		9EC717C419D765ED00EAFB02 /* ofxUIImage.cpp */ = {isa = PBXFileReference; fileEncoding = 4; lastKnownFileType = sourcecode.cpp.cpp; path = ofxUIImage.cpp; sourceTree = "<group>"; };
		9EC717C519D765ED00EAFB02 /* ofxUIImage.h */ = {isa = PBXFileReference; fileEncoding = 4; lastKnownFileType = sourcecode.c.h; path = ofxUIImage.h; sourceTree = "<group>"; };
		9EC717C619D765ED00EAFB02 /* ofxUIImageButton.cpp */ = {isa = PBXFileReference; fileEncoding = 4; lastKnownFileType = sourcecode.cpp.cpp; path = ofxUIImageButton.cpp; sourceTree = "<group>"; };
		9EC717C719D765ED00EAFB02 /* ofxUIImageButton.h */ = {isa = PBXFileReference; fileEncoding = 4; lastKnownFileType = sourcecode.c.h; path = ofxUIImageButton.h; sourceTree = "<group>"; };
		9EC717C819D765ED00EAFB02 /* ofxUIImageSampler.cpp */ = {isa = PBXFileReference; fileEncoding = 4; lastKnownFileType = sourcecode.cpp.cpp; path = ofxUIImageSampler.cpp; sourceTree = "<group>"; };
		9EC717C919D765ED00EAFB02 /* ofxUIImageSampler.h */ = {isa = PBXFileReference; fileEncoding = 4; lastKnownFileType = sourcecode.c.h; path = ofxUIImageSampler.h; sourceTree = "<group>"; };
		9EC717CA19D765ED00EAFB02 /* ofxUIImageSlider.cpp */ = {isa = PBXFileReference; fileEncoding = 4; lastKnownFileType = sourcecode.cpp.cpp; path = ofxUIImageSlider.cpp; sourceTree = "<group>"; };
		9EC717CB19D765ED00EAFB02 /* ofxUIImageSlider.h */ = {isa = PBXFileReference; fileEncoding = 4; lastKnownFileType = sourcecode.c.h; path = ofxUIImageSlider.h; sourceTree = "<group>"; };
		9EC717CC19D765ED00EAFB02 /* ofxUIImageToggle.cpp */ = {isa = PBXFileReference; fileEncoding = 4; lastKnownFileType = sourcecode.cpp.cpp; path = ofxUIImageToggle.cpp; sourceTree = "<group>"; };
		9EC717CD19D765ED00EAFB02 /* ofxUIImageToggle.h */ = {isa = PBXFileReference; fileEncoding = 4; lastKnownFileType = sourcecode.c.h; path = ofxUIImageToggle.h; sourceTree = "<group>"; };
		9EC717CE19D765ED00EAFB02 /* ofxUILabel.cpp */ = {isa = PBXFileReference; fileEncoding = 4; lastKnownFileType = sourcecode.cpp.cpp; path = ofxUILabel.cpp; sourceTree = "<group>"; };
		9EC717CF19D765ED00EAFB02 /* ofxUILabel.h */ = {isa = PBXFileReference; fileEncoding = 4; lastKnownFileType = sourcecode.c.h; path = ofxUILabel.h; sourceTree = "<group>"; };
		9EC717D019D765ED00EAFB02 /* ofxUILabelButton.cpp */ = {isa = PBXFileReference; fileEncoding = 4; lastKnownFileType = sourcecode.cpp.cpp; path = ofxUILabelButton.cpp; sourceTree = "<group>"; };
		9EC717D119D765ED00EAFB02 /* ofxUILabelButton.h */ = {isa = PBXFileReference; fileEncoding = 4; lastKnownFileType = sourcecode.c.h; path = ofxUILabelButton.h; sourceTree = "<group>"; };
		9EC717D219D765ED00EAFB02 /* ofxUILabelToggle.cpp */ = {isa = PBXFileReference; fileEncoding = 4; lastKnownFileType = sourcecode.cpp.cpp; path = ofxUILabelToggle.cpp; sourceTree = "<group>"; };
		9EC717D319D765ED00EAFB02 /* ofxUILabelToggle.h */ = {isa = PBXFileReference; fileEncoding = 4; lastKnownFileType = sourcecode.c.h; path = ofxUILabelToggle.h; sourceTree = "<group>"; };
		9EC717D419D765ED00EAFB02 /* ofxUIMinimalSlider.cpp */ = {isa = PBXFileReference; fileEncoding = 4; lastKnownFileType = sourcecode.cpp.cpp; path = ofxUIMinimalSlider.cpp; sourceTree = "<group>"; };
		9EC717D519D765ED00EAFB02 /* ofxUIMinimalSlider.h */ = {isa = PBXFileReference; fileEncoding = 4; lastKnownFileType = sourcecode.c.h; path = ofxUIMinimalSlider.h; sourceTree = "<group>"; };
		9EC717D619D765ED00EAFB02 /* ofxUIMovingGraph.cpp */ = {isa = PBXFileReference; fileEncoding = 4; lastKnownFileType = sourcecode.cpp.cpp; path = ofxUIMovingGraph.cpp; sourceTree = "<group>"; };
		9EC717D719D765ED00EAFB02 /* ofxUIMovingGraph.h */ = {isa = PBXFileReference; fileEncoding = 4; lastKnownFileType = sourcecode.c.h; path = ofxUIMovingGraph.h; sourceTree = "<group>"; };
		9EC717D819D765ED00EAFB02 /* ofxUIMultiImageButton.cpp */ = {isa = PBXFileReference; fileEncoding = 4; lastKnownFileType = sourcecode.cpp.cpp; path = ofxUIMultiImageButton.cpp; sourceTree = "<group>"; };
		9EC717D919D765ED00EAFB02 /* ofxUIMultiImageButton.h */ = {isa = PBXFileReference; fileEncoding = 4; lastKnownFileType = sourcecode.c.h; path = ofxUIMultiImageButton.h; sourceTree = "<group>"; };
		9EC717DA19D765ED00EAFB02 /* ofxUIMultiImageToggle.cpp */ = {isa = PBXFileReference; fileEncoding = 4; lastKnownFileType = sourcecode.cpp.cpp; path = ofxUIMultiImageToggle.cpp; sourceTree = "<group>"; };
		9EC717DB19D765ED00EAFB02 /* ofxUIMultiImageToggle.h */ = {isa = PBXFileReference; fileEncoding = 4; lastKnownFileType = sourcecode.c.h; path = ofxUIMultiImageToggle.h; sourceTree = "<group>"; };
		9EC717DC19D765ED00EAFB02 /* ofxUINumberDialer.cpp */ = {isa = PBXFileReference; fileEncoding = 4; lastKnownFileType = sourcecode.cpp.cpp; path = ofxUINumberDialer.cpp; sourceTree = "<group>"; };
		9EC717DD19D765ED00EAFB02 /* ofxUINumberDialer.h */ = {isa = PBXFileReference; fileEncoding = 4; lastKnownFileType = sourcecode.c.h; path = ofxUINumberDialer.h; sourceTree = "<group>"; };
		9EC717DE19D765ED00EAFB02 /* ofxUIOFWrapper.h */ = {isa = PBXFileReference; fileEncoding = 4; lastKnownFileType = sourcecode.c.h; path = ofxUIOFWrapper.h; sourceTree = "<group>"; };
		9EC717DF19D765ED00EAFB02 /* ofxUIRadio.cpp */ = {isa = PBXFileReference; fileEncoding = 4; lastKnownFileType = sourcecode.cpp.cpp; path = ofxUIRadio.cpp; sourceTree = "<group>"; };
		9EC717E019D765ED00EAFB02 /* ofxUIRadio.h */ = {isa = PBXFileReference; fileEncoding = 4; lastKnownFileType = sourcecode.c.h; path = ofxUIRadio.h; sourceTree = "<group>"; };
		9EC717E119D765ED00EAFB02 /* ofxUIRangeSlider.cpp */ = {isa = PBXFileReference; fileEncoding = 4; lastKnownFileType = sourcecode.cpp.cpp; path = ofxUIRangeSlider.cpp; sourceTree = "<group>"; };
		9EC717E219D765ED00EAFB02 /* ofxUIRangeSlider.h */ = {isa = PBXFileReference; fileEncoding = 4; lastKnownFileType = sourcecode.c.h; path = ofxUIRangeSlider.h; sourceTree = "<group>"; };
		9EC717E319D765ED00EAFB02 /* ofxUIRectangle.cpp */ = {isa = PBXFileReference; fileEncoding = 4; lastKnownFileType = sourcecode.cpp.cpp; path = ofxUIRectangle.cpp; sourceTree = "<group>"; };
		9EC717E419D765ED00EAFB02 /* ofxUIRectangle.h */ = {isa = PBXFileReference; fileEncoding = 4; lastKnownFileType = sourcecode.c.h; path = ofxUIRectangle.h; sourceTree = "<group>"; };
		9EC717E519D765ED00EAFB02 /* ofxUIRotarySlider.cpp */ = {isa = PBXFileReference; fileEncoding = 4; lastKnownFileType = sourcecode.cpp.cpp; path = ofxUIRotarySlider.cpp; sourceTree = "<group>"; };
		9EC717E619D765ED00EAFB02 /* ofxUIRotarySlider.h */ = {isa = PBXFileReference; fileEncoding = 4; lastKnownFileType = sourcecode.c.h; path = ofxUIRotarySlider.h; sourceTree = "<group>"; };
		9EC717E719D765ED00EAFB02 /* ofxUIScrollableCanvas.cpp */ = {isa = PBXFileReference; fileEncoding = 4; lastKnownFileType = sourcecode.cpp.cpp; path = ofxUIScrollableCanvas.cpp; sourceTree = "<group>"; };
		9EC717E819D765ED00EAFB02 /* ofxUIScrollableCanvas.h */ = {isa = PBXFileReference; fileEncoding = 4; lastKnownFileType = sourcecode.c.h; path = ofxUIScrollableCanvas.h; sourceTree = "<group>"; };
		9EC717E919D765ED00EAFB02 /* ofxUISlider.cpp */ = {isa = PBXFileReference; fileEncoding = 4; lastKnownFileType = sourcecode.cpp.cpp; path = ofxUISlider.cpp; sourceTree = "<group>"; };
		9EC717EA19D765ED00EAFB02 /* ofxUISlider.h */ = {isa = PBXFileReference; fileEncoding = 4; lastKnownFileType = sourcecode.c.h; path = ofxUISlider.h; sourceTree = "<group>"; };
		9EC717EB19D765ED00EAFB02 /* ofxUISortableList.cpp */ = {isa = PBXFileReference; fileEncoding = 4; lastKnownFileType = sourcecode.cpp.cpp; path = ofxUISortableList.cpp; sourceTree = "<group>"; };
		9EC717EC19D765ED00EAFB02 /* ofxUISortableList.h */ = {isa = PBXFileReference; fileEncoding = 4; lastKnownFileType = sourcecode.c.h; path = ofxUISortableList.h; sourceTree = "<group>"; };
		9EC717ED19D765ED00EAFB02 /* ofxUISpacer.cpp */ = {isa = PBXFileReference; fileEncoding = 4; lastKnownFileType = sourcecode.cpp.cpp; path = ofxUISpacer.cpp; sourceTree = "<group>"; };
		9EC717EE19D765ED00EAFB02 /* ofxUISpacer.h */ = {isa = PBXFileReference; fileEncoding = 4; lastKnownFileType = sourcecode.c.h; path = ofxUISpacer.h; sourceTree = "<group>"; };
		9EC717EF19D765ED00EAFB02 /* ofxUISpectrum.cpp */ = {isa = PBXFileReference; fileEncoding = 4; lastKnownFileType = sourcecode.cpp.cpp; path = ofxUISpectrum.cpp; sourceTree = "<group>"; };
		9EC717F019D765ED00EAFB02 /* ofxUISpectrum.h */ = {isa = PBXFileReference; fileEncoding = 4; lastKnownFileType = sourcecode.c.h; path = ofxUISpectrum.h; sourceTree = "<group>"; };
		9EC717F119D765ED00EAFB02 /* ofxUISuperCanvas.cpp */ = {isa = PBXFileReference; fileEncoding = 4; lastKnownFileType = sourcecode.cpp.cpp; path = ofxUISuperCanvas.cpp; sourceTree = "<group>"; };
		9EC717F219D765ED00EAFB02 /* ofxUISuperCanvas.h */ = {isa = PBXFileReference; fileEncoding = 4; lastKnownFileType = sourcecode.c.h; path = ofxUISuperCanvas.h; sourceTree = "<group>"; };
		9EC717F319D765ED00EAFB02 /* ofxUITabBar.cpp */ = {isa = PBXFileReference; fileEncoding = 4; lastKnownFileType = sourcecode.cpp.cpp; path = ofxUITabBar.cpp; sourceTree = "<group>"; };
		9EC717F419D765ED00EAFB02 /* ofxUITabBar.h */ = {isa = PBXFileReference; fileEncoding = 4; lastKnownFileType = sourcecode.c.h; path = ofxUITabBar.h; sourceTree = "<group>"; };
		9EC717F519D765ED00EAFB02 /* ofxUITextArea.cpp */ = {isa = PBXFileReference; fileEncoding = 4; lastKnownFileType = sourcecode.cpp.cpp; path = ofxUITextArea.cpp; sourceTree = "<group>"; };
		9EC717F619D765ED00EAFB02 /* ofxUITextArea.h */ = {isa = PBXFileReference; fileEncoding = 4; lastKnownFileType = sourcecode.c.h; path = ofxUITextArea.h; sourceTree = "<group>"; };
		9EC717F719D765ED00EAFB02 /* ofxUITextInput.cpp */ = {isa = PBXFileReference; fileEncoding = 4; lastKnownFileType = sourcecode.cpp.cpp; path = ofxUITextInput.cpp; sourceTree = "<group>"; };
		9EC717F819D765ED00EAFB02 /* ofxUITextInput.h */ = {isa = PBXFileReference; fileEncoding = 4; lastKnownFileType = sourcecode.c.h; path = ofxUITextInput.h; sourceTree = "<group>"; };
		9EC717F919D765ED00EAFB02 /* ofxUIToggle.cpp */ = {isa = PBXFileReference; fileEncoding = 4; lastKnownFileType = sourcecode.cpp.cpp; path = ofxUIToggle.cpp; sourceTree = "<group>"; };
		9EC717FA19D765ED00EAFB02 /* ofxUIToggle.h */ = {isa = PBXFileReference; fileEncoding = 4; lastKnownFileType = sourcecode.c.h; path = ofxUIToggle.h; sourceTree = "<group>"; };
		9EC717FB19D765ED00EAFB02 /* ofxUIToggleMatrix.cpp */ = {isa = PBXFileReference; fileEncoding = 4; lastKnownFileType = sourcecode.cpp.cpp; path = ofxUIToggleMatrix.cpp; sourceTree = "<group>"; };
		9EC717FC19D765ED00EAFB02 /* ofxUIToggleMatrix.h */ = {isa = PBXFileReference; fileEncoding = 4; lastKnownFileType = sourcecode.c.h; path = ofxUIToggleMatrix.h; sourceTree = "<group>"; };
		9EC717FD19D765ED00EAFB02 /* ofxUIUtils.h */ = {isa = PBXFileReference; fileEncoding = 4; lastKnownFileType = sourcecode.c.h; path = ofxUIUtils.h; sourceTree = "<group>"; };
		9EC717FE19D765ED00EAFB02 /* ofxUIValuePlotter.cpp */ = {isa = PBXFileReference; fileEncoding = 4; lastKnownFileType = sourcecode.cpp.cpp; path = ofxUIValuePlotter.cpp; sourceTree = "<group>"; };
		9EC717FF19D765ED00EAFB02 /* ofxUIValuePlotter.h */ = {isa = PBXFileReference; fileEncoding = 4; lastKnownFileType = sourcecode.c.h; path = ofxUIValuePlotter.h; sourceTree = "<group>"; };
		9EC7180019D765ED00EAFB02 /* ofxUIWaveform.cpp */ = {isa = PBXFileReference; fileEncoding = 4; lastKnownFileType = sourcecode.cpp.cpp; path = ofxUIWaveform.cpp; sourceTree = "<group>"; };
		9EC7180119D765ED00EAFB02 /* ofxUIWaveform.h */ = {isa = PBXFileReference; fileEncoding = 4; lastKnownFileType = sourcecode.c.h; path = ofxUIWaveform.h; sourceTree = "<group>"; };
		9EC7180219D765ED00EAFB02 /* ofxUIWidget.cpp */ = {isa = PBXFileReference; fileEncoding = 4; lastKnownFileType = sourcecode.cpp.cpp; path = ofxUIWidget.cpp; sourceTree = "<group>"; };
		9EC7180319D765ED00EAFB02 /* ofxUIWidget.h */ = {isa = PBXFileReference; fileEncoding = 4; lastKnownFileType = sourcecode.c.h; path = ofxUIWidget.h; sourceTree = "<group>"; };
		9EC7180419D765ED00EAFB02 /* ofxUIWidgets.h */ = {isa = PBXFileReference; fileEncoding = 4; lastKnownFileType = sourcecode.c.h; path = ofxUIWidgets.h; sourceTree = "<group>"; };
		9EC7180519D765ED00EAFB02 /* ofxUIWidgetWithLabel.cpp */ = {isa = PBXFileReference; fileEncoding = 4; lastKnownFileType = sourcecode.cpp.cpp; path = ofxUIWidgetWithLabel.cpp; sourceTree = "<group>"; };
		9EC7180619D765ED00EAFB02 /* ofxUIWidgetWithLabel.h */ = {isa = PBXFileReference; fileEncoding = 4; lastKnownFileType = sourcecode.c.h; path = ofxUIWidgetWithLabel.h; sourceTree = "<group>"; };
		9EC7180719D765ED00EAFB02 /* ofxUIWrapper.h */ = {isa = PBXFileReference; fileEncoding = 4; lastKnownFileType = sourcecode.c.h; path = ofxUIWrapper.h; sourceTree = "<group>"; };
		9EC7181F19D765ED00EAFB02 /* checked.h */ = {isa = PBXFileReference; fileEncoding = 4; lastKnownFileType = sourcecode.c.h; path = checked.h; sourceTree = "<group>"; };
		9EC7182019D765ED00EAFB02 /* core.h */ = {isa = PBXFileReference; fileEncoding = 4; lastKnownFileType = sourcecode.c.h; path = core.h; sourceTree = "<group>"; };
		9EC7182119D765ED00EAFB02 /* unchecked.h */ = {isa = PBXFileReference; fileEncoding = 4; lastKnownFileType = sourcecode.c.h; path = unchecked.h; sourceTree = "<group>"; };
		9EC7182219D765ED00EAFB02 /* utf8.h */ = {isa = PBXFileReference; fileEncoding = 4; lastKnownFileType = sourcecode.c.h; path = utf8.h; sourceTree = "<group>"; };
		9EC7182619D765ED00EAFB02 /* ReleaseNotes */ = {isa = PBXFileReference; fileEncoding = 4; lastKnownFileType = text; path = ReleaseNotes; sourceTree = "<group>"; };
		9EC7182719D765ED00EAFB02 /* utf8cpp.html */ = {isa = PBXFileReference; fileEncoding = 4; lastKnownFileType = text.html; path = utf8cpp.html; sourceTree = "<group>"; };
		9EC7182A19D765ED00EAFB02 /* checked.h */ = {isa = PBXFileReference; fileEncoding = 4; lastKnownFileType = sourcecode.c.h; path = checked.h; sourceTree = "<group>"; };
		9EC7182B19D765ED00EAFB02 /* core.h */ = {isa = PBXFileReference; fileEncoding = 4; lastKnownFileType = sourcecode.c.h; path = core.h; sourceTree = "<group>"; };
		9EC7182C19D765ED00EAFB02 /* unchecked.h */ = {isa = PBXFileReference; fileEncoding = 4; lastKnownFileType = sourcecode.c.h; path = unchecked.h; sourceTree = "<group>"; };
		9EC7182D19D765ED00EAFB02 /* utf8.h */ = {isa = PBXFileReference; fileEncoding = 4; lastKnownFileType = sourcecode.c.h; path = utf8.h; sourceTree = "<group>"; };
		9EC7183019D765ED00EAFB02 /* ofTextConverter.cpp */ = {isa = PBXFileReference; fileEncoding = 4; lastKnownFileType = sourcecode.cpp.cpp; path = ofTextConverter.cpp; sourceTree = "<group>"; };
		9EC7183119D765ED00EAFB02 /* ofTextConverter.h */ = {isa = PBXFileReference; fileEncoding = 4; lastKnownFileType = sourcecode.c.h; path = ofTextConverter.h; sourceTree = "<group>"; };
		9EC7183219D765ED00EAFB02 /* ofUnicode.cpp */ = {isa = PBXFileReference; fileEncoding = 4; lastKnownFileType = sourcecode.cpp.cpp; path = ofUnicode.cpp; sourceTree = "<group>"; };
		9EC7183319D765ED00EAFB02 /* ofUnicode.h */ = {isa = PBXFileReference; fileEncoding = 4; lastKnownFileType = sourcecode.c.h; path = ofUnicode.h; sourceTree = "<group>"; };
		9EC7183419D765ED00EAFB02 /* ofUTF8.cpp */ = {isa = PBXFileReference; fileEncoding = 4; lastKnownFileType = sourcecode.cpp.cpp; path = ofUTF8.cpp; sourceTree = "<group>"; };
		9EC7183519D765ED00EAFB02 /* ofUTF8.h */ = {isa = PBXFileReference; fileEncoding = 4; lastKnownFileType = sourcecode.c.h; path = ofUTF8.h; sourceTree = "<group>"; };
		9EC7183819D765ED00EAFB02 /* tinyxml.cpp */ = {isa = PBXFileReference; fileEncoding = 4; lastKnownFileType = sourcecode.cpp.cpp; path = tinyxml.cpp; sourceTree = "<group>"; };
		9EC7183919D765ED00EAFB02 /* tinyxml.h */ = {isa = PBXFileReference; fileEncoding = 4; lastKnownFileType = sourcecode.c.h; path = tinyxml.h; sourceTree = "<group>"; };
		9EC7183A19D765ED00EAFB02 /* tinyxmlerror.cpp */ = {isa = PBXFileReference; fileEncoding = 4; lastKnownFileType = sourcecode.cpp.cpp; path = tinyxmlerror.cpp; sourceTree = "<group>"; };
		9EC7183B19D765ED00EAFB02 /* tinyxmlparser.cpp */ = {isa = PBXFileReference; fileEncoding = 4; lastKnownFileType = sourcecode.cpp.cpp; path = tinyxmlparser.cpp; sourceTree = "<group>"; };
		9EC7183D19D765ED00EAFB02 /* ofxXmlSettings.cpp */ = {isa = PBXFileReference; fileEncoding = 4; lastKnownFileType = sourcecode.cpp.cpp; path = ofxXmlSettings.cpp; sourceTree = "<group>"; };
		9EC7183E19D765ED00EAFB02 /* ofxXmlSettings.h */ = {isa = PBXFileReference; fileEncoding = 4; lastKnownFileType = sourcecode.c.h; path = ofxXmlSettings.h; sourceTree = "<group>"; };
		9EC71A5019D7672F00EAFB02 /* Security.framework */ = {isa = PBXFileReference; lastKnownFileType = wrapper.framework; name = Security.framework; path = System/Library/Frameworks/Security.framework; sourceTree = SDKROOT; };
		9EC71A5119D7672F00EAFB02 /* libz.dylib */ = {isa = PBXFileReference; lastKnownFileType = "compiled.mach-o.dylib"; name = libz.dylib; path = usr/lib/libz.dylib; sourceTree = SDKROOT; };
		9EFE2B1A1A0CFBA10060D269 /* configThread.h */ = {isa = PBXFileReference; fileEncoding = 4; lastKnownFileType = sourcecode.c.h; name = configThread.h; path = ../../../../../player/src/configThread.h; sourceTree = "<group>"; };
		9EFE2B1B1A0CFBA10060D269 /* main.cpp */ = {isa = PBXFileReference; explicitFileType = sourcecode.cpp.objcpp; fileEncoding = 4; name = main.cpp; path = ../../../../../player/src/main.cpp; sourceTree = "<group>"; };
		9EFE2B1C1A0CFBA10060D269 /* ofApp.cpp */ = {isa = PBXFileReference; explicitFileType = sourcecode.cpp.objcpp; fileEncoding = 4; name = ofApp.cpp; path = ../../../../../player/src/ofApp.cpp; sourceTree = "<group>"; };
		9EFE2B1D1A0CFBA10060D269 /* ofApp.h */ = {isa = PBXFileReference; fileEncoding = 4; lastKnownFileType = sourcecode.c.h; name = ofApp.h; path = ../../../../../player/src/ofApp.h; sourceTree = "<group>"; };
		9EFE2B1E1A0CFBA10060D269 /* subtitleThread.h */ = {isa = PBXFileReference; fileEncoding = 4; lastKnownFileType = sourcecode.c.h; name = subtitleThread.h; path = ../../../../../player/src/subtitleThread.h; sourceTree = "<group>"; };
		9EFE2B1F1A0CFBA10060D269 /* syncThread.h */ = {isa = PBXFileReference; fileEncoding = 4; lastKnownFileType = sourcecode.c.h; name = syncThread.h; path = ../../../../../player/src/syncThread.h; sourceTree = "<group>"; };
		9EFE2B201A0CFBA10060D269 /* threadedLoader.h */ = {isa = PBXFileReference; fileEncoding = 4; lastKnownFileType = sourcecode.c.h; name = threadedLoader.h; path = ../../../../../player/src/threadedLoader.h; sourceTree = "<group>"; };
		9EFE2B211A0CFBA10060D269 /* threadedSoundplayer.h */ = {isa = PBXFileReference; fileEncoding = 4; lastKnownFileType = sourcecode.c.h; name = threadedSoundplayer.h; path = ../../../../../player/src/threadedSoundplayer.h; sourceTree = "<group>"; };
		9EFE2B241A0CFBF60060D269 /* Default-568h@2x~iphone.png */ = {isa = PBXFileReference; lastKnownFileType = image.png; name = "Default-568h@2x~iphone.png"; path = "bin/Default-568h@2x~iphone.png"; sourceTree = "<group>"; };
		9EFE2B251A0CFBF60060D269 /* Default.png */ = {isa = PBXFileReference; lastKnownFileType = image.png; name = Default.png; path = bin/Default.png; sourceTree = "<group>"; };
		9EFE2B261A0CFBF60060D269 /* Default@2x.png */ = {isa = PBXFileReference; lastKnownFileType = image.png; name = "Default@2x.png"; path = "bin/Default@2x.png"; sourceTree = "<group>"; };
		9EFE2B271A0CFBF60060D269 /* Default@2x~ipad.png */ = {isa = PBXFileReference; lastKnownFileType = image.png; name = "Default@2x~ipad.png"; path = "bin/Default@2x~ipad.png"; sourceTree = "<group>"; };
		9EFE2B281A0CFBF70060D269 /* Default@2x~iphone.png */ = {isa = PBXFileReference; lastKnownFileType = image.png; name = "Default@2x~iphone.png"; path = "bin/Default@2x~iphone.png"; sourceTree = "<group>"; };
		9EFE2B291A0CFBF70060D269 /* Default~ipad.png */ = {isa = PBXFileReference; lastKnownFileType = image.png; name = "Default~ipad.png"; path = "bin/Default~ipad.png"; sourceTree = "<group>"; };
		9EFE2B2A1A0CFBF70060D269 /* Default~iphone.png */ = {isa = PBXFileReference; lastKnownFileType = image.png; name = "Default~iphone.png"; path = "bin/Default~iphone.png"; sourceTree = "<group>"; };
		9EFE2B2B1A0CFBF70060D269 /* Icon-72.png */ = {isa = PBXFileReference; lastKnownFileType = image.png; name = "Icon-72.png"; path = "bin/Icon-72.png"; sourceTree = "<group>"; };
		9EFE2B2C1A0CFBF70060D269 /* Icon-72@2x.png */ = {isa = PBXFileReference; lastKnownFileType = image.png; name = "Icon-72@2x.png"; path = "bin/Icon-72@2x.png"; sourceTree = "<group>"; };
		9EFE2B2D1A0CFBF70060D269 /* Icon.png */ = {isa = PBXFileReference; lastKnownFileType = image.png; name = Icon.png; path = bin/Icon.png; sourceTree = "<group>"; };
		9EFE2B2E1A0CFBF70060D269 /* Icon@2x.png */ = {isa = PBXFileReference; lastKnownFileType = image.png; name = "Icon@2x.png"; path = "bin/Icon@2x.png"; sourceTree = "<group>"; };
		BB16EBD10F2B2A9500518274 /* OpenGLES.framework */ = {isa = PBXFileReference; lastKnownFileType = wrapper.framework; name = OpenGLES.framework; path = System/Library/Frameworks/OpenGLES.framework; sourceTree = SDKROOT; };
		BB16EBD80F2B2AB500518274 /* QuartzCore.framework */ = {isa = PBXFileReference; lastKnownFileType = wrapper.framework; name = QuartzCore.framework; path = System/Library/Frameworks/QuartzCore.framework; sourceTree = SDKROOT; };
		BB24DDC910DA781C00E9C588 /* ofxiOS-Info.plist */ = {isa = PBXFileReference; fileEncoding = 4; lastKnownFileType = text.plist.xml; path = "ofxiOS-Info.plist"; sourceTree = "<group>"; };
		BBE5EAB70F49AD8400F28951 /* AudioToolbox.framework */ = {isa = PBXFileReference; lastKnownFileType = wrapper.framework; name = AudioToolbox.framework; path = System/Library/Frameworks/AudioToolbox.framework; sourceTree = SDKROOT; };
		E41D3ED613B38FB500A75A5D /* Project.xcconfig */ = {isa = PBXFileReference; fileEncoding = 4; lastKnownFileType = text.xcconfig; path = Project.xcconfig; sourceTree = "<group>"; };
		E41D3EE513B3906D00A75A5D /* CoreOF.xcconfig */ = {isa = PBXFileReference; fileEncoding = 4; lastKnownFileType = text.xcconfig; name = CoreOF.xcconfig; path = ../../../libs/openFrameworksCompiled/project/ios/CoreOF.xcconfig; sourceTree = SOURCE_ROOT; };
		E41D400613B39D2100A75A5D /* AVFoundation.framework */ = {isa = PBXFileReference; lastKnownFileType = wrapper.framework; name = AVFoundation.framework; path = System/Library/Frameworks/AVFoundation.framework; sourceTree = SDKROOT; };
		E41D400713B39D2100A75A5D /* CoreMedia.framework */ = {isa = PBXFileReference; lastKnownFileType = wrapper.framework; name = CoreMedia.framework; path = System/Library/Frameworks/CoreMedia.framework; sourceTree = SDKROOT; };
		E41D400813B39D2100A75A5D /* CoreVideo.framework */ = {isa = PBXFileReference; lastKnownFileType = wrapper.framework; name = CoreVideo.framework; path = System/Library/Frameworks/CoreVideo.framework; sourceTree = SDKROOT; };
		E41D400913B39D2100A75A5D /* MapKit.framework */ = {isa = PBXFileReference; lastKnownFileType = wrapper.framework; name = MapKit.framework; path = System/Library/Frameworks/MapKit.framework; sourceTree = SDKROOT; };
		E41D40FD13B3A0D800A75A5D /* iOS+OFLib.xcodeproj */ = {isa = PBXFileReference; lastKnownFileType = "wrapper.pb-project"; name = "iOS+OFLib.xcodeproj"; path = "../../../libs/openFrameworksCompiled/project/ios/iOS+OFLib.xcodeproj"; sourceTree = SOURCE_ROOT; };
		E4A823A312561BE3002F86A2 /* CoreGraphics.framework */ = {isa = PBXFileReference; lastKnownFileType = wrapper.framework; name = CoreGraphics.framework; path = System/Library/Frameworks/CoreGraphics.framework; sourceTree = SDKROOT; };
/* End PBXFileReference section */

/* Begin PBXFrameworksBuildPhase section */
		1D60588F0D05DD3D006BFB54 /* Frameworks */ = {
			isa = PBXFrameworksBuildPhase;
			buildActionMask = 2147483647;
			files = (
				E41D421413B3A95300A75A5D /* libofxiOS_iphoneos_Debug.a in Frameworks */,
				1D60589F0D05DD5A006BFB54 /* Foundation.framework in Frameworks */,
				1DF5F4E00D08C38300B7A737 /* UIKit.framework in Frameworks */,
				9EC71A5319D7672F00EAFB02 /* libz.dylib in Frameworks */,
				288765FD0DF74451002DB57D /* CoreGraphics.framework in Frameworks */,
				BB16EBD20F2B2A9500518274 /* OpenGLES.framework in Frameworks */,
				9EC7152C19D765A700EAFB02 /* libcurl.a in Frameworks */,
				9EC71A5219D7672F00EAFB02 /* Security.framework in Frameworks */,
				BB16EBD90F2B2AB500518274 /* QuartzCore.framework in Frameworks */,
				BBE5EAB80F49AD8400F28951 /* AudioToolbox.framework in Frameworks */,
				53F323EB10A20EDB00E0DAE4 /* OpenAL.framework in Frameworks */,
				5326AEA810A23A0500278DE6 /* CoreLocation.framework in Frameworks */,
				E4A823A412561BE3002F86A2 /* CoreGraphics.framework in Frameworks */,
				E41D400B13B39D2100A75A5D /* AVFoundation.framework in Frameworks */,
				E41D400C13B39D2100A75A5D /* CoreMedia.framework in Frameworks */,
				E41D400D13B39D2100A75A5D /* CoreVideo.framework in Frameworks */,
				E41D400E13B39D2100A75A5D /* MapKit.framework in Frameworks */,
			);
			runOnlyForDeploymentPostprocessing = 0;
		};
/* End PBXFrameworksBuildPhase section */

/* Begin PBXGroup section */
		19C28FACFE9D520D11CA2CBB /* Products */ = {
			isa = PBXGroup;
			children = (
				1D6058910D05DD3D006BFB54 /* ACP.app */,
			);
			name = Products;
			sourceTree = "<group>";
		};
		29B97314FDCFA39411CA2CEA /* CustomTemplate */ = {
			isa = PBXGroup;
			children = (
				9EFE2B241A0CFBF60060D269 /* Default-568h@2x~iphone.png */,
				9EFE2B251A0CFBF60060D269 /* Default.png */,
				9EFE2B261A0CFBF60060D269 /* Default@2x.png */,
				9EFE2B271A0CFBF60060D269 /* Default@2x~ipad.png */,
				9EFE2B281A0CFBF70060D269 /* Default@2x~iphone.png */,
				9EFE2B291A0CFBF70060D269 /* Default~ipad.png */,
				9EFE2B2A1A0CFBF70060D269 /* Default~iphone.png */,
				9EFE2B2B1A0CFBF70060D269 /* Icon-72.png */,
				9EFE2B2C1A0CFBF70060D269 /* Icon-72@2x.png */,
				9EFE2B2D1A0CFBF70060D269 /* Icon.png */,
				9EFE2B2E1A0CFBF70060D269 /* Icon@2x.png */,
				9E4FB17F19D94CBF00EAB246 /* src */,
				BB24E1F710DAA51900E9C588 /* openFrameworks */,
				BB16F26B0F2B646B00518274 /* addons */,
				BB16E9930F2B1E5900518274 /* libs */,
				19C28FACFE9D520D11CA2CBB /* Products */,
			);
			name = CustomTemplate;
			sourceTree = "<group>";
		};
		29B97323FDCFA39411CA2CEA /* core frameworks */ = {
			isa = PBXGroup;
			children = (
				9EC71A5019D7672F00EAFB02 /* Security.framework */,
				9EC71A5119D7672F00EAFB02 /* libz.dylib */,
				E41D400613B39D2100A75A5D /* AVFoundation.framework */,
				E41D400713B39D2100A75A5D /* CoreMedia.framework */,
				E41D400813B39D2100A75A5D /* CoreVideo.framework */,
				E41D400913B39D2100A75A5D /* MapKit.framework */,
				53F323EA10A20EDB00E0DAE4 /* OpenAL.framework */,
				E4A823A312561BE3002F86A2 /* CoreGraphics.framework */,
				BBE5EAB70F49AD8400F28951 /* AudioToolbox.framework */,
				BB16EBD80F2B2AB500518274 /* QuartzCore.framework */,
				BB16EBD10F2B2A9500518274 /* OpenGLES.framework */,
				1DF5F4DF0D08C38300B7A737 /* UIKit.framework */,
				1D30AB110D05D00D00671497 /* Foundation.framework */,
				288765FC0DF74451002DB57D /* CoreGraphics.framework */,
				5326AEA710A23A0500278DE6 /* CoreLocation.framework */,
			);
			name = "core frameworks";
			sourceTree = "<group>";
		};
		9E4FB17F19D94CBF00EAB246 /* src */ = {
			isa = PBXGroup;
			children = (
				9EFE2B1A1A0CFBA10060D269 /* configThread.h */,
				9EFE2B1B1A0CFBA10060D269 /* main.cpp */,
				9EFE2B1C1A0CFBA10060D269 /* ofApp.cpp */,
				9EFE2B1D1A0CFBA10060D269 /* ofApp.h */,
				9EFE2B1E1A0CFBA10060D269 /* subtitleThread.h */,
				9EFE2B1F1A0CFBA10060D269 /* syncThread.h */,
				9EFE2B201A0CFBA10060D269 /* threadedLoader.h */,
				9EFE2B211A0CFBA10060D269 /* threadedSoundplayer.h */,
			);
			path = src;
			sourceTree = "<group>";
		};
		9EC7152D19D765EA00EAFB02 /* ofxFontStash */ = {
			isa = PBXGroup;
			children = (
				9EC7153E19D765EA00EAFB02 /* libs */,
				9EC7154719D765EA00EAFB02 /* src */,
			);
			name = ofxFontStash;
			path = ../../../addons/ofxFontStash;
			sourceTree = "<group>";
		};
		9EC7153E19D765EA00EAFB02 /* libs */ = {
			isa = PBXGroup;
			children = (
				9EC7153F19D765EA00EAFB02 /* fontstash */,
			);
			path = libs;
			sourceTree = "<group>";
		};
		9EC7153F19D765EA00EAFB02 /* fontstash */ = {
			isa = PBXGroup;
			children = (
				9EC7154019D765EA00EAFB02 /* src */,
			);
			path = fontstash;
			sourceTree = "<group>";
		};
		9EC7154019D765EA00EAFB02 /* src */ = {
			isa = PBXGroup;
			children = (
				9EC7154119D765EA00EAFB02 /* fontstash.c */,
				9EC7154219D765EA00EAFB02 /* fontstash.h */,
				9EC7154319D765EA00EAFB02 /* stb_truetype.c */,
				9EC7154419D765EA00EAFB02 /* stb_truetype.h */,
			);
			path = src;
			sourceTree = "<group>";
		};
		9EC7154719D765EA00EAFB02 /* src */ = {
			isa = PBXGroup;
			children = (
				9EC7154819D765EA00EAFB02 /* ofxFontStash.cpp */,
				9EC7154919D765EA00EAFB02 /* ofxFontStash.h */,
			);
			path = src;
			sourceTree = "<group>";
		};
		9EC7154A19D765EA00EAFB02 /* ofxGaplessVideoPlayer */ = {
			isa = PBXGroup;
			children = (
				9EC7154C19D765EA00EAFB02 /* src */,
			);
			name = ofxGaplessVideoPlayer;
			path = ../../../addons/ofxGaplessVideoPlayer;
			sourceTree = "<group>";
		};
		9EC7154C19D765EA00EAFB02 /* src */ = {
			isa = PBXGroup;
			children = (
				9EC7154D19D765EA00EAFB02 /* ofxGaplessVideoplayer.cpp */,
				9EC7154E19D765EA00EAFB02 /* ofxGaplessVideoplayer.h */,
			);
			path = src;
			sourceTree = "<group>";
		};
		9EC7154F19D765EA00EAFB02 /* ofxJSON */ = {
			isa = PBXGroup;
			children = (
				9EC7158E19D765EA00EAFB02 /* libs */,
				9EC7159719D765EA00EAFB02 /* src */,
			);
			name = ofxJSON;
			path = ../../../addons/ofxJSON;
			sourceTree = "<group>";
		};
		9EC7158E19D765EA00EAFB02 /* libs */ = {
			isa = PBXGroup;
			children = (
				9EC7158F19D765EA00EAFB02 /* jsoncpp */,
			);
			path = libs;
			sourceTree = "<group>";
		};
		9EC7158F19D765EA00EAFB02 /* jsoncpp */ = {
			isa = PBXGroup;
			children = (
				9EC7159019D765EA00EAFB02 /* include */,
				9EC7159419D765EA00EAFB02 /* src */,
			);
			path = jsoncpp;
			sourceTree = "<group>";
		};
		9EC7159019D765EA00EAFB02 /* include */ = {
			isa = PBXGroup;
			children = (
				9EC7159119D765EA00EAFB02 /* json */,
			);
			path = include;
			sourceTree = "<group>";
		};
		9EC7159119D765EA00EAFB02 /* json */ = {
			isa = PBXGroup;
			children = (
				9EC7159219D765EA00EAFB02 /* json-forwards.h */,
				9EC7159319D765EA00EAFB02 /* json.h */,
			);
			path = json;
			sourceTree = "<group>";
		};
		9EC7159419D765EA00EAFB02 /* src */ = {
			isa = PBXGroup;
			children = (
				9EC7159519D765EA00EAFB02 /* jsoncpp.cpp */,
			);
			path = src;
			sourceTree = "<group>";
		};
		9EC7159719D765EA00EAFB02 /* src */ = {
			isa = PBXGroup;
			children = (
				9EC7159819D765EA00EAFB02 /* ofxJSON.h */,
				9EC7159919D765EA00EAFB02 /* ofxJSONElement.cpp */,
				9EC7159A19D765EA00EAFB02 /* ofxJSONElement.h */,
			);
			path = src;
			sourceTree = "<group>";
		};
		9EC7159B19D765EA00EAFB02 /* ofxNetwork */ = {
			isa = PBXGroup;
			children = (
				9EC7159E19D765EA00EAFB02 /* src */,
			);
			name = ofxNetwork;
			path = ../../../addons/ofxNetwork;
			sourceTree = "<group>";
		};
		9EC7159E19D765EA00EAFB02 /* src */ = {
			isa = PBXGroup;
			children = (
				9EC7159F19D765EA00EAFB02 /* ofxNetwork.h */,
				9EC715A019D765EA00EAFB02 /* ofxNetworkUtils.h */,
				9EC715A119D765EA00EAFB02 /* ofxTCPClient.cpp */,
				9EC715A219D765EA00EAFB02 /* ofxTCPClient.h */,
				9EC715A319D765EA00EAFB02 /* ofxTCPManager.cpp */,
				9EC715A419D765EA00EAFB02 /* ofxTCPManager.h */,
				9EC715A519D765EA00EAFB02 /* ofxTCPServer.cpp */,
				9EC715A619D765EA00EAFB02 /* ofxTCPServer.h */,
				9EC715A719D765EA00EAFB02 /* ofxUDPManager.cpp */,
				9EC715A819D765EA00EAFB02 /* ofxUDPManager.h */,
			);
			path = src;
			sourceTree = "<group>";
		};
		9EC715A919D765EA00EAFB02 /* ofxUI */ = {
			isa = PBXGroup;
			children = (
				9EC717A919D765ED00EAFB02 /* src */,
			);
			name = ofxUI;
			path = ../../../addons/ofxUI;
			sourceTree = "<group>";
		};
		9EC717A919D765ED00EAFB02 /* src */ = {
			isa = PBXGroup;
			children = (
				9EC717AA19D765ED00EAFB02 /* ofxUI.h */,
				9EC717AB19D765ED00EAFB02 /* ofxUI2DGraph.cpp */,
				9EC717AC19D765ED00EAFB02 /* ofxUI2DGraph.h */,
				9EC717AD19D765ED00EAFB02 /* ofxUI2DPad.cpp */,
				9EC717AE19D765ED00EAFB02 /* ofxUI2DPad.h */,
				9EC717AF19D765ED00EAFB02 /* ofxUIBaseDraws.cpp */,
				9EC717B019D765ED00EAFB02 /* ofxUIBaseDraws.h */,
				9EC717B119D765ED00EAFB02 /* ofxUIBiLabelSlider.cpp */,
				9EC717B219D765ED00EAFB02 /* ofxUIBiLabelSlider.h */,
				9EC717B319D765ED00EAFB02 /* ofxUIButton.cpp */,
				9EC717B419D765ED00EAFB02 /* ofxUIButton.h */,
				9EC717B519D765ED00EAFB02 /* ofxUICanvas.cpp */,
				9EC717B619D765ED00EAFB02 /* ofxUICanvas.h */,
				9EC717B719D765ED00EAFB02 /* ofxUICircleSlider.cpp */,
				9EC717B819D765ED00EAFB02 /* ofxUICircleSlider.h */,
				9EC717B919D765ED00EAFB02 /* ofxUIDefines.h */,
				9EC717BA19D765ED00EAFB02 /* ofxUIDragableLabelButton.cpp */,
				9EC717BB19D765ED00EAFB02 /* ofxUIDragableLabelButton.h */,
				9EC717BC19D765ED00EAFB02 /* ofxUIDropDownList.cpp */,
				9EC717BD19D765ED00EAFB02 /* ofxUIDropDownList.h */,
				9EC717BE19D765ED00EAFB02 /* ofxUIEventArgs.cpp */,
				9EC717BF19D765ED00EAFB02 /* ofxUIEventArgs.h */,
				9EC717C019D765ED00EAFB02 /* ofxUIFPS.cpp */,
				9EC717C119D765ED00EAFB02 /* ofxUIFPS.h */,
				9EC717C219D765ED00EAFB02 /* ofxUIFPSSlider.cpp */,
				9EC717C319D765ED00EAFB02 /* ofxUIFPSSlider.h */,
				9EC717C419D765ED00EAFB02 /* ofxUIImage.cpp */,
				9EC717C519D765ED00EAFB02 /* ofxUIImage.h */,
				9EC717C619D765ED00EAFB02 /* ofxUIImageButton.cpp */,
				9EC717C719D765ED00EAFB02 /* ofxUIImageButton.h */,
				9EC717C819D765ED00EAFB02 /* ofxUIImageSampler.cpp */,
				9EC717C919D765ED00EAFB02 /* ofxUIImageSampler.h */,
				9EC717CA19D765ED00EAFB02 /* ofxUIImageSlider.cpp */,
				9EC717CB19D765ED00EAFB02 /* ofxUIImageSlider.h */,
				9EC717CC19D765ED00EAFB02 /* ofxUIImageToggle.cpp */,
				9EC717CD19D765ED00EAFB02 /* ofxUIImageToggle.h */,
				9EC717CE19D765ED00EAFB02 /* ofxUILabel.cpp */,
				9EC717CF19D765ED00EAFB02 /* ofxUILabel.h */,
				9EC717D019D765ED00EAFB02 /* ofxUILabelButton.cpp */,
				9EC717D119D765ED00EAFB02 /* ofxUILabelButton.h */,
				9EC717D219D765ED00EAFB02 /* ofxUILabelToggle.cpp */,
				9EC717D319D765ED00EAFB02 /* ofxUILabelToggle.h */,
				9EC717D419D765ED00EAFB02 /* ofxUIMinimalSlider.cpp */,
				9EC717D519D765ED00EAFB02 /* ofxUIMinimalSlider.h */,
				9EC717D619D765ED00EAFB02 /* ofxUIMovingGraph.cpp */,
				9EC717D719D765ED00EAFB02 /* ofxUIMovingGraph.h */,
				9EC717D819D765ED00EAFB02 /* ofxUIMultiImageButton.cpp */,
				9EC717D919D765ED00EAFB02 /* ofxUIMultiImageButton.h */,
				9EC717DA19D765ED00EAFB02 /* ofxUIMultiImageToggle.cpp */,
				9EC717DB19D765ED00EAFB02 /* ofxUIMultiImageToggle.h */,
				9EC717DC19D765ED00EAFB02 /* ofxUINumberDialer.cpp */,
				9EC717DD19D765ED00EAFB02 /* ofxUINumberDialer.h */,
				9EC717DE19D765ED00EAFB02 /* ofxUIOFWrapper.h */,
				9EC717DF19D765ED00EAFB02 /* ofxUIRadio.cpp */,
				9EC717E019D765ED00EAFB02 /* ofxUIRadio.h */,
				9EC717E119D765ED00EAFB02 /* ofxUIRangeSlider.cpp */,
				9EC717E219D765ED00EAFB02 /* ofxUIRangeSlider.h */,
				9EC717E319D765ED00EAFB02 /* ofxUIRectangle.cpp */,
				9EC717E419D765ED00EAFB02 /* ofxUIRectangle.h */,
				9EC717E519D765ED00EAFB02 /* ofxUIRotarySlider.cpp */,
				9EC717E619D765ED00EAFB02 /* ofxUIRotarySlider.h */,
				9EC717E719D765ED00EAFB02 /* ofxUIScrollableCanvas.cpp */,
				9EC717E819D765ED00EAFB02 /* ofxUIScrollableCanvas.h */,
				9EC717E919D765ED00EAFB02 /* ofxUISlider.cpp */,
				9EC717EA19D765ED00EAFB02 /* ofxUISlider.h */,
				9EC717EB19D765ED00EAFB02 /* ofxUISortableList.cpp */,
				9EC717EC19D765ED00EAFB02 /* ofxUISortableList.h */,
				9EC717ED19D765ED00EAFB02 /* ofxUISpacer.cpp */,
				9EC717EE19D765ED00EAFB02 /* ofxUISpacer.h */,
				9EC717EF19D765ED00EAFB02 /* ofxUISpectrum.cpp */,
				9EC717F019D765ED00EAFB02 /* ofxUISpectrum.h */,
				9EC717F119D765ED00EAFB02 /* ofxUISuperCanvas.cpp */,
				9EC717F219D765ED00EAFB02 /* ofxUISuperCanvas.h */,
				9EC717F319D765ED00EAFB02 /* ofxUITabBar.cpp */,
				9EC717F419D765ED00EAFB02 /* ofxUITabBar.h */,
				9EC717F519D765ED00EAFB02 /* ofxUITextArea.cpp */,
				9EC717F619D765ED00EAFB02 /* ofxUITextArea.h */,
				9EC717F719D765ED00EAFB02 /* ofxUITextInput.cpp */,
				9EC717F819D765ED00EAFB02 /* ofxUITextInput.h */,
				9EC717F919D765ED00EAFB02 /* ofxUIToggle.cpp */,
				9EC717FA19D765ED00EAFB02 /* ofxUIToggle.h */,
				9EC717FB19D765ED00EAFB02 /* ofxUIToggleMatrix.cpp */,
				9EC717FC19D765ED00EAFB02 /* ofxUIToggleMatrix.h */,
				9EC717FD19D765ED00EAFB02 /* ofxUIUtils.h */,
				9EC717FE19D765ED00EAFB02 /* ofxUIValuePlotter.cpp */,
				9EC717FF19D765ED00EAFB02 /* ofxUIValuePlotter.h */,
				9EC7180019D765ED00EAFB02 /* ofxUIWaveform.cpp */,
				9EC7180119D765ED00EAFB02 /* ofxUIWaveform.h */,
				9EC7180219D765ED00EAFB02 /* ofxUIWidget.cpp */,
				9EC7180319D765ED00EAFB02 /* ofxUIWidget.h */,
				9EC7180419D765ED00EAFB02 /* ofxUIWidgets.h */,
				9EC7180519D765ED00EAFB02 /* ofxUIWidgetWithLabel.cpp */,
				9EC7180619D765ED00EAFB02 /* ofxUIWidgetWithLabel.h */,
				9EC7180719D765ED00EAFB02 /* ofxUIWrapper.h */,
			);
			path = src;
			sourceTree = "<group>";
		};
		9EC7180819D765ED00EAFB02 /* ofxUnicode */ = {
			isa = PBXGroup;
			children = (
				9EC7181B19D765ED00EAFB02 /* libs */,
				9EC7182F19D765ED00EAFB02 /* src */,
			);
			name = ofxUnicode;
			path = ../../../addons/ofxUnicode;
			sourceTree = "<group>";
		};
		9EC7181B19D765ED00EAFB02 /* libs */ = {
			isa = PBXGroup;
			children = (
				9EC7181C19D765ED00EAFB02 /* utf8cpp */,
			);
			path = libs;
			sourceTree = "<group>";
		};
		9EC7181C19D765ED00EAFB02 /* utf8cpp */ = {
			isa = PBXGroup;
			children = (
				9EC7181D19D765ED00EAFB02 /* include */,
				9EC7182319D765ED00EAFB02 /* src */,
			);
			path = utf8cpp;
			sourceTree = "<group>";
		};
		9EC7181D19D765ED00EAFB02 /* include */ = {
			isa = PBXGroup;
			children = (
				9EC7181E19D765ED00EAFB02 /* utf8 */,
				9EC7182219D765ED00EAFB02 /* utf8.h */,
			);
			path = include;
			sourceTree = "<group>";
		};
		9EC7181E19D765ED00EAFB02 /* utf8 */ = {
			isa = PBXGroup;
			children = (
				9EC7181F19D765ED00EAFB02 /* checked.h */,
				9EC7182019D765ED00EAFB02 /* core.h */,
				9EC7182119D765ED00EAFB02 /* unchecked.h */,
			);
			path = utf8;
			sourceTree = "<group>";
		};
		9EC7182319D765ED00EAFB02 /* src */ = {
			isa = PBXGroup;
			children = (
				9EC7182419D765ED00EAFB02 /* utf8_v2_3_1 */,
			);
			path = src;
			sourceTree = "<group>";
		};
		9EC7182419D765ED00EAFB02 /* utf8_v2_3_1 */ = {
			isa = PBXGroup;
			children = (
				9EC7182519D765ED00EAFB02 /* doc */,
				9EC7182819D765ED00EAFB02 /* source */,
			);
			path = utf8_v2_3_1;
			sourceTree = "<group>";
		};
		9EC7182519D765ED00EAFB02 /* doc */ = {
			isa = PBXGroup;
			children = (
				9EC7182619D765ED00EAFB02 /* ReleaseNotes */,
				9EC7182719D765ED00EAFB02 /* utf8cpp.html */,
			);
			path = doc;
			sourceTree = "<group>";
		};
		9EC7182819D765ED00EAFB02 /* source */ = {
			isa = PBXGroup;
			children = (
				9EC7182919D765ED00EAFB02 /* utf8 */,
				9EC7182D19D765ED00EAFB02 /* utf8.h */,
			);
			path = source;
			sourceTree = "<group>";
		};
		9EC7182919D765ED00EAFB02 /* utf8 */ = {
			isa = PBXGroup;
			children = (
				9EC7182A19D765ED00EAFB02 /* checked.h */,
				9EC7182B19D765ED00EAFB02 /* core.h */,
				9EC7182C19D765ED00EAFB02 /* unchecked.h */,
			);
			path = utf8;
			sourceTree = "<group>";
		};
		9EC7182F19D765ED00EAFB02 /* src */ = {
			isa = PBXGroup;
			children = (
				9EC7183019D765ED00EAFB02 /* ofTextConverter.cpp */,
				9EC7183119D765ED00EAFB02 /* ofTextConverter.h */,
				9EC7183219D765ED00EAFB02 /* ofUnicode.cpp */,
				9EC7183319D765ED00EAFB02 /* ofUnicode.h */,
				9EC7183419D765ED00EAFB02 /* ofUTF8.cpp */,
				9EC7183519D765ED00EAFB02 /* ofUTF8.h */,
			);
			path = src;
			sourceTree = "<group>";
		};
		9EC7183619D765ED00EAFB02 /* ofxXmlSettings */ = {
			isa = PBXGroup;
			children = (
				9EC7183719D765ED00EAFB02 /* libs */,
				9EC7183C19D765ED00EAFB02 /* src */,
			);
			name = ofxXmlSettings;
			path = ../../../addons/ofxXmlSettings;
			sourceTree = "<group>";
		};
		9EC7183719D765ED00EAFB02 /* libs */ = {
			isa = PBXGroup;
			children = (
				9EC7183819D765ED00EAFB02 /* tinyxml.cpp */,
				9EC7183919D765ED00EAFB02 /* tinyxml.h */,
				9EC7183A19D765ED00EAFB02 /* tinyxmlerror.cpp */,
				9EC7183B19D765ED00EAFB02 /* tinyxmlparser.cpp */,
			);
			path = libs;
			sourceTree = "<group>";
		};
		9EC7183C19D765ED00EAFB02 /* src */ = {
			isa = PBXGroup;
			children = (
				9EC7183D19D765ED00EAFB02 /* ofxXmlSettings.cpp */,
				9EC7183E19D765ED00EAFB02 /* ofxXmlSettings.h */,
			);
			path = src;
			sourceTree = "<group>";
		};
		BB16E9930F2B1E5900518274 /* libs */ = {
			isa = PBXGroup;
			children = (
				9EC7152B19D765A700EAFB02 /* libcurl.a */,
				BBE5E94E0F497BD800F28951 /* core */,
			);
			name = libs;
			sourceTree = "<group>";
		};
		BB16F26B0F2B646B00518274 /* addons */ = {
			isa = PBXGroup;
			children = (
				9EC7152D19D765EA00EAFB02 /* ofxFontStash */,
				9EC7154A19D765EA00EAFB02 /* ofxGaplessVideoPlayer */,
				9EC7154F19D765EA00EAFB02 /* ofxJSON */,
				9EC7159B19D765EA00EAFB02 /* ofxNetwork */,
				9EC715A919D765EA00EAFB02 /* ofxUI */,
				9EC7180819D765ED00EAFB02 /* ofxUnicode */,
				9EC7183619D765ED00EAFB02 /* ofxXmlSettings */,
			);
			name = addons;
			sourceTree = "<group>";
		};
		BB24E1F710DAA51900E9C588 /* openFrameworks */ = {
			isa = PBXGroup;
			children = (
				E41D40FD13B3A0D800A75A5D /* iOS+OFLib.xcodeproj */,
				32CA4F630368D1EE00C91783 /* ofxiOS_Prefix.pch */,
				BB24DDC910DA781C00E9C588 /* ofxiOS-Info.plist */,
				E41D3EE513B3906D00A75A5D /* CoreOF.xcconfig */,
				E41D3ED613B38FB500A75A5D /* Project.xcconfig */,
			);
			name = openFrameworks;
			sourceTree = "<group>";
		};
		BBE5E94E0F497BD800F28951 /* core */ = {
			isa = PBXGroup;
			children = (
				29B97323FDCFA39411CA2CEA /* core frameworks */,
			);
			name = core;
			sourceTree = "<group>";
		};
		E41D40FE13B3A0D800A75A5D /* Products */ = {
			isa = PBXGroup;
			children = (
				E41D410213B3A0D800A75A5D /* libofxiOS_iphoneos_Debug.a */,
			);
			name = Products;
			sourceTree = "<group>";
		};
/* End PBXGroup section */

/* Begin PBXNativeTarget section */
		1D6058900D05DD3D006BFB54 /* ACP */ = {
			isa = PBXNativeTarget;
			buildConfigurationList = 1D6058960D05DD3E006BFB54 /* Build configuration list for PBXNativeTarget "ACP" */;
			buildPhases = (
				1D60588D0D05DD3D006BFB54 /* Resources */,
				1D60588E0D05DD3D006BFB54 /* Sources */,
				1D60588F0D05DD3D006BFB54 /* Frameworks */,
				9255DD331112741900D6945E /* ShellScript */,
			);
			buildRules = (
			);
			dependencies = (
				E41D410413B3A11300A75A5D /* PBXTargetDependency */,
			);
			name = ACP;
			productName = iPhone;
			productReference = 1D6058910D05DD3D006BFB54 /* ACP.app */;
			productType = "com.apple.product-type.application";
		};
/* End PBXNativeTarget section */

/* Begin PBXProject section */
		29B97313FDCFA39411CA2CEA /* Project object */ = {
			isa = PBXProject;
			attributes = {
				LastUpgradeCheck = 0460;
			};
			buildConfigurationList = C01FCF4E08A954540054247B /* Build configuration list for PBXProject "ACP_Iphone" */;
			compatibilityVersion = "Xcode 3.2";
			developmentRegion = English;
			hasScannedForEncodings = 1;
			knownRegions = (
				English,
				Japanese,
				French,
				German,
			);
			mainGroup = 29B97314FDCFA39411CA2CEA /* CustomTemplate */;
			projectDirPath = "";
			projectReferences = (
				{
					ProductGroup = E41D40FE13B3A0D800A75A5D /* Products */;
					ProjectRef = E41D40FD13B3A0D800A75A5D /* iOS+OFLib.xcodeproj */;
				},
			);
			projectRoot = "";
			targets = (
				1D6058900D05DD3D006BFB54 /* ACP */,
			);
		};
/* End PBXProject section */

/* Begin PBXReferenceProxy section */
		E41D410213B3A0D800A75A5D /* libofxiOS_iphoneos_Debug.a */ = {
			isa = PBXReferenceProxy;
			fileType = archive.ar;
			path = libofxiOS_iphoneos_Debug.a;
			remoteRef = E41D410113B3A0D800A75A5D /* PBXContainerItemProxy */;
			sourceTree = BUILT_PRODUCTS_DIR;
		};
/* End PBXReferenceProxy section */

/* Begin PBXResourcesBuildPhase section */
		1D60588D0D05DD3D006BFB54 /* Resources */ = {
			isa = PBXResourcesBuildPhase;
			buildActionMask = 2147483647;
			files = (
				9EFE2B331A0CFBF70060D269 /* Default@2x~iphone.png in Resources */,
				E41D3ED713B38FB500A75A5D /* Project.xcconfig in Resources */,
				9EFE2B351A0CFBF70060D269 /* Default~iphone.png in Resources */,
				9EFE2B321A0CFBF70060D269 /* Default@2x~ipad.png in Resources */,
				9EFE2B391A0CFBF70060D269 /* Icon@2x.png in Resources */,
				9EFE2B301A0CFBF70060D269 /* Default.png in Resources */,
				9EFE2B361A0CFBF70060D269 /* Icon-72.png in Resources */,
				9EFE2B2F1A0CFBF70060D269 /* Default-568h@2x~iphone.png in Resources */,
				9EC719FD19D765ED00EAFB02 /* utf8cpp.html in Resources */,
				9EFE2B341A0CFBF70060D269 /* Default~ipad.png in Resources */,
				E41D3EE613B3906D00A75A5D /* CoreOF.xcconfig in Resources */,
				9EFE2B311A0CFBF70060D269 /* Default@2x.png in Resources */,
				9EC719FC19D765ED00EAFB02 /* ReleaseNotes in Resources */,
				9EFE2B381A0CFBF70060D269 /* Icon.png in Resources */,
				9EFE2B371A0CFBF70060D269 /* Icon-72@2x.png in Resources */,
			);
			runOnlyForDeploymentPostprocessing = 0;
		};
/* End PBXResourcesBuildPhase section */

/* Begin PBXShellScriptBuildPhase section */
		9255DD331112741900D6945E /* ShellScript */ = {
			isa = PBXShellScriptBuildPhase;
			buildActionMask = 2147483647;
			files = (
			);
			inputPaths = (
			);
			outputPaths = (
			);
			runOnlyForDeploymentPostprocessing = 0;
			shellPath = /bin/sh;
			shellScript = "cp -rf bin/data/ \"$TARGET_BUILD_DIR/$PRODUCT_NAME.app\"\n";
		};
/* End PBXShellScriptBuildPhase section */

/* Begin PBXSourcesBuildPhase section */
		1D60588E0D05DD3D006BFB54 /* Sources */ = {
			isa = PBXSourcesBuildPhase;
			buildActionMask = 2147483647;
			files = (
				9EC719DC19D765ED00EAFB02 /* ofxUIMovingGraph.cpp in Sources */,
				9EC719DD19D765ED00EAFB02 /* ofxUIMultiImageButton.cpp in Sources */,
				9EC719E019D765ED00EAFB02 /* ofxUIRadio.cpp in Sources */,
				9EC719C919D765ED00EAFB02 /* ofxUIBaseDraws.cpp in Sources */,
				9EC7187119D765ED00EAFB02 /* ofxTCPManager.cpp in Sources */,
				9EC719D519D765ED00EAFB02 /* ofxUIImageSampler.cpp in Sources */,
				9EC719CB19D765ED00EAFB02 /* ofxUIButton.cpp in Sources */,
				9EFE2B231A0CFBA10060D269 /* ofApp.cpp in Sources */,
				9EC719DA19D765ED00EAFB02 /* ofxUILabelToggle.cpp in Sources */,
				9EC719D019D765ED00EAFB02 /* ofxUIEventArgs.cpp in Sources */,
				9EC719E319D765ED00EAFB02 /* ofxUIRotarySlider.cpp in Sources */,
				9EFE2B221A0CFBA10060D269 /* main.cpp in Sources */,
				9EC719E619D765ED00EAFB02 /* ofxUISortableList.cpp in Sources */,
				9EC71A0019D765ED00EAFB02 /* ofUnicode.cpp in Sources */,
				9EC719F119D765ED00EAFB02 /* ofxUIWidget.cpp in Sources */,
				9EC719C819D765ED00EAFB02 /* ofxUI2DPad.cpp in Sources */,
				9EC719D619D765ED00EAFB02 /* ofxUIImageSlider.cpp in Sources */,
				9EC719E119D765ED00EAFB02 /* ofxUIRangeSlider.cpp in Sources */,
				9EC7186C19D765ED00EAFB02 /* jsoncpp.cpp in Sources */,
				9EC719DE19D765ED00EAFB02 /* ofxUIMultiImageToggle.cpp in Sources */,
				9EC7184B19D765ED00EAFB02 /* ofxGaplessVideoplayer.cpp in Sources */,
				9EC71A0119D765ED00EAFB02 /* ofUTF8.cpp in Sources */,
				9EC71A0519D765ED00EAFB02 /* ofxXmlSettings.cpp in Sources */,
				9EC719E819D765ED00EAFB02 /* ofxUISpectrum.cpp in Sources */,
				9EC7184A19D765ED00EAFB02 /* ofxFontStash.cpp in Sources */,
				9EC719F219D765ED00EAFB02 /* ofxUIWidgetWithLabel.cpp in Sources */,
				9EC719EE19D765ED00EAFB02 /* ofxUIToggleMatrix.cpp in Sources */,
				9EC719D719D765ED00EAFB02 /* ofxUIImageToggle.cpp in Sources */,
				9EC71A0319D765ED00EAFB02 /* tinyxmlerror.cpp in Sources */,
				9EC719D319D765ED00EAFB02 /* ofxUIImage.cpp in Sources */,
				9EC7184619D765ED00EAFB02 /* fontstash.c in Sources */,
				9EC719D219D765ED00EAFB02 /* ofxUIFPSSlider.cpp in Sources */,
				9EC719CF19D765ED00EAFB02 /* ofxUIDropDownList.cpp in Sources */,
				9EC719E919D765ED00EAFB02 /* ofxUISuperCanvas.cpp in Sources */,
				9EC719F019D765ED00EAFB02 /* ofxUIWaveform.cpp in Sources */,
				9EC71A0219D765ED00EAFB02 /* tinyxml.cpp in Sources */,
				9EC719D919D765ED00EAFB02 /* ofxUILabelButton.cpp in Sources */,
				9EC7187219D765ED00EAFB02 /* ofxTCPServer.cpp in Sources */,
				9EC719D819D765ED00EAFB02 /* ofxUILabel.cpp in Sources */,
				9EC719CC19D765ED00EAFB02 /* ofxUICanvas.cpp in Sources */,
				9EC719FF19D765ED00EAFB02 /* ofTextConverter.cpp in Sources */,
				9EC719E719D765ED00EAFB02 /* ofxUISpacer.cpp in Sources */,
				9EC719DB19D765ED00EAFB02 /* ofxUIMinimalSlider.cpp in Sources */,
				9EC719D119D765ED00EAFB02 /* ofxUIFPS.cpp in Sources */,
				9EC719CA19D765ED00EAFB02 /* ofxUIBiLabelSlider.cpp in Sources */,
				9EC719EF19D765ED00EAFB02 /* ofxUIValuePlotter.cpp in Sources */,
				9EC71A0419D765ED00EAFB02 /* tinyxmlparser.cpp in Sources */,
				9EC719CE19D765ED00EAFB02 /* ofxUIDragableLabelButton.cpp in Sources */,
				9EC719CD19D765ED00EAFB02 /* ofxUICircleSlider.cpp in Sources */,
				9EC719ED19D765ED00EAFB02 /* ofxUIToggle.cpp in Sources */,
				9EC719EB19D765ED00EAFB02 /* ofxUITextArea.cpp in Sources */,
				9EC7187319D765ED00EAFB02 /* ofxUDPManager.cpp in Sources */,
				9EC719E519D765ED00EAFB02 /* ofxUISlider.cpp in Sources */,
				9EC719E219D765ED00EAFB02 /* ofxUIRectangle.cpp in Sources */,
				9EC7186E19D765ED00EAFB02 /* ofxJSONElement.cpp in Sources */,
				9EC719E419D765ED00EAFB02 /* ofxUIScrollableCanvas.cpp in Sources */,
				9EC719C719D765ED00EAFB02 /* ofxUI2DGraph.cpp in Sources */,
				9EC719D419D765ED00EAFB02 /* ofxUIImageButton.cpp in Sources */,
				9EC7184719D765ED00EAFB02 /* stb_truetype.c in Sources */,
				9EC719EC19D765ED00EAFB02 /* ofxUITextInput.cpp in Sources */,
				9EC7187019D765ED00EAFB02 /* ofxTCPClient.cpp in Sources */,
				9EC719DF19D765ED00EAFB02 /* ofxUINumberDialer.cpp in Sources */,
				9EC719EA19D765ED00EAFB02 /* ofxUITabBar.cpp in Sources */,
			);
			runOnlyForDeploymentPostprocessing = 0;
		};
/* End PBXSourcesBuildPhase section */

/* Begin PBXTargetDependency section */
		E41D410413B3A11300A75A5D /* PBXTargetDependency */ = {
			isa = PBXTargetDependency;
			name = "iPhone+OF Static Library";
			targetProxy = E41D410313B3A11300A75A5D /* PBXContainerItemProxy */;
		};
/* End PBXTargetDependency section */

/* Begin XCBuildConfiguration section */
		1D6058940D05DD3E006BFB54 /* Debug */ = {
			isa = XCBuildConfiguration;
			buildSettings = {
				ALWAYS_SEARCH_USER_PATHS = NO;
				GCC_PRECOMPILE_PREFIX_HEADER = YES;
				GCC_PREFIX_HEADER = ofxiOS_Prefix.pch;
				INFOPLIST_FILE = "ofxiOS-Info.plist";
				LIBRARY_SEARCH_PATHS = (
					"$(inherited)",
					"$(PROJECT_DIR)",
				);
				PRODUCT_NAME = "${TARGET_NAME}";
				VALID_ARCHS = "armv6 armv7";
			};
			name = Debug;
		};
		1D6058950D05DD3E006BFB54 /* Release */ = {
			isa = XCBuildConfiguration;
			buildSettings = {
				GCC_PRECOMPILE_PREFIX_HEADER = YES;
				GCC_PREFIX_HEADER = ofxiOS_Prefix.pch;
				INFOPLIST_FILE = "ofxiOS-Info.plist";
				LIBRARY_SEARCH_PATHS = (
					"$(inherited)",
					"$(PROJECT_DIR)",
				);
				PRODUCT_NAME = "${TARGET_NAME}";
				VALID_ARCHS = "armv6 armv7";
			};
			name = Release;
		};
		C01FCF4F08A954540054247B /* Debug */ = {
			isa = XCBuildConfiguration;
			baseConfigurationReference = E41D3ED613B38FB500A75A5D /* Project.xcconfig */;
			buildSettings = {
				ALWAYS_SEARCH_USER_PATHS = YES;
				ARCHS = "$(ARCHS_STANDARD_32_BIT)";
				CLANG_CXX_LIBRARY = "libstdc++";
				CODE_SIGN_IDENTITY = "";
				"CODE_SIGN_IDENTITY[sdk=iphoneos*]" = "iPhone Developer";
				COMPRESS_PNG_FILES = NO;
				GCC_C_LANGUAGE_STANDARD = c99;
				GCC_OPTIMIZATION_LEVEL = 0;
				GCC_SYMBOLS_PRIVATE_EXTERN = NO;
				GCC_WARN_ABOUT_INVALID_OFFSETOF_MACRO = NO;
				GCC_WARN_ABOUT_POINTER_SIGNEDNESS = NO;
				GCC_WARN_ABOUT_RETURN_TYPE = YES;
				GCC_WARN_ALLOW_INCOMPLETE_PROTOCOL = NO;
				GCC_WARN_PROTOTYPE_CONVERSION = NO;
				GCC_WARN_UNUSED_VARIABLE = YES;
				HEADER_SEARCH_PATHS = (
					"$(OF_CORE_HEADERS)",
					src,
					"../../../addons/ofxFontStash/libs/**",
					"../../../addons/ofxXmlSettings/**",
					"../../../addons/ofxNetwork/**",
					"../../../addons/ofxJSON/libs/**",
					"headers/**",
				);
				IPHONEOS_DEPLOYMENT_TARGET = 3.1;
				ONLY_ACTIVE_ARCH = NO;
				"PROVISIONING_PROFILE[sdk=iphoneos*]" = "";
				SDKROOT = iphoneos;
				TARGETED_DEVICE_FAMILY = 1;
				WARNING_LDFLAGS = "-no_arch_warnings";
			};
			name = Debug;
		};
		C01FCF5008A954540054247B /* Release */ = {
			isa = XCBuildConfiguration;
			baseConfigurationReference = E41D3ED613B38FB500A75A5D /* Project.xcconfig */;
			buildSettings = {
				ALWAYS_SEARCH_USER_PATHS = YES;
				ARCHS = "$(ARCHS_STANDARD_32_BIT)";
				CLANG_CXX_LIBRARY = "libstdc++";
				CODE_SIGN_IDENTITY = "";
				"CODE_SIGN_IDENTITY[sdk=iphoneos*]" = "iPhone Developer";
				COMPRESS_PNG_FILES = NO;
				GCC_C_LANGUAGE_STANDARD = c99;
				GCC_DYNAMIC_NO_PIC = YES;
				GCC_GENERATE_DEBUGGING_SYMBOLS = NO;
				GCC_OPTIMIZATION_LEVEL = 3;
				GCC_SYMBOLS_PRIVATE_EXTERN = NO;
				GCC_THUMB_SUPPORT = NO;
				GCC_WARN_ABOUT_RETURN_TYPE = YES;
				GCC_WARN_UNUSED_VARIABLE = YES;
				HEADER_SEARCH_PATHS = (
					"$(OF_CORE_HEADERS)",
					src,
					"../../../addons/ofxFontStash/libs/**",
					"../../../addons/ofxXmlSettings/**",
					"../../../addons/ofxNetwork/**",
					"../../../addons/ofxJSON/libs/**",
					"headers/**",
				);
				IPHONEOS_DEPLOYMENT_TARGET = 3.1;
				ONLY_ACTIVE_ARCH = NO;
				SDKROOT = iphoneos;
				TARGETED_DEVICE_FAMILY = 1;
				WARNING_LDFLAGS = "-no_arch_warnings";
			};
			name = Release;
		};
/* End XCBuildConfiguration section */

/* Begin XCConfigurationList section */
		1D6058960D05DD3E006BFB54 /* Build configuration list for PBXNativeTarget "ACP" */ = {
			isa = XCConfigurationList;
			buildConfigurations = (
				1D6058940D05DD3E006BFB54 /* Debug */,
				1D6058950D05DD3E006BFB54 /* Release */,
			);
			defaultConfigurationIsVisible = 0;
			defaultConfigurationName = Release;
		};
		C01FCF4E08A954540054247B /* Build configuration list for PBXProject "ACP_Iphone" */ = {
			isa = XCConfigurationList;
			buildConfigurations = (
				C01FCF4F08A954540054247B /* Debug */,
				C01FCF5008A954540054247B /* Release */,
			);
			defaultConfigurationIsVisible = 0;
			defaultConfigurationName = Release;
		};
/* End XCConfigurationList section */
	};
	rootObject = 29B97313FDCFA39411CA2CEA /* Project object */;
}
