// !$*UTF8*$!
{
	archiveVersion = 1;
	classes = {
	};
	objectVersion = 46;
	objects = {

/* Begin PBXBuildFile section */
		1D60589F0D05DD5A006BFB54 /* Foundation.framework in Frameworks */ = {isa = PBXBuildFile; fileRef = 1D30AB110D05D00D00671497 /* Foundation.framework */; };
		1DF5F4E00D08C38300B7A737 /* UIKit.framework in Frameworks */ = {isa = PBXBuildFile; fileRef = 1DF5F4DF0D08C38300B7A737 /* UIKit.framework */; };
		288765FD0DF74451002DB57D /* CoreGraphics.framework in Frameworks */ = {isa = PBXBuildFile; fileRef = 288765FC0DF74451002DB57D /* CoreGraphics.framework */; };
		5326AEA810A23A0500278DE6 /* CoreLocation.framework in Frameworks */ = {isa = PBXBuildFile; fileRef = 5326AEA710A23A0500278DE6 /* CoreLocation.framework */; };
		53F323EB10A20EDB00E0DAE4 /* OpenAL.framework in Frameworks */ = {isa = PBXBuildFile; fileRef = 53F323EA10A20EDB00E0DAE4 /* OpenAL.framework */; };
		9E9593FF19DDA43F00D2C860 /* readme.md in Resources */ = {isa = PBXBuildFile; fileRef = 9E9593F919DDA43F00D2C860 /* readme.md */; };
		9E95940019DDA43F00D2C860 /* ofxRetinaTrueTypeFont.mm in Sources */ = {isa = PBXBuildFile; fileRef = 9E9593FC19DDA43F00D2C860 /* ofxRetinaTrueTypeFont.mm */; };
		9EC7152C19D765A700EAFB02 /* libcurl.a in Frameworks */ = {isa = PBXBuildFile; fileRef = 9EC7152B19D765A700EAFB02 /* libcurl.a */; };
		9EC7186C19D765ED00EAFB02 /* jsoncpp.cpp in Sources */ = {isa = PBXBuildFile; fileRef = 9EC7159519D765EA00EAFB02 /* jsoncpp.cpp */; };
		9EC7186E19D765ED00EAFB02 /* ofxJSONElement.cpp in Sources */ = {isa = PBXBuildFile; fileRef = 9EC7159919D765EA00EAFB02 /* ofxJSONElement.cpp */; };
		9EC7187019D765ED00EAFB02 /* ofxTCPClient.cpp in Sources */ = {isa = PBXBuildFile; fileRef = 9EC715A119D765EA00EAFB02 /* ofxTCPClient.cpp */; };
		9EC7187119D765ED00EAFB02 /* ofxTCPManager.cpp in Sources */ = {isa = PBXBuildFile; fileRef = 9EC715A319D765EA00EAFB02 /* ofxTCPManager.cpp */; };
		9EC7187219D765ED00EAFB02 /* ofxTCPServer.cpp in Sources */ = {isa = PBXBuildFile; fileRef = 9EC715A519D765EA00EAFB02 /* ofxTCPServer.cpp */; };
		9EC7187319D765ED00EAFB02 /* ofxUDPManager.cpp in Sources */ = {isa = PBXBuildFile; fileRef = 9EC715A719D765EA00EAFB02 /* ofxUDPManager.cpp */; };
		9EC71A0219D765ED00EAFB02 /* tinyxml.cpp in Sources */ = {isa = PBXBuildFile; fileRef = 9EC7183819D765ED00EAFB02 /* tinyxml.cpp */; };
		9EC71A0319D765ED00EAFB02 /* tinyxmlerror.cpp in Sources */ = {isa = PBXBuildFile; fileRef = 9EC7183A19D765ED00EAFB02 /* tinyxmlerror.cpp */; };
		9EC71A0419D765ED00EAFB02 /* tinyxmlparser.cpp in Sources */ = {isa = PBXBuildFile; fileRef = 9EC7183B19D765ED00EAFB02 /* tinyxmlparser.cpp */; };
		9EC71A0519D765ED00EAFB02 /* ofxXmlSettings.cpp in Sources */ = {isa = PBXBuildFile; fileRef = 9EC7183D19D765ED00EAFB02 /* ofxXmlSettings.cpp */; };
		9EC71A5219D7672F00EAFB02 /* Security.framework in Frameworks */ = {isa = PBXBuildFile; fileRef = 9EC71A5019D7672F00EAFB02 /* Security.framework */; };
		9EC71A5319D7672F00EAFB02 /* libz.dylib in Frameworks */ = {isa = PBXBuildFile; fileRef = 9EC71A5119D7672F00EAFB02 /* libz.dylib */; };
		9EFE2B441A0CFD060060D269 /* guiApp.cpp in Sources */ = {isa = PBXBuildFile; fileRef = 9EFE2B3D1A0CFD060060D269 /* guiApp.cpp */; };
		9EFE2B451A0CFD060060D269 /* main.cpp in Sources */ = {isa = PBXBuildFile; fileRef = 9EFE2B401A0CFD060060D269 /* main.cpp */; };
		9EFE2B521A0CFD200060D269 /* Default-568h@2x~iphone.png in Resources */ = {isa = PBXBuildFile; fileRef = 9EFE2B471A0CFD1F0060D269 /* Default-568h@2x~iphone.png */; };
		9EFE2B531A0CFD200060D269 /* Default.png in Resources */ = {isa = PBXBuildFile; fileRef = 9EFE2B481A0CFD1F0060D269 /* Default.png */; };
		9EFE2B541A0CFD200060D269 /* Default@2x.png in Resources */ = {isa = PBXBuildFile; fileRef = 9EFE2B491A0CFD1F0060D269 /* Default@2x.png */; };
		9EFE2B551A0CFD200060D269 /* Default@2x~ipad.png in Resources */ = {isa = PBXBuildFile; fileRef = 9EFE2B4A1A0CFD1F0060D269 /* Default@2x~ipad.png */; };
		9EFE2B561A0CFD200060D269 /* Default@2x~iphone.png in Resources */ = {isa = PBXBuildFile; fileRef = 9EFE2B4B1A0CFD1F0060D269 /* Default@2x~iphone.png */; };
		9EFE2B571A0CFD200060D269 /* Default~ipad.png in Resources */ = {isa = PBXBuildFile; fileRef = 9EFE2B4C1A0CFD1F0060D269 /* Default~ipad.png */; };
		9EFE2B581A0CFD200060D269 /* Default~iphone.png in Resources */ = {isa = PBXBuildFile; fileRef = 9EFE2B4D1A0CFD200060D269 /* Default~iphone.png */; };
		9EFE2B591A0CFD200060D269 /* Icon-72.png in Resources */ = {isa = PBXBuildFile; fileRef = 9EFE2B4E1A0CFD200060D269 /* Icon-72.png */; };
		9EFE2B5A1A0CFD200060D269 /* Icon-72@2x.png in Resources */ = {isa = PBXBuildFile; fileRef = 9EFE2B4F1A0CFD200060D269 /* Icon-72@2x.png */; };
		9EFE2B5B1A0CFD200060D269 /* Icon.png in Resources */ = {isa = PBXBuildFile; fileRef = 9EFE2B501A0CFD200060D269 /* Icon.png */; };
		9EFE2B5C1A0CFD200060D269 /* Icon@2x.png in Resources */ = {isa = PBXBuildFile; fileRef = 9EFE2B511A0CFD200060D269 /* Icon@2x.png */; };
		BB16EBD20F2B2A9500518274 /* OpenGLES.framework in Frameworks */ = {isa = PBXBuildFile; fileRef = BB16EBD10F2B2A9500518274 /* OpenGLES.framework */; };
		BB16EBD90F2B2AB500518274 /* QuartzCore.framework in Frameworks */ = {isa = PBXBuildFile; fileRef = BB16EBD80F2B2AB500518274 /* QuartzCore.framework */; };
		BBE5EAB80F49AD8400F28951 /* AudioToolbox.framework in Frameworks */ = {isa = PBXBuildFile; fileRef = BBE5EAB70F49AD8400F28951 /* AudioToolbox.framework */; };
		E41D3ED713B38FB500A75A5D /* Project.xcconfig in Resources */ = {isa = PBXBuildFile; fileRef = E41D3ED613B38FB500A75A5D /* Project.xcconfig */; };
		E41D3EE613B3906D00A75A5D /* CoreOF.xcconfig in Resources */ = {isa = PBXBuildFile; fileRef = E41D3EE513B3906D00A75A5D /* CoreOF.xcconfig */; };
		E41D400B13B39D2100A75A5D /* AVFoundation.framework in Frameworks */ = {isa = PBXBuildFile; fileRef = E41D400613B39D2100A75A5D /* AVFoundation.framework */; };
		E41D400C13B39D2100A75A5D /* CoreMedia.framework in Frameworks */ = {isa = PBXBuildFile; fileRef = E41D400713B39D2100A75A5D /* CoreMedia.framework */; };
		E41D400D13B39D2100A75A5D /* CoreVideo.framework in Frameworks */ = {isa = PBXBuildFile; fileRef = E41D400813B39D2100A75A5D /* CoreVideo.framework */; };
		E41D400E13B39D2100A75A5D /* MapKit.framework in Frameworks */ = {isa = PBXBuildFile; fileRef = E41D400913B39D2100A75A5D /* MapKit.framework */; };
		E41D421413B3A95300A75A5D /* libofxiOS_iphoneos_Debug.a in Frameworks */ = {isa = PBXBuildFile; fileRef = E41D410213B3A0D800A75A5D /* libofxiOS_iphoneos_Debug.a */; };
		E4A823A412561BE3002F86A2 /* CoreGraphics.framework in Frameworks */ = {isa = PBXBuildFile; fileRef = E4A823A312561BE3002F86A2 /* CoreGraphics.framework */; };
/* End PBXBuildFile section */

/* Begin PBXContainerItemProxy section */
		E41D410113B3A0D800A75A5D /* PBXContainerItemProxy */ = {
			isa = PBXContainerItemProxy;
			containerPortal = E41D40FD13B3A0D800A75A5D /* iOS+OFLib.xcodeproj */;
			proxyType = 2;
			remoteGlobalIDString = BB24DED610DA7A3F00E9C588;
			remoteInfo = "iPhone+OF Static Library";
		};
		E41D410313B3A11300A75A5D /* PBXContainerItemProxy */ = {
			isa = PBXContainerItemProxy;
			containerPortal = E41D40FD13B3A0D800A75A5D /* iOS+OFLib.xcodeproj */;
			proxyType = 1;
			remoteGlobalIDString = BB24DE5C10DA7A3F00E9C588;
			remoteInfo = "iPhone+OF Static Library";
		};
/* End PBXContainerItemProxy section */

/* Begin PBXFileReference section */
		1D30AB110D05D00D00671497 /* Foundation.framework */ = {isa = PBXFileReference; lastKnownFileType = wrapper.framework; name = Foundation.framework; path = System/Library/Frameworks/Foundation.framework; sourceTree = SDKROOT; };
		1D6058910D05DD3D006BFB54 /* ACS.app */ = {isa = PBXFileReference; explicitFileType = wrapper.application; includeInIndex = 0; path = ACS.app; sourceTree = BUILT_PRODUCTS_DIR; };
		1DF5F4DF0D08C38300B7A737 /* UIKit.framework */ = {isa = PBXFileReference; lastKnownFileType = wrapper.framework; name = UIKit.framework; path = System/Library/Frameworks/UIKit.framework; sourceTree = SDKROOT; };
		288765FC0DF74451002DB57D /* CoreGraphics.framework */ = {isa = PBXFileReference; lastKnownFileType = wrapper.framework; name = CoreGraphics.framework; path = System/Library/Frameworks/CoreGraphics.framework; sourceTree = SDKROOT; };
		32CA4F630368D1EE00C91783 /* ofxiOS_Prefix.pch */ = {isa = PBXFileReference; fileEncoding = 4; lastKnownFileType = sourcecode.c.h; path = ofxiOS_Prefix.pch; sourceTree = "<group>"; };
		5326AEA710A23A0500278DE6 /* CoreLocation.framework */ = {isa = PBXFileReference; lastKnownFileType = wrapper.framework; name = CoreLocation.framework; path = System/Library/Frameworks/CoreLocation.framework; sourceTree = SDKROOT; };
		53F323EA10A20EDB00E0DAE4 /* OpenAL.framework */ = {isa = PBXFileReference; lastKnownFileType = wrapper.framework; name = OpenAL.framework; path = System/Library/Frameworks/OpenAL.framework; sourceTree = SDKROOT; };
		9E9593F919DDA43F00D2C860 /* readme.md */ = {isa = PBXFileReference; fileEncoding = 4; lastKnownFileType = text; path = readme.md; sourceTree = "<group>"; };
		9E9593FB19DDA43F00D2C860 /* ofxRetinaTrueTypeFont.h */ = {isa = PBXFileReference; fileEncoding = 4; lastKnownFileType = sourcecode.c.h; path = ofxRetinaTrueTypeFont.h; sourceTree = "<group>"; };
		9E9593FC19DDA43F00D2C860 /* ofxRetinaTrueTypeFont.mm */ = {isa = PBXFileReference; fileEncoding = 4; lastKnownFileType = sourcecode.cpp.objcpp; path = ofxRetinaTrueTypeFont.mm; sourceTree = "<group>"; };
		9EC7152B19D765A700EAFB02 /* libcurl.a */ = {isa = PBXFileReference; lastKnownFileType = archive.ar; path = libcurl.a; sourceTree = "<group>"; };
		9EC7159219D765EA00EAFB02 /* json-forwards.h */ = {isa = PBXFileReference; fileEncoding = 4; lastKnownFileType = sourcecode.c.h; path = "json-forwards.h"; sourceTree = "<group>"; };
		9EC7159319D765EA00EAFB02 /* json.h */ = {isa = PBXFileReference; fileEncoding = 4; lastKnownFileType = sourcecode.c.h; path = json.h; sourceTree = "<group>"; };
		9EC7159519D765EA00EAFB02 /* jsoncpp.cpp */ = {isa = PBXFileReference; fileEncoding = 4; lastKnownFileType = sourcecode.cpp.cpp; path = jsoncpp.cpp; sourceTree = "<group>"; };
		9EC7159819D765EA00EAFB02 /* ofxJSON.h */ = {isa = PBXFileReference; fileEncoding = 4; lastKnownFileType = sourcecode.c.h; path = ofxJSON.h; sourceTree = "<group>"; };
		9EC7159919D765EA00EAFB02 /* ofxJSONElement.cpp */ = {isa = PBXFileReference; fileEncoding = 4; lastKnownFileType = sourcecode.cpp.cpp; path = ofxJSONElement.cpp; sourceTree = "<group>"; };
		9EC7159A19D765EA00EAFB02 /* ofxJSONElement.h */ = {isa = PBXFileReference; fileEncoding = 4; lastKnownFileType = sourcecode.c.h; path = ofxJSONElement.h; sourceTree = "<group>"; };
		9EC7159F19D765EA00EAFB02 /* ofxNetwork.h */ = {isa = PBXFileReference; fileEncoding = 4; lastKnownFileType = sourcecode.c.h; path = ofxNetwork.h; sourceTree = "<group>"; };
		9EC715A019D765EA00EAFB02 /* ofxNetworkUtils.h */ = {isa = PBXFileReference; fileEncoding = 4; lastKnownFileType = sourcecode.c.h; path = ofxNetworkUtils.h; sourceTree = "<group>"; };
		9EC715A119D765EA00EAFB02 /* ofxTCPClient.cpp */ = {isa = PBXFileReference; fileEncoding = 4; lastKnownFileType = sourcecode.cpp.cpp; path = ofxTCPClient.cpp; sourceTree = "<group>"; };
		9EC715A219D765EA00EAFB02 /* ofxTCPClient.h */ = {isa = PBXFileReference; fileEncoding = 4; lastKnownFileType = sourcecode.c.h; path = ofxTCPClient.h; sourceTree = "<group>"; };
		9EC715A319D765EA00EAFB02 /* ofxTCPManager.cpp */ = {isa = PBXFileReference; fileEncoding = 4; lastKnownFileType = sourcecode.cpp.cpp; path = ofxTCPManager.cpp; sourceTree = "<group>"; };
		9EC715A419D765EA00EAFB02 /* ofxTCPManager.h */ = {isa = PBXFileReference; fileEncoding = 4; lastKnownFileType = sourcecode.c.h; path = ofxTCPManager.h; sourceTree = "<group>"; };
		9EC715A519D765EA00EAFB02 /* ofxTCPServer.cpp */ = {isa = PBXFileReference; fileEncoding = 4; lastKnownFileType = sourcecode.cpp.cpp; path = ofxTCPServer.cpp; sourceTree = "<group>"; };
		9EC715A619D765EA00EAFB02 /* ofxTCPServer.h */ = {isa = PBXFileReference; fileEncoding = 4; lastKnownFileType = sourcecode.c.h; path = ofxTCPServer.h; sourceTree = "<group>"; };
		9EC715A719D765EA00EAFB02 /* ofxUDPManager.cpp */ = {isa = PBXFileReference; fileEncoding = 4; lastKnownFileType = sourcecode.cpp.cpp; path = ofxUDPManager.cpp; sourceTree = "<group>"; };
		9EC715A819D765EA00EAFB02 /* ofxUDPManager.h */ = {isa = PBXFileReference; fileEncoding = 4; lastKnownFileType = sourcecode.c.h; path = ofxUDPManager.h; sourceTree = "<group>"; };
		9EC7183819D765ED00EAFB02 /* tinyxml.cpp */ = {isa = PBXFileReference; fileEncoding = 4; lastKnownFileType = sourcecode.cpp.cpp; path = tinyxml.cpp; sourceTree = "<group>"; };
		9EC7183919D765ED00EAFB02 /* tinyxml.h */ = {isa = PBXFileReference; fileEncoding = 4; lastKnownFileType = sourcecode.c.h; path = tinyxml.h; sourceTree = "<group>"; };
		9EC7183A19D765ED00EAFB02 /* tinyxmlerror.cpp */ = {isa = PBXFileReference; fileEncoding = 4; lastKnownFileType = sourcecode.cpp.cpp; path = tinyxmlerror.cpp; sourceTree = "<group>"; };
		9EC7183B19D765ED00EAFB02 /* tinyxmlparser.cpp */ = {isa = PBXFileReference; fileEncoding = 4; lastKnownFileType = sourcecode.cpp.cpp; path = tinyxmlparser.cpp; sourceTree = "<group>"; };
		9EC7183D19D765ED00EAFB02 /* ofxXmlSettings.cpp */ = {isa = PBXFileReference; fileEncoding = 4; lastKnownFileType = sourcecode.cpp.cpp; path = ofxXmlSettings.cpp; sourceTree = "<group>"; };
		9EC7183E19D765ED00EAFB02 /* ofxXmlSettings.h */ = {isa = PBXFileReference; fileEncoding = 4; lastKnownFileType = sourcecode.c.h; path = ofxXmlSettings.h; sourceTree = "<group>"; };
		9EC71A5019D7672F00EAFB02 /* Security.framework */ = {isa = PBXFileReference; lastKnownFileType = wrapper.framework; name = Security.framework; path = System/Library/Frameworks/Security.framework; sourceTree = SDKROOT; };
		9EC71A5119D7672F00EAFB02 /* libz.dylib */ = {isa = PBXFileReference; lastKnownFileType = "compiled.mach-o.dylib"; name = libz.dylib; path = usr/lib/libz.dylib; sourceTree = SDKROOT; };
		9EFE2B3B1A0CFD060060D269 /* broadcastThread.h */ = {isa = PBXFileReference; fileEncoding = 4; lastKnownFileType = sourcecode.c.h; name = broadcastThread.h; path = ../../../../../server/src/broadcastThread.h; sourceTree = "<group>"; };
		9EFE2B3C1A0CFD060060D269 /* framerThread.h */ = {isa = PBXFileReference; fileEncoding = 4; lastKnownFileType = sourcecode.c.h; name = framerThread.h; path = ../../../../../server/src/framerThread.h; sourceTree = "<group>"; };
		9EFE2B3D1A0CFD060060D269 /* guiApp.cpp */ = {isa = PBXFileReference; explicitFileType = sourcecode.cpp.objcpp; fileEncoding = 4; name = guiApp.cpp; path = ../../../../../server/src/guiApp.cpp; sourceTree = "<group>"; };
		9EFE2B3E1A0CFD060060D269 /* guiApp.h */ = {isa = PBXFileReference; fileEncoding = 4; lastKnownFileType = sourcecode.c.h; name = guiApp.h; path = ../../../../../server/src/guiApp.h; sourceTree = "<group>"; };
		9EFE2B3F1A0CFD060060D269 /* loaderThread.h */ = {isa = PBXFileReference; fileEncoding = 4; lastKnownFileType = sourcecode.c.h; name = loaderThread.h; path = ../../../../../server/src/loaderThread.h; sourceTree = "<group>"; };
		9EFE2B401A0CFD060060D269 /* main.cpp */ = {isa = PBXFileReference; explicitFileType = sourcecode.cpp.objcpp; fileEncoding = 4; name = main.cpp; path = ../../../../../server/src/main.cpp; sourceTree = "<group>"; };
		9EFE2B411A0CFD060060D269 /* syncThread.h */ = {isa = PBXFileReference; fileEncoding = 4; lastKnownFileType = sourcecode.c.h; name = syncThread.h; path = ../../../../../server/src/syncThread.h; sourceTree = "<group>"; };
		9EFE2B471A0CFD1F0060D269 /* Default-568h@2x~iphone.png */ = {isa = PBXFileReference; lastKnownFileType = image.png; name = "Default-568h@2x~iphone.png"; path = "bin/Default-568h@2x~iphone.png"; sourceTree = "<group>"; };
		9EFE2B481A0CFD1F0060D269 /* Default.png */ = {isa = PBXFileReference; lastKnownFileType = image.png; name = Default.png; path = bin/Default.png; sourceTree = "<group>"; };
		9EFE2B491A0CFD1F0060D269 /* Default@2x.png */ = {isa = PBXFileReference; lastKnownFileType = image.png; name = "Default@2x.png"; path = "bin/Default@2x.png"; sourceTree = "<group>"; };
		9EFE2B4A1A0CFD1F0060D269 /* Default@2x~ipad.png */ = {isa = PBXFileReference; lastKnownFileType = image.png; name = "Default@2x~ipad.png"; path = "bin/Default@2x~ipad.png"; sourceTree = "<group>"; };
		9EFE2B4B1A0CFD1F0060D269 /* Default@2x~iphone.png */ = {isa = PBXFileReference; lastKnownFileType = image.png; name = "Default@2x~iphone.png"; path = "bin/Default@2x~iphone.png"; sourceTree = "<group>"; };
		9EFE2B4C1A0CFD1F0060D269 /* Default~ipad.png */ = {isa = PBXFileReference; lastKnownFileType = image.png; name = "Default~ipad.png"; path = "bin/Default~ipad.png"; sourceTree = "<group>"; };
		9EFE2B4D1A0CFD200060D269 /* Default~iphone.png */ = {isa = PBXFileReference; lastKnownFileType = image.png; name = "Default~iphone.png"; path = "bin/Default~iphone.png"; sourceTree = "<group>"; };
		9EFE2B4E1A0CFD200060D269 /* Icon-72.png */ = {isa = PBXFileReference; lastKnownFileType = image.png; name = "Icon-72.png"; path = "bin/Icon-72.png"; sourceTree = "<group>"; };
		9EFE2B4F1A0CFD200060D269 /* Icon-72@2x.png */ = {isa = PBXFileReference; lastKnownFileType = image.png; name = "Icon-72@2x.png"; path = "bin/Icon-72@2x.png"; sourceTree = "<group>"; };
		9EFE2B501A0CFD200060D269 /* Icon.png */ = {isa = PBXFileReference; lastKnownFileType = image.png; name = Icon.png; path = bin/Icon.png; sourceTree = "<group>"; };
		9EFE2B511A0CFD200060D269 /* Icon@2x.png */ = {isa = PBXFileReference; lastKnownFileType = image.png; name = "Icon@2x.png"; path = "bin/Icon@2x.png"; sourceTree = "<group>"; };
		BB16EBD10F2B2A9500518274 /* OpenGLES.framework */ = {isa = PBXFileReference; lastKnownFileType = wrapper.framework; name = OpenGLES.framework; path = System/Library/Frameworks/OpenGLES.framework; sourceTree = SDKROOT; };
		BB16EBD80F2B2AB500518274 /* QuartzCore.framework */ = {isa = PBXFileReference; lastKnownFileType = wrapper.framework; name = QuartzCore.framework; path = System/Library/Frameworks/QuartzCore.framework; sourceTree = SDKROOT; };
		BB24DDC910DA781C00E9C588 /* ofxiOS-Info.plist */ = {isa = PBXFileReference; fileEncoding = 4; lastKnownFileType = text.plist.xml; path = "ofxiOS-Info.plist"; sourceTree = "<group>"; };
		BBE5EAB70F49AD8400F28951 /* AudioToolbox.framework */ = {isa = PBXFileReference; lastKnownFileType = wrapper.framework; name = AudioToolbox.framework; path = System/Library/Frameworks/AudioToolbox.framework; sourceTree = SDKROOT; };
		E41D3ED613B38FB500A75A5D /* Project.xcconfig */ = {isa = PBXFileReference; fileEncoding = 4; lastKnownFileType = text.xcconfig; path = Project.xcconfig; sourceTree = "<group>"; };
		E41D3EE513B3906D00A75A5D /* CoreOF.xcconfig */ = {isa = PBXFileReference; fileEncoding = 4; lastKnownFileType = text.xcconfig; name = CoreOF.xcconfig; path = ../../../libs/openFrameworksCompiled/project/ios/CoreOF.xcconfig; sourceTree = SOURCE_ROOT; };
		E41D400613B39D2100A75A5D /* AVFoundation.framework */ = {isa = PBXFileReference; lastKnownFileType = wrapper.framework; name = AVFoundation.framework; path = System/Library/Frameworks/AVFoundation.framework; sourceTree = SDKROOT; };
		E41D400713B39D2100A75A5D /* CoreMedia.framework */ = {isa = PBXFileReference; lastKnownFileType = wrapper.framework; name = CoreMedia.framework; path = System/Library/Frameworks/CoreMedia.framework; sourceTree = SDKROOT; };
		E41D400813B39D2100A75A5D /* CoreVideo.framework */ = {isa = PBXFileReference; lastKnownFileType = wrapper.framework; name = CoreVideo.framework; path = System/Library/Frameworks/CoreVideo.framework; sourceTree = SDKROOT; };
		E41D400913B39D2100A75A5D /* MapKit.framework */ = {isa = PBXFileReference; lastKnownFileType = wrapper.framework; name = MapKit.framework; path = System/Library/Frameworks/MapKit.framework; sourceTree = SDKROOT; };
		E41D40FD13B3A0D800A75A5D /* iOS+OFLib.xcodeproj */ = {isa = PBXFileReference; lastKnownFileType = "wrapper.pb-project"; name = "iOS+OFLib.xcodeproj"; path = "../../../libs/openFrameworksCompiled/project/ios/iOS+OFLib.xcodeproj"; sourceTree = SOURCE_ROOT; };
		E4A823A312561BE3002F86A2 /* CoreGraphics.framework */ = {isa = PBXFileReference; lastKnownFileType = wrapper.framework; name = CoreGraphics.framework; path = System/Library/Frameworks/CoreGraphics.framework; sourceTree = SDKROOT; };
/* End PBXFileReference section */

/* Begin PBXFrameworksBuildPhase section */
		1D60588F0D05DD3D006BFB54 /* Frameworks */ = {
			isa = PBXFrameworksBuildPhase;
			buildActionMask = 2147483647;
			files = (
				E41D421413B3A95300A75A5D /* libofxiOS_iphoneos_Debug.a in Frameworks */,
				1D60589F0D05DD5A006BFB54 /* Foundation.framework in Frameworks */,
				1DF5F4E00D08C38300B7A737 /* UIKit.framework in Frameworks */,
				9EC71A5319D7672F00EAFB02 /* libz.dylib in Frameworks */,
				288765FD0DF74451002DB57D /* CoreGraphics.framework in Frameworks */,
				BB16EBD20F2B2A9500518274 /* OpenGLES.framework in Frameworks */,
				9EC7152C19D765A700EAFB02 /* libcurl.a in Frameworks */,
				9EC71A5219D7672F00EAFB02 /* Security.framework in Frameworks */,
				BB16EBD90F2B2AB500518274 /* QuartzCore.framework in Frameworks */,
				BBE5EAB80F49AD8400F28951 /* AudioToolbox.framework in Frameworks */,
				53F323EB10A20EDB00E0DAE4 /* OpenAL.framework in Frameworks */,
				5326AEA810A23A0500278DE6 /* CoreLocation.framework in Frameworks */,
				E4A823A412561BE3002F86A2 /* CoreGraphics.framework in Frameworks */,
				E41D400B13B39D2100A75A5D /* AVFoundation.framework in Frameworks */,
				E41D400C13B39D2100A75A5D /* CoreMedia.framework in Frameworks */,
				E41D400D13B39D2100A75A5D /* CoreVideo.framework in Frameworks */,
				E41D400E13B39D2100A75A5D /* MapKit.framework in Frameworks */,
			);
			runOnlyForDeploymentPostprocessing = 0;
		};
/* End PBXFrameworksBuildPhase section */

/* Begin PBXGroup section */
		19C28FACFE9D520D11CA2CBB /* Products */ = {
			isa = PBXGroup;
			children = (
				1D6058910D05DD3D006BFB54 /* ACS.app */,
			);
			name = Products;
			sourceTree = "<group>";
		};
		29B97314FDCFA39411CA2CEA /* CustomTemplate */ = {
			isa = PBXGroup;
			children = (
				9EFE2B471A0CFD1F0060D269 /* Default-568h@2x~iphone.png */,
				9EFE2B481A0CFD1F0060D269 /* Default.png */,
				9EFE2B491A0CFD1F0060D269 /* Default@2x.png */,
				9EFE2B4A1A0CFD1F0060D269 /* Default@2x~ipad.png */,
				9EFE2B4B1A0CFD1F0060D269 /* Default@2x~iphone.png */,
				9EFE2B4C1A0CFD1F0060D269 /* Default~ipad.png */,
				9EFE2B4D1A0CFD200060D269 /* Default~iphone.png */,
				9EFE2B4E1A0CFD200060D269 /* Icon-72.png */,
				9EFE2B4F1A0CFD200060D269 /* Icon-72@2x.png */,
				9EFE2B501A0CFD200060D269 /* Icon.png */,
				9EFE2B511A0CFD200060D269 /* Icon@2x.png */,
				9E4FB17F19D94CBF00EAB246 /* src */,
				BB24E1F710DAA51900E9C588 /* openFrameworks */,
				BB16F26B0F2B646B00518274 /* addons */,
				BB16E9930F2B1E5900518274 /* libs */,
				19C28FACFE9D520D11CA2CBB /* Products */,
			);
			name = CustomTemplate;
			sourceTree = "<group>";
		};
		29B97323FDCFA39411CA2CEA /* core frameworks */ = {
			isa = PBXGroup;
			children = (
				9EC71A5019D7672F00EAFB02 /* Security.framework */,
				9EC71A5119D7672F00EAFB02 /* libz.dylib */,
				E41D400613B39D2100A75A5D /* AVFoundation.framework */,
				E41D400713B39D2100A75A5D /* CoreMedia.framework */,
				E41D400813B39D2100A75A5D /* CoreVideo.framework */,
				E41D400913B39D2100A75A5D /* MapKit.framework */,
				53F323EA10A20EDB00E0DAE4 /* OpenAL.framework */,
				E4A823A312561BE3002F86A2 /* CoreGraphics.framework */,
				BBE5EAB70F49AD8400F28951 /* AudioToolbox.framework */,
				BB16EBD80F2B2AB500518274 /* QuartzCore.framework */,
				BB16EBD10F2B2A9500518274 /* OpenGLES.framework */,
				1DF5F4DF0D08C38300B7A737 /* UIKit.framework */,
				1D30AB110D05D00D00671497 /* Foundation.framework */,
				288765FC0DF74451002DB57D /* CoreGraphics.framework */,
				5326AEA710A23A0500278DE6 /* CoreLocation.framework */,
			);
			name = "core frameworks";
			sourceTree = "<group>";
		};
		9E4FB17F19D94CBF00EAB246 /* src */ = {
			isa = PBXGroup;
			children = (
				9EFE2B3B1A0CFD060060D269 /* broadcastThread.h */,
				9EFE2B3C1A0CFD060060D269 /* framerThread.h */,
				9EFE2B3D1A0CFD060060D269 /* guiApp.cpp */,
				9EFE2B3E1A0CFD060060D269 /* guiApp.h */,
				9EFE2B3F1A0CFD060060D269 /* loaderThread.h */,
				9EFE2B401A0CFD060060D269 /* main.cpp */,
				9EFE2B411A0CFD060060D269 /* syncThread.h */,
			);
			path = src;
			sourceTree = "<group>";
		};
		9E9593F419DDA43E00D2C860 /* ofxRetinaTrueTypeFont */ = {
			isa = PBXGroup;
			children = (
				9E9593F919DDA43F00D2C860 /* readme.md */,
				9E9593FA19DDA43F00D2C860 /* src */,
			);
			name = ofxRetinaTrueTypeFont;
			path = ../../../addons/ofxRetinaTrueTypeFont;
			sourceTree = "<group>";
		};
		9E9593FA19DDA43F00D2C860 /* src */ = {
			isa = PBXGroup;
			children = (
				9E9593FB19DDA43F00D2C860 /* ofxRetinaTrueTypeFont.h */,
				9E9593FC19DDA43F00D2C860 /* ofxRetinaTrueTypeFont.mm */,
			);
			path = src;
			sourceTree = "<group>";
		};
		9EC7154F19D765EA00EAFB02 /* ofxJSON */ = {
			isa = PBXGroup;
			children = (
				9EC7158E19D765EA00EAFB02 /* libs */,
				9EC7159719D765EA00EAFB02 /* src */,
			);
			name = ofxJSON;
			path = ../../../addons/ofxJSON;
			sourceTree = "<group>";
		};
		9EC7158E19D765EA00EAFB02 /* libs */ = {
			isa = PBXGroup;
			children = (
				9EC7158F19D765EA00EAFB02 /* jsoncpp */,
			);
			path = libs;
			sourceTree = "<group>";
		};
		9EC7158F19D765EA00EAFB02 /* jsoncpp */ = {
			isa = PBXGroup;
			children = (
				9EC7159019D765EA00EAFB02 /* include */,
				9EC7159419D765EA00EAFB02 /* src */,
			);
			path = jsoncpp;
			sourceTree = "<group>";
		};
		9EC7159019D765EA00EAFB02 /* include */ = {
			isa = PBXGroup;
			children = (
				9EC7159119D765EA00EAFB02 /* json */,
			);
			path = include;
			sourceTree = "<group>";
		};
		9EC7159119D765EA00EAFB02 /* json */ = {
			isa = PBXGroup;
			children = (
				9EC7159219D765EA00EAFB02 /* json-forwards.h */,
				9EC7159319D765EA00EAFB02 /* json.h */,
			);
			path = json;
			sourceTree = "<group>";
		};
		9EC7159419D765EA00EAFB02 /* src */ = {
			isa = PBXGroup;
			children = (
				9EC7159519D765EA00EAFB02 /* jsoncpp.cpp */,
			);
			path = src;
			sourceTree = "<group>";
		};
		9EC7159719D765EA00EAFB02 /* src */ = {
			isa = PBXGroup;
			children = (
				9EC7159819D765EA00EAFB02 /* ofxJSON.h */,
				9EC7159919D765EA00EAFB02 /* ofxJSONElement.cpp */,
				9EC7159A19D765EA00EAFB02 /* ofxJSONElement.h */,
			);
			path = src;
			sourceTree = "<group>";
		};
		9EC7159B19D765EA00EAFB02 /* ofxNetwork */ = {
			isa = PBXGroup;
			children = (
				9EC7159E19D765EA00EAFB02 /* src */,
			);
			name = ofxNetwork;
			path = ../../../addons/ofxNetwork;
			sourceTree = "<group>";
		};
		9EC7159E19D765EA00EAFB02 /* src */ = {
			isa = PBXGroup;
			children = (
				9EC7159F19D765EA00EAFB02 /* ofxNetwork.h */,
				9EC715A019D765EA00EAFB02 /* ofxNetworkUtils.h */,
				9EC715A119D765EA00EAFB02 /* ofxTCPClient.cpp */,
				9EC715A219D765EA00EAFB02 /* ofxTCPClient.h */,
				9EC715A319D765EA00EAFB02 /* ofxTCPManager.cpp */,
				9EC715A419D765EA00EAFB02 /* ofxTCPManager.h */,
				9EC715A519D765EA00EAFB02 /* ofxTCPServer.cpp */,
				9EC715A619D765EA00EAFB02 /* ofxTCPServer.h */,
				9EC715A719D765EA00EAFB02 /* ofxUDPManager.cpp */,
				9EC715A819D765EA00EAFB02 /* ofxUDPManager.h */,
			);
			path = src;
			sourceTree = "<group>";
		};
		9EC7183619D765ED00EAFB02 /* ofxXmlSettings */ = {
			isa = PBXGroup;
			children = (
				9EC7183719D765ED00EAFB02 /* libs */,
				9EC7183C19D765ED00EAFB02 /* src */,
			);
			name = ofxXmlSettings;
			path = ../../../addons/ofxXmlSettings;
			sourceTree = "<group>";
		};
		9EC7183719D765ED00EAFB02 /* libs */ = {
			isa = PBXGroup;
			children = (
				9EC7183819D765ED00EAFB02 /* tinyxml.cpp */,
				9EC7183919D765ED00EAFB02 /* tinyxml.h */,
				9EC7183A19D765ED00EAFB02 /* tinyxmlerror.cpp */,
				9EC7183B19D765ED00EAFB02 /* tinyxmlparser.cpp */,
			);
			path = libs;
			sourceTree = "<group>";
		};
		9EC7183C19D765ED00EAFB02 /* src */ = {
			isa = PBXGroup;
			children = (
				9EC7183D19D765ED00EAFB02 /* ofxXmlSettings.cpp */,
				9EC7183E19D765ED00EAFB02 /* ofxXmlSettings.h */,
			);
			path = src;
			sourceTree = "<group>";
		};
		BB16E9930F2B1E5900518274 /* libs */ = {
			isa = PBXGroup;
			children = (
				9EC7152B19D765A700EAFB02 /* libcurl.a */,
				BBE5E94E0F497BD800F28951 /* core */,
			);
			name = libs;
			sourceTree = "<group>";
		};
		BB16F26B0F2B646B00518274 /* addons */ = {
			isa = PBXGroup;
			children = (
				9E9593F419DDA43E00D2C860 /* ofxRetinaTrueTypeFont */,
				9EC7154F19D765EA00EAFB02 /* ofxJSON */,
				9EC7159B19D765EA00EAFB02 /* ofxNetwork */,
				9EC7183619D765ED00EAFB02 /* ofxXmlSettings */,
			);
			name = addons;
			sourceTree = "<group>";
		};
		BB24E1F710DAA51900E9C588 /* openFrameworks */ = {
			isa = PBXGroup;
			children = (
				E41D40FD13B3A0D800A75A5D /* iOS+OFLib.xcodeproj */,
				32CA4F630368D1EE00C91783 /* ofxiOS_Prefix.pch */,
				BB24DDC910DA781C00E9C588 /* ofxiOS-Info.plist */,
				E41D3EE513B3906D00A75A5D /* CoreOF.xcconfig */,
				E41D3ED613B38FB500A75A5D /* Project.xcconfig */,
			);
			name = openFrameworks;
			sourceTree = "<group>";
		};
		BBE5E94E0F497BD800F28951 /* core */ = {
			isa = PBXGroup;
			children = (
				29B97323FDCFA39411CA2CEA /* core frameworks */,
			);
			name = core;
			sourceTree = "<group>";
		};
		E41D40FE13B3A0D800A75A5D /* Products */ = {
			isa = PBXGroup;
			children = (
				E41D410213B3A0D800A75A5D /* libofxiOS_iphoneos_Debug.a */,
			);
			name = Products;
			sourceTree = "<group>";
		};
/* End PBXGroup section */

/* Begin PBXNativeTarget section */
		1D6058900D05DD3D006BFB54 /* ACS */ = {
			isa = PBXNativeTarget;
			buildConfigurationList = 1D6058960D05DD3E006BFB54 /* Build configuration list for PBXNativeTarget "ACS" */;
			buildPhases = (
				1D60588D0D05DD3D006BFB54 /* Resources */,
				1D60588E0D05DD3D006BFB54 /* Sources */,
				1D60588F0D05DD3D006BFB54 /* Frameworks */,
				9255DD331112741900D6945E /* ShellScript */,
			);
			buildRules = (
			);
			dependencies = (
				E41D410413B3A11300A75A5D /* PBXTargetDependency */,
			);
			name = ACS;
			productName = iPhone;
			productReference = 1D6058910D05DD3D006BFB54 /* ACS.app */;
			productType = "com.apple.product-type.application";
		};
/* End PBXNativeTarget section */

/* Begin PBXProject section */
		29B97313FDCFA39411CA2CEA /* Project object */ = {
			isa = PBXProject;
			attributes = {
				LastUpgradeCheck = 0460;
			};
			buildConfigurationList = C01FCF4E08A954540054247B /* Build configuration list for PBXProject "ACS_Iphone" */;
			compatibilityVersion = "Xcode 3.2";
			developmentRegion = English;
			hasScannedForEncodings = 1;
			knownRegions = (
				English,
				Japanese,
				French,
				German,
			);
			mainGroup = 29B97314FDCFA39411CA2CEA /* CustomTemplate */;
			projectDirPath = "";
			projectReferences = (
				{
					ProductGroup = E41D40FE13B3A0D800A75A5D /* Products */;
					ProjectRef = E41D40FD13B3A0D800A75A5D /* iOS+OFLib.xcodeproj */;
				},
			);
			projectRoot = "";
			targets = (
				1D6058900D05DD3D006BFB54 /* ACS */,
			);
		};
/* End PBXProject section */

/* Begin PBXReferenceProxy section */
		E41D410213B3A0D800A75A5D /* libofxiOS_iphoneos_Debug.a */ = {
			isa = PBXReferenceProxy;
			fileType = archive.ar;
			path = libofxiOS_iphoneos_Debug.a;
			remoteRef = E41D410113B3A0D800A75A5D /* PBXContainerItemProxy */;
			sourceTree = BUILT_PRODUCTS_DIR;
		};
/* End PBXReferenceProxy section */

/* Begin PBXResourcesBuildPhase section */
		1D60588D0D05DD3D006BFB54 /* Resources */ = {
			isa = PBXResourcesBuildPhase;
			buildActionMask = 2147483647;
			files = (
				9EFE2B561A0CFD200060D269 /* Default@2x~iphone.png in Resources */,
				9EFE2B541A0CFD200060D269 /* Default@2x.png in Resources */,
				9EFE2B5A1A0CFD200060D269 /* Icon-72@2x.png in Resources */,
				E41D3ED713B38FB500A75A5D /* Project.xcconfig in Resources */,
				9EFE2B591A0CFD200060D269 /* Icon-72.png in Resources */,
				9EFE2B581A0CFD200060D269 /* Default~iphone.png in Resources */,
				9EFE2B551A0CFD200060D269 /* Default@2x~ipad.png in Resources */,
				9EFE2B5B1A0CFD200060D269 /* Icon.png in Resources */,
				9EFE2B571A0CFD200060D269 /* Default~ipad.png in Resources */,
				9EFE2B5C1A0CFD200060D269 /* Icon@2x.png in Resources */,
				9EFE2B521A0CFD200060D269 /* Default-568h@2x~iphone.png in Resources */,
				E41D3EE613B3906D00A75A5D /* CoreOF.xcconfig in Resources */,
				9E9593FF19DDA43F00D2C860 /* readme.md in Resources */,
				9EFE2B531A0CFD200060D269 /* Default.png in Resources */,
			);
			runOnlyForDeploymentPostprocessing = 0;
		};
/* End PBXResourcesBuildPhase section */

/* Begin PBXShellScriptBuildPhase section */
		9255DD331112741900D6945E /* ShellScript */ = {
			isa = PBXShellScriptBuildPhase;
			buildActionMask = 2147483647;
			files = (
			);
			inputPaths = (
			);
			outputPaths = (
			);
			runOnlyForDeploymentPostprocessing = 0;
			shellPath = /bin/sh;
			shellScript = "cp -rf bin/data/ \"$TARGET_BUILD_DIR/$PRODUCT_NAME.app\"\n";
		};
/* End PBXShellScriptBuildPhase section */

/* Begin PBXSourcesBuildPhase section */
		1D60588E0D05DD3D006BFB54 /* Sources */ = {
			isa = PBXSourcesBuildPhase;
			buildActionMask = 2147483647;
			files = (
				9EC7187119D765ED00EAFB02 /* ofxTCPManager.cpp in Sources */,
				9EFE2B441A0CFD060060D269 /* guiApp.cpp in Sources */,
				9E95940019DDA43F00D2C860 /* ofxRetinaTrueTypeFont.mm in Sources */,
				9EC7186C19D765ED00EAFB02 /* jsoncpp.cpp in Sources */,
				9EC71A0519D765ED00EAFB02 /* ofxXmlSettings.cpp in Sources */,
				9EC71A0319D765ED00EAFB02 /* tinyxmlerror.cpp in Sources */,
				9EC71A0219D765ED00EAFB02 /* tinyxml.cpp in Sources */,
				9EC7187219D765ED00EAFB02 /* ofxTCPServer.cpp in Sources */,
				9EC71A0419D765ED00EAFB02 /* tinyxmlparser.cpp in Sources */,
				9EC7187319D765ED00EAFB02 /* ofxUDPManager.cpp in Sources */,
				9EFE2B451A0CFD060060D269 /* main.cpp in Sources */,
				9EC7186E19D765ED00EAFB02 /* ofxJSONElement.cpp in Sources */,
				9EC7187019D765ED00EAFB02 /* ofxTCPClient.cpp in Sources */,
			);
			runOnlyForDeploymentPostprocessing = 0;
		};
/* End PBXSourcesBuildPhase section */

/* Begin PBXTargetDependency section */
		E41D410413B3A11300A75A5D /* PBXTargetDependency */ = {
			isa = PBXTargetDependency;
			name = "iPhone+OF Static Library";
			targetProxy = E41D410313B3A11300A75A5D /* PBXContainerItemProxy */;
		};
/* End PBXTargetDependency section */

/* Begin XCBuildConfiguration section */
		1D6058940D05DD3E006BFB54 /* Debug */ = {
			isa = XCBuildConfiguration;
			buildSettings = {
				ALWAYS_SEARCH_USER_PATHS = NO;
				GCC_PRECOMPILE_PREFIX_HEADER = YES;
				GCC_PREFIX_HEADER = ofxiOS_Prefix.pch;
				INFOPLIST_FILE = "ofxiOS-Info.plist";
				LIBRARY_SEARCH_PATHS = (
					"$(inherited)",
					"$(PROJECT_DIR)",
				);
				PRODUCT_NAME = "${TARGET_NAME}";
				VALID_ARCHS = "armv6 armv7";
			};
			name = Debug;
		};
		1D6058950D05DD3E006BFB54 /* Release */ = {
			isa = XCBuildConfiguration;
			buildSettings = {
				GCC_PRECOMPILE_PREFIX_HEADER = YES;
				GCC_PREFIX_HEADER = ofxiOS_Prefix.pch;
				INFOPLIST_FILE = "ofxiOS-Info.plist";
				LIBRARY_SEARCH_PATHS = (
					"$(inherited)",
					"$(PROJECT_DIR)",
				);
				PRODUCT_NAME = "${TARGET_NAME}";
				VALID_ARCHS = "armv6 armv7";
			};
			name = Release;
		};
		C01FCF4F08A954540054247B /* Debug */ = {
			isa = XCBuildConfiguration;
			baseConfigurationReference = E41D3ED613B38FB500A75A5D /* Project.xcconfig */;
			buildSettings = {
				ALWAYS_SEARCH_USER_PATHS = YES;
				ARCHS = "$(ARCHS_STANDARD_32_BIT)";
				CLANG_CXX_LIBRARY = "libstdc++";
				CODE_SIGN_IDENTITY = "";
				"CODE_SIGN_IDENTITY[sdk=iphoneos*]" = "iPhone Developer";
				COMPRESS_PNG_FILES = NO;
				GCC_C_LANGUAGE_STANDARD = c99;
				GCC_OPTIMIZATION_LEVEL = 0;
				GCC_SYMBOLS_PRIVATE_EXTERN = NO;
				GCC_WARN_ABOUT_INVALID_OFFSETOF_MACRO = NO;
				GCC_WARN_ABOUT_POINTER_SIGNEDNESS = NO;
				GCC_WARN_ABOUT_RETURN_TYPE = YES;
				GCC_WARN_ALLOW_INCOMPLETE_PROTOCOL = NO;
				GCC_WARN_PROTOTYPE_CONVERSION = NO;
				GCC_WARN_UNUSED_VARIABLE = YES;
				HEADER_SEARCH_PATHS = (
					"$(OF_CORE_HEADERS)",
					src,
					"../../../addons/ofxFontStash/libs/**",
					"../../../addons/ofxXmlSettings/**",
					"../../../addons/ofxNetwork/**",
					"../../../addons/ofxJSON/libs/**",
					"headers/**",
				);
				IPHONEOS_DEPLOYMENT_TARGET = 3.1;
				ONLY_ACTIVE_ARCH = NO;
				"PROVISIONING_PROFILE[sdk=iphoneos*]" = "";
				SDKROOT = iphoneos;
				TARGETED_DEVICE_FAMILY = 1;
				WARNING_LDFLAGS = "-no_arch_warnings";
			};
			name = Debug;
		};
		C01FCF5008A954540054247B /* Release */ = {
			isa = XCBuildConfiguration;
			baseConfigurationReference = E41D3ED613B38FB500A75A5D /* Project.xcconfig */;
			buildSettings = {
				ALWAYS_SEARCH_USER_PATHS = YES;
				ARCHS = "$(ARCHS_STANDARD_32_BIT)";
				CLANG_CXX_LIBRARY = "libstdc++";
				CODE_SIGN_IDENTITY = "";
				"CODE_SIGN_IDENTITY[sdk=iphoneos*]" = "iPhone Developer";
				COMPRESS_PNG_FILES = NO;
				GCC_C_LANGUAGE_STANDARD = c99;
				GCC_DYNAMIC_NO_PIC = YES;
				GCC_GENERATE_DEBUGGING_SYMBOLS = NO;
				GCC_OPTIMIZATION_LEVEL = 3;
				GCC_SYMBOLS_PRIVATE_EXTERN = NO;
				GCC_THUMB_SUPPORT = NO;
				GCC_WARN_ABOUT_RETURN_TYPE = YES;
				GCC_WARN_UNUSED_VARIABLE = YES;
				HEADER_SEARCH_PATHS = (
					"$(OF_CORE_HEADERS)",
					src,
					"../../../addons/ofxFontStash/libs/**",
					"../../../addons/ofxXmlSettings/**",
					"../../../addons/ofxNetwork/**",
					"../../../addons/ofxJSON/libs/**",
					"headers/**",
				);
				IPHONEOS_DEPLOYMENT_TARGET = 3.1;
				ONLY_ACTIVE_ARCH = NO;
				SDKROOT = iphoneos;
				TARGETED_DEVICE_FAMILY = 1;
				WARNING_LDFLAGS = "-no_arch_warnings";
			};
			name = Release;
		};
/* End XCBuildConfiguration section */

/* Begin XCConfigurationList section */
		1D6058960D05DD3E006BFB54 /* Build configuration list for PBXNativeTarget "ACS" */ = {
			isa = XCConfigurationList;
			buildConfigurations = (
				1D6058940D05DD3E006BFB54 /* Debug */,
				1D6058950D05DD3E006BFB54 /* Release */,
			);
			defaultConfigurationIsVisible = 0;
			defaultConfigurationName = Release;
		};
		C01FCF4E08A954540054247B /* Build configuration list for PBXProject "ACS_Iphone" */ = {
			isa = XCConfigurationList;
			buildConfigurations = (
				C01FCF4F08A954540054247B /* Debug */,
				C01FCF5008A954540054247B /* Release */,
			);
			defaultConfigurationIsVisible = 0;
			defaultConfigurationName = Release;
		};
/* End XCConfigurationList section */
	};
	rootObject = 29B97313FDCFA39411CA2CEA /* Project object */;
}
