// !$*UTF8*$!
{
	archiveVersion = 1;
	classes = {
	};
	objectVersion = 46;
	objects = {

/* Begin PBXBuildFile section */
		6474CBF619BCE019003C94E2 /* AVFoundation.framework in Frameworks */ = {isa = PBXBuildFile; fileRef = 6474CBF019BCE00B003C94E2 /* AVFoundation.framework */; };
		6474CBF719BCE019003C94E2 /* CoreMedia.framework in Frameworks */ = {isa = PBXBuildFile; fileRef = 6474CBF119BCE00B003C94E2 /* CoreMedia.framework */; };
		6474CBF819BCE019003C94E2 /* QuartzCore.framework in Frameworks */ = {isa = PBXBuildFile; fileRef = 6474CBF219BCE00B003C94E2 /* QuartzCore.framework */; };
		9E0081411AA8C01D005AB86C /* playersettings.xml in CopyFiles */ = {isa = PBXBuildFile; fileRef = 9E0081361AA8BFD5005AB86C /* playersettings.xml */; };
		9E0081431AA8C049005AB86C /* fonts.xml in CopyFiles */ = {isa = PBXBuildFile; fileRef = 9E0081381AA8BFD5005AB86C /* fonts.xml */; };
		9E0081441AA8C04B005AB86C /* logo.png in CopyFiles */ = {isa = PBXBuildFile; fileRef = 9E0081391AA8BFD5005AB86C /* logo.png */; };
		9E0081451AA8C04D005AB86C /* not-found.m4v in CopyFiles */ = {isa = PBXBuildFile; fileRef = 9E00813A1AA8BFD5005AB86C /* not-found.m4v */; };
		9E0081461AA8C056005AB86C /* not-found.mov in CopyFiles */ = {isa = PBXBuildFile; fileRef = 9E00813B1AA8BFD5005AB86C /* not-found.mov */; };
		9E0081471AA8C058005AB86C /* not-found.mp4 in CopyFiles */ = {isa = PBXBuildFile; fileRef = 9E00813C1AA8BFD5005AB86C /* not-found.mp4 */; };
		9E0081481AA8C05E005AB86C /* Roboto-Gui.ttf in CopyFiles */ = {isa = PBXBuildFile; fileRef = 9E00813D1AA8BFD5005AB86C /* Roboto-Gui.ttf */; };
		9E0081491AA8C05F005AB86C /* Roboto-Medium.ttf in CopyFiles */ = {isa = PBXBuildFile; fileRef = 9E00813E1AA8BFD5005AB86C /* Roboto-Medium.ttf */; };
		9E00814A1AA8C061005AB86C /* sync.png in CopyFiles */ = {isa = PBXBuildFile; fileRef = 9E00813F1AA8BFD5005AB86C /* sync.png */; };
		9E443A2519D2CE3C0033D685 /* libcurl.dylib in Frameworks */ = {isa = PBXBuildFile; fileRef = 9E443A2419D2CE3C0033D685 /* libcurl.dylib */; };
		9E4DBAA41A0D0036003941B1 /* main.cpp in Sources */ = {isa = PBXBuildFile; fileRef = 9E4DBA9D1A0D0036003941B1 /* main.cpp */; };
		9E4DBAA51A0D0036003941B1 /* ofApp.cpp in Sources */ = {isa = PBXBuildFile; fileRef = 9E4DBA9E1A0D0036003941B1 /* ofApp.cpp */; };
		9E9141EE1AACB58200860A8C /* gui.png in CopyFiles */ = {isa = PBXBuildFile; fileRef = 9E9141ED1AACB57400860A8C /* gui.png */; };
		9ECF64531AA0D13B00380B3C /* fontstash.c in Sources */ = {isa = PBXBuildFile; fileRef = 9ECF61521AA0D13200380B3C /* fontstash.c */; };
		9ECF64541AA0D13B00380B3C /* stb_truetype.c in Sources */ = {isa = PBXBuildFile; fileRef = 9ECF61541AA0D13200380B3C /* stb_truetype.c */; };
		9ECF64551AA0D13B00380B3C /* ofxFontStash.cpp in Sources */ = {isa = PBXBuildFile; fileRef = 9ECF61591AA0D13200380B3C /* ofxFontStash.cpp */; };
		9ECF64561AA0D13B00380B3C /* ofxGaplessVideoplayer.cpp in Sources */ = {isa = PBXBuildFile; fileRef = 9ECF615F1AA0D13200380B3C /* ofxGaplessVideoplayer.cpp */; };
		9ECF64631AA0D13B00380B3C /* jsoncpp.cpp in Sources */ = {isa = PBXBuildFile; fileRef = 9ECF61A71AA0D13300380B3C /* jsoncpp.cpp */; };
		9ECF64641AA0D13B00380B3C /* ofxJSONElement.cpp in Sources */ = {isa = PBXBuildFile; fileRef = 9ECF61AB1AA0D13300380B3C /* ofxJSONElement.cpp */; };
		9ECF64651AA0D13B00380B3C /* ofxTCPClient.cpp in Sources */ = {isa = PBXBuildFile; fileRef = 9ECF61B31AA0D13300380B3C /* ofxTCPClient.cpp */; };
		9ECF64661AA0D13B00380B3C /* ofxTCPManager.cpp in Sources */ = {isa = PBXBuildFile; fileRef = 9ECF61B51AA0D13300380B3C /* ofxTCPManager.cpp */; };
		9ECF64671AA0D13B00380B3C /* ofxTCPServer.cpp in Sources */ = {isa = PBXBuildFile; fileRef = 9ECF61B71AA0D13300380B3C /* ofxTCPServer.cpp */; };
		9ECF64681AA0D13B00380B3C /* ofxUDPManager.cpp in Sources */ = {isa = PBXBuildFile; fileRef = 9ECF61B91AA0D13300380B3C /* ofxUDPManager.cpp */; };
		9ECF649F1AA0D13B00380B3C /* ofxUI2DGraph.cpp in Sources */ = {isa = PBXBuildFile; fileRef = 9ECF63BD1AA0D13A00380B3C /* ofxUI2DGraph.cpp */; };
		9ECF64A01AA0D13B00380B3C /* ofxUI2DPad.cpp in Sources */ = {isa = PBXBuildFile; fileRef = 9ECF63BF1AA0D13A00380B3C /* ofxUI2DPad.cpp */; };
		9ECF64A11AA0D13B00380B3C /* ofxUIBaseDraws.cpp in Sources */ = {isa = PBXBuildFile; fileRef = 9ECF63C11AA0D13A00380B3C /* ofxUIBaseDraws.cpp */; };
		9ECF64A21AA0D13B00380B3C /* ofxUIBiLabelSlider.cpp in Sources */ = {isa = PBXBuildFile; fileRef = 9ECF63C31AA0D13A00380B3C /* ofxUIBiLabelSlider.cpp */; };
		9ECF64A31AA0D13B00380B3C /* ofxUIButton.cpp in Sources */ = {isa = PBXBuildFile; fileRef = 9ECF63C51AA0D13A00380B3C /* ofxUIButton.cpp */; };
		9ECF64A41AA0D13B00380B3C /* ofxUICanvas.cpp in Sources */ = {isa = PBXBuildFile; fileRef = 9ECF63C71AA0D13A00380B3C /* ofxUICanvas.cpp */; };
		9ECF64A51AA0D13B00380B3C /* ofxUICircleSlider.cpp in Sources */ = {isa = PBXBuildFile; fileRef = 9ECF63C91AA0D13A00380B3C /* ofxUICircleSlider.cpp */; };
		9ECF64A61AA0D13B00380B3C /* ofxUIDragableLabelButton.cpp in Sources */ = {isa = PBXBuildFile; fileRef = 9ECF63CC1AA0D13A00380B3C /* ofxUIDragableLabelButton.cpp */; };
		9ECF64A71AA0D13B00380B3C /* ofxUIDropDownList.cpp in Sources */ = {isa = PBXBuildFile; fileRef = 9ECF63CE1AA0D13A00380B3C /* ofxUIDropDownList.cpp */; };
		9ECF64A81AA0D13B00380B3C /* ofxUIEventArgs.cpp in Sources */ = {isa = PBXBuildFile; fileRef = 9ECF63D01AA0D13A00380B3C /* ofxUIEventArgs.cpp */; };
		9ECF64A91AA0D13B00380B3C /* ofxUIFPS.cpp in Sources */ = {isa = PBXBuildFile; fileRef = 9ECF63D21AA0D13A00380B3C /* ofxUIFPS.cpp */; };
		9ECF64AA1AA0D13B00380B3C /* ofxUIFPSSlider.cpp in Sources */ = {isa = PBXBuildFile; fileRef = 9ECF63D41AA0D13A00380B3C /* ofxUIFPSSlider.cpp */; };
		9ECF64AB1AA0D13B00380B3C /* ofxUIImage.cpp in Sources */ = {isa = PBXBuildFile; fileRef = 9ECF63D61AA0D13A00380B3C /* ofxUIImage.cpp */; };
		9ECF64AC1AA0D13B00380B3C /* ofxUIImageButton.cpp in Sources */ = {isa = PBXBuildFile; fileRef = 9ECF63D81AA0D13A00380B3C /* ofxUIImageButton.cpp */; };
		9ECF64AD1AA0D13B00380B3C /* ofxUIImageSampler.cpp in Sources */ = {isa = PBXBuildFile; fileRef = 9ECF63DA1AA0D13A00380B3C /* ofxUIImageSampler.cpp */; };
		9ECF64AE1AA0D13B00380B3C /* ofxUIImageSlider.cpp in Sources */ = {isa = PBXBuildFile; fileRef = 9ECF63DC1AA0D13A00380B3C /* ofxUIImageSlider.cpp */; };
		9ECF64AF1AA0D13B00380B3C /* ofxUIImageToggle.cpp in Sources */ = {isa = PBXBuildFile; fileRef = 9ECF63DE1AA0D13A00380B3C /* ofxUIImageToggle.cpp */; };
		9ECF64B01AA0D13B00380B3C /* ofxUILabel.cpp in Sources */ = {isa = PBXBuildFile; fileRef = 9ECF63E01AA0D13B00380B3C /* ofxUILabel.cpp */; };
		9ECF64B11AA0D13B00380B3C /* ofxUILabelButton.cpp in Sources */ = {isa = PBXBuildFile; fileRef = 9ECF63E21AA0D13B00380B3C /* ofxUILabelButton.cpp */; };
		9ECF64B21AA0D13B00380B3C /* ofxUILabelToggle.cpp in Sources */ = {isa = PBXBuildFile; fileRef = 9ECF63E41AA0D13B00380B3C /* ofxUILabelToggle.cpp */; };
		9ECF64B31AA0D13B00380B3C /* ofxUIMinimalSlider.cpp in Sources */ = {isa = PBXBuildFile; fileRef = 9ECF63E61AA0D13B00380B3C /* ofxUIMinimalSlider.cpp */; };
		9ECF64B41AA0D13B00380B3C /* ofxUIMovingGraph.cpp in Sources */ = {isa = PBXBuildFile; fileRef = 9ECF63E81AA0D13B00380B3C /* ofxUIMovingGraph.cpp */; };
		9ECF64B51AA0D13B00380B3C /* ofxUIMultiImageButton.cpp in Sources */ = {isa = PBXBuildFile; fileRef = 9ECF63EA1AA0D13B00380B3C /* ofxUIMultiImageButton.cpp */; };
		9ECF64B61AA0D13B00380B3C /* ofxUIMultiImageToggle.cpp in Sources */ = {isa = PBXBuildFile; fileRef = 9ECF63EC1AA0D13B00380B3C /* ofxUIMultiImageToggle.cpp */; };
		9ECF64B71AA0D13B00380B3C /* ofxUINumberDialer.cpp in Sources */ = {isa = PBXBuildFile; fileRef = 9ECF63EE1AA0D13B00380B3C /* ofxUINumberDialer.cpp */; };
		9ECF64B81AA0D13B00380B3C /* ofxUIRadio.cpp in Sources */ = {isa = PBXBuildFile; fileRef = 9ECF63F11AA0D13B00380B3C /* ofxUIRadio.cpp */; };
		9ECF64B91AA0D13B00380B3C /* ofxUIRangeSlider.cpp in Sources */ = {isa = PBXBuildFile; fileRef = 9ECF63F31AA0D13B00380B3C /* ofxUIRangeSlider.cpp */; };
		9ECF64BA1AA0D13B00380B3C /* ofxUIRectangle.cpp in Sources */ = {isa = PBXBuildFile; fileRef = 9ECF63F51AA0D13B00380B3C /* ofxUIRectangle.cpp */; };
		9ECF64BB1AA0D13B00380B3C /* ofxUIRotarySlider.cpp in Sources */ = {isa = PBXBuildFile; fileRef = 9ECF63F71AA0D13B00380B3C /* ofxUIRotarySlider.cpp */; };
		9ECF64BC1AA0D13B00380B3C /* ofxUIScrollableCanvas.cpp in Sources */ = {isa = PBXBuildFile; fileRef = 9ECF63F91AA0D13B00380B3C /* ofxUIScrollableCanvas.cpp */; };
		9ECF64BD1AA0D13B00380B3C /* ofxUISlider.cpp in Sources */ = {isa = PBXBuildFile; fileRef = 9ECF63FB1AA0D13B00380B3C /* ofxUISlider.cpp */; };
		9ECF64BE1AA0D13B00380B3C /* ofxUISortableList.cpp in Sources */ = {isa = PBXBuildFile; fileRef = 9ECF63FD1AA0D13B00380B3C /* ofxUISortableList.cpp */; };
		9ECF64BF1AA0D13B00380B3C /* ofxUISpacer.cpp in Sources */ = {isa = PBXBuildFile; fileRef = 9ECF63FF1AA0D13B00380B3C /* ofxUISpacer.cpp */; };
		9ECF64C01AA0D13B00380B3C /* ofxUISpectrum.cpp in Sources */ = {isa = PBXBuildFile; fileRef = 9ECF64011AA0D13B00380B3C /* ofxUISpectrum.cpp */; };
		9ECF64C11AA0D13B00380B3C /* ofxUISuperCanvas.cpp in Sources */ = {isa = PBXBuildFile; fileRef = 9ECF64031AA0D13B00380B3C /* ofxUISuperCanvas.cpp */; };
		9ECF64C21AA0D13B00380B3C /* ofxUITabBar.cpp in Sources */ = {isa = PBXBuildFile; fileRef = 9ECF64051AA0D13B00380B3C /* ofxUITabBar.cpp */; };
		9ECF64C31AA0D13B00380B3C /* ofxUITextArea.cpp in Sources */ = {isa = PBXBuildFile; fileRef = 9ECF64071AA0D13B00380B3C /* ofxUITextArea.cpp */; };
		9ECF64C41AA0D13B00380B3C /* ofxUITextInput.cpp in Sources */ = {isa = PBXBuildFile; fileRef = 9ECF64091AA0D13B00380B3C /* ofxUITextInput.cpp */; };
		9ECF64C51AA0D13B00380B3C /* ofxUIToggle.cpp in Sources */ = {isa = PBXBuildFile; fileRef = 9ECF640B1AA0D13B00380B3C /* ofxUIToggle.cpp */; };
		9ECF64C61AA0D13B00380B3C /* ofxUIToggleMatrix.cpp in Sources */ = {isa = PBXBuildFile; fileRef = 9ECF640D1AA0D13B00380B3C /* ofxUIToggleMatrix.cpp */; };
		9ECF64C71AA0D13B00380B3C /* ofxUIValuePlotter.cpp in Sources */ = {isa = PBXBuildFile; fileRef = 9ECF64101AA0D13B00380B3C /* ofxUIValuePlotter.cpp */; };
		9ECF64C81AA0D13B00380B3C /* ofxUIWaveform.cpp in Sources */ = {isa = PBXBuildFile; fileRef = 9ECF64121AA0D13B00380B3C /* ofxUIWaveform.cpp */; };
		9ECF64C91AA0D13B00380B3C /* ofxUIWidget.cpp in Sources */ = {isa = PBXBuildFile; fileRef = 9ECF64141AA0D13B00380B3C /* ofxUIWidget.cpp */; };
		9ECF64CA1AA0D13B00380B3C /* ofxUIWidgetWithLabel.cpp in Sources */ = {isa = PBXBuildFile; fileRef = 9ECF64171AA0D13B00380B3C /* ofxUIWidgetWithLabel.cpp */; };
		9ECF64CD1AA0D13B00380B3C /* ofTextConverter.cpp in Sources */ = {isa = PBXBuildFile; fileRef = 9ECF64421AA0D13B00380B3C /* ofTextConverter.cpp */; };
		9ECF64CE1AA0D13B00380B3C /* ofUnicode.cpp in Sources */ = {isa = PBXBuildFile; fileRef = 9ECF64441AA0D13B00380B3C /* ofUnicode.cpp */; };
		9ECF64CF1AA0D13B00380B3C /* ofUTF8.cpp in Sources */ = {isa = PBXBuildFile; fileRef = 9ECF64461AA0D13B00380B3C /* ofUTF8.cpp */; };
		9ECF64D01AA0D13B00380B3C /* tinyxml.cpp in Sources */ = {isa = PBXBuildFile; fileRef = 9ECF644A1AA0D13B00380B3C /* tinyxml.cpp */; };
		9ECF64D11AA0D13B00380B3C /* tinyxmlerror.cpp in Sources */ = {isa = PBXBuildFile; fileRef = 9ECF644C1AA0D13B00380B3C /* tinyxmlerror.cpp */; };
		9ECF64D21AA0D13B00380B3C /* tinyxmlparser.cpp in Sources */ = {isa = PBXBuildFile; fileRef = 9ECF644D1AA0D13B00380B3C /* tinyxmlparser.cpp */; };
		9ECF64D31AA0D13B00380B3C /* ofxXmlSettings.cpp in Sources */ = {isa = PBXBuildFile; fileRef = 9ECF644F1AA0D13B00380B3C /* ofxXmlSettings.cpp */; };
		BBAB23CB13894F3D00AA2426 /* GLUT.framework in CopyFiles */ = {isa = PBXBuildFile; fileRef = BBAB23BE13894E4700AA2426 /* GLUT.framework */; };
		E4328149138ABC9F0047C5CB /* openFrameworksDebug.a in Frameworks */ = {isa = PBXBuildFile; fileRef = E4328148138ABC890047C5CB /* openFrameworksDebug.a */; };
		E45BE97B0E8CC7DD009D7055 /* AGL.framework in Frameworks */ = {isa = PBXBuildFile; fileRef = E45BE9710E8CC7DD009D7055 /* AGL.framework */; };
		E45BE97C0E8CC7DD009D7055 /* ApplicationServices.framework in Frameworks */ = {isa = PBXBuildFile; fileRef = E45BE9720E8CC7DD009D7055 /* ApplicationServices.framework */; };
		E45BE97D0E8CC7DD009D7055 /* AudioToolbox.framework in Frameworks */ = {isa = PBXBuildFile; fileRef = E45BE9730E8CC7DD009D7055 /* AudioToolbox.framework */; };
		E45BE97F0E8CC7DD009D7055 /* CoreAudio.framework in Frameworks */ = {isa = PBXBuildFile; fileRef = E45BE9750E8CC7DD009D7055 /* CoreAudio.framework */; };
		E45BE9800E8CC7DD009D7055 /* CoreFoundation.framework in Frameworks */ = {isa = PBXBuildFile; fileRef = E45BE9760E8CC7DD009D7055 /* CoreFoundation.framework */; };
		E45BE9810E8CC7DD009D7055 /* CoreServices.framework in Frameworks */ = {isa = PBXBuildFile; fileRef = E45BE9770E8CC7DD009D7055 /* CoreServices.framework */; };
		E45BE9830E8CC7DD009D7055 /* OpenGL.framework in Frameworks */ = {isa = PBXBuildFile; fileRef = E45BE9790E8CC7DD009D7055 /* OpenGL.framework */; };
		E45BE9840E8CC7DD009D7055 /* QuickTime.framework in Frameworks */ = {isa = PBXBuildFile; fileRef = E45BE97A0E8CC7DD009D7055 /* QuickTime.framework */; };
		E4C2424710CC5A17004149E2 /* AppKit.framework in Frameworks */ = {isa = PBXBuildFile; fileRef = E4C2424410CC5A17004149E2 /* AppKit.framework */; };
		E4C2424810CC5A17004149E2 /* Cocoa.framework in Frameworks */ = {isa = PBXBuildFile; fileRef = E4C2424510CC5A17004149E2 /* Cocoa.framework */; };
		E4C2424910CC5A17004149E2 /* IOKit.framework in Frameworks */ = {isa = PBXBuildFile; fileRef = E4C2424610CC5A17004149E2 /* IOKit.framework */; };
		E4EB6799138ADC1D00A09F29 /* GLUT.framework in Frameworks */ = {isa = PBXBuildFile; fileRef = BBAB23BE13894E4700AA2426 /* GLUT.framework */; };
		E7E077E515D3B63C0020DFD4 /* CoreVideo.framework in Frameworks */ = {isa = PBXBuildFile; fileRef = E7E077E415D3B63C0020DFD4 /* CoreVideo.framework */; };
		E7E077E815D3B6510020DFD4 /* QTKit.framework in Frameworks */ = {isa = PBXBuildFile; fileRef = E7E077E715D3B6510020DFD4 /* QTKit.framework */; };
		E7F985F815E0DEA3003869B5 /* Accelerate.framework in Frameworks */ = {isa = PBXBuildFile; fileRef = E7F985F515E0DE99003869B5 /* Accelerate.framework */; };
/* End PBXBuildFile section */

/* Begin PBXContainerItemProxy section */
		E4328147138ABC890047C5CB /* PBXContainerItemProxy */ = {
			isa = PBXContainerItemProxy;
			containerPortal = E4328143138ABC890047C5CB /* openFrameworksLib.xcodeproj */;
			proxyType = 2;
			remoteGlobalIDString = E4B27C1510CBEB8E00536013;
			remoteInfo = openFrameworks;
		};
		E4EEB9AB138B136A00A80321 /* PBXContainerItemProxy */ = {
			isa = PBXContainerItemProxy;
			containerPortal = E4328143138ABC890047C5CB /* openFrameworksLib.xcodeproj */;
			proxyType = 1;
			remoteGlobalIDString = E4B27C1410CBEB8E00536013;
			remoteInfo = openFrameworks;
		};
/* End PBXContainerItemProxy section */

/* Begin PBXCopyFilesBuildPhase section */
		9E0081401AA8C005005AB86C /* CopyFiles */ = {
			isa = PBXCopyFilesBuildPhase;
			buildActionMask = 2147483647;
			dstPath = data;
			dstSubfolderSpec = 7;
			files = (
				9E0081411AA8C01D005AB86C /* playersettings.xml in CopyFiles */,
			);
			runOnlyForDeploymentPostprocessing = 0;
		};
		9E0081421AA8C031005AB86C /* CopyFiles */ = {
			isa = PBXCopyFilesBuildPhase;
			buildActionMask = 2147483647;
			dstPath = data/static;
			dstSubfolderSpec = 7;
			files = (
				9E9141EE1AACB58200860A8C /* gui.png in CopyFiles */,
				9E0081431AA8C049005AB86C /* fonts.xml in CopyFiles */,
				9E0081461AA8C056005AB86C /* not-found.mov in CopyFiles */,
				9E0081491AA8C05F005AB86C /* Roboto-Medium.ttf in CopyFiles */,
				9E00814A1AA8C061005AB86C /* sync.png in CopyFiles */,
				9E0081481AA8C05E005AB86C /* Roboto-Gui.ttf in CopyFiles */,
				9E0081471AA8C058005AB86C /* not-found.mp4 in CopyFiles */,
				9E0081441AA8C04B005AB86C /* logo.png in CopyFiles */,
				9E0081451AA8C04D005AB86C /* not-found.m4v in CopyFiles */,
			);
			runOnlyForDeploymentPostprocessing = 0;
		};
		E4C2427710CC5ABF004149E2 /* CopyFiles */ = {
			isa = PBXCopyFilesBuildPhase;
			buildActionMask = 2147483647;
			dstPath = "";
			dstSubfolderSpec = 10;
			files = (
				BBAB23CB13894F3D00AA2426 /* GLUT.framework in CopyFiles */,
			);
			runOnlyForDeploymentPostprocessing = 0;
		};
/* End PBXCopyFilesBuildPhase section */

/* Begin PBXFileReference section */
		6474CBF019BCE00B003C94E2 /* AVFoundation.framework */ = {isa = PBXFileReference; lastKnownFileType = wrapper.framework; name = AVFoundation.framework; path = System/Library/Frameworks/AVFoundation.framework; sourceTree = SDKROOT; };
		6474CBF119BCE00B003C94E2 /* CoreMedia.framework */ = {isa = PBXFileReference; lastKnownFileType = wrapper.framework; name = CoreMedia.framework; path = System/Library/Frameworks/CoreMedia.framework; sourceTree = SDKROOT; };
		6474CBF219BCE00B003C94E2 /* QuartzCore.framework */ = {isa = PBXFileReference; lastKnownFileType = wrapper.framework; name = QuartzCore.framework; path = System/Library/Frameworks/QuartzCore.framework; sourceTree = SDKROOT; };
		9E0081361AA8BFD5005AB86C /* playersettings.xml */ = {isa = PBXFileReference; lastKnownFileType = text.xml; path = playersettings.xml; sourceTree = "<group>"; };
		9E0081381AA8BFD5005AB86C /* fonts.xml */ = {isa = PBXFileReference; lastKnownFileType = text.xml; path = fonts.xml; sourceTree = "<group>"; };
		9E0081391AA8BFD5005AB86C /* logo.png */ = {isa = PBXFileReference; lastKnownFileType = image.png; path = logo.png; sourceTree = "<group>"; };
		9E00813A1AA8BFD5005AB86C /* not-found.m4v */ = {isa = PBXFileReference; lastKnownFileType = file; path = "not-found.m4v"; sourceTree = "<group>"; };
		9E00813B1AA8BFD5005AB86C /* not-found.mov */ = {isa = PBXFileReference; lastKnownFileType = video.quicktime; path = "not-found.mov"; sourceTree = "<group>"; };
		9E00813C1AA8BFD5005AB86C /* not-found.mp4 */ = {isa = PBXFileReference; lastKnownFileType = file; path = "not-found.mp4"; sourceTree = "<group>"; };
		9E00813D1AA8BFD5005AB86C /* Roboto-Gui.ttf */ = {isa = PBXFileReference; lastKnownFileType = file; path = "Roboto-Gui.ttf"; sourceTree = "<group>"; };
		9E00813E1AA8BFD5005AB86C /* Roboto-Medium.ttf */ = {isa = PBXFileReference; lastKnownFileType = file; path = "Roboto-Medium.ttf"; sourceTree = "<group>"; };
		9E00813F1AA8BFD5005AB86C /* sync.png */ = {isa = PBXFileReference; lastKnownFileType = image.png; path = sync.png; sourceTree = "<group>"; };
		9E443A2419D2CE3C0033D685 /* libcurl.dylib */ = {isa = PBXFileReference; lastKnownFileType = "compiled.mach-o.dylib"; name = libcurl.dylib; path = usr/lib/libcurl.dylib; sourceTree = SDKROOT; };
		9E4DBA9C1A0D0036003941B1 /* configThread.h */ = {isa = PBXFileReference; fileEncoding = 4; lastKnownFileType = sourcecode.c.h; name = configThread.h; path = ../../../../../player/src/configThread.h; sourceTree = "<group>"; };
		9E4DBA9D1A0D0036003941B1 /* main.cpp */ = {isa = PBXFileReference; fileEncoding = 4; lastKnownFileType = sourcecode.cpp.cpp; name = main.cpp; path = ../../../../../player/src/main.cpp; sourceTree = "<group>"; };
		9E4DBA9E1A0D0036003941B1 /* ofApp.cpp */ = {isa = PBXFileReference; fileEncoding = 4; lastKnownFileType = sourcecode.cpp.cpp; name = ofApp.cpp; path = ../../../../../player/src/ofApp.cpp; sourceTree = "<group>"; };
		9E4DBA9F1A0D0036003941B1 /* ofApp.h */ = {isa = PBXFileReference; fileEncoding = 4; lastKnownFileType = sourcecode.c.h; name = ofApp.h; path = ../../../../../player/src/ofApp.h; sourceTree = "<group>"; };
		9E4DBAA01A0D0036003941B1 /* subtitleThread.h */ = {isa = PBXFileReference; fileEncoding = 4; lastKnownFileType = sourcecode.c.h; name = subtitleThread.h; path = ../../../../../player/src/subtitleThread.h; sourceTree = "<group>"; };
		9E4DBAA11A0D0036003941B1 /* syncThread.h */ = {isa = PBXFileReference; fileEncoding = 4; lastKnownFileType = sourcecode.c.h; name = syncThread.h; path = ../../../../../player/src/syncThread.h; sourceTree = "<group>"; };
		9E4DBAA21A0D0036003941B1 /* threadedLoader.h */ = {isa = PBXFileReference; fileEncoding = 4; lastKnownFileType = sourcecode.c.h; name = threadedLoader.h; path = ../../../../../player/src/threadedLoader.h; sourceTree = "<group>"; };
		9E4DBAA31A0D0036003941B1 /* threadedSoundplayer.h */ = {isa = PBXFileReference; fileEncoding = 4; lastKnownFileType = sourcecode.c.h; name = threadedSoundplayer.h; path = ../../../../../player/src/threadedSoundplayer.h; sourceTree = "<group>"; };
		9E9141ED1AACB57400860A8C /* gui.png */ = {isa = PBXFileReference; lastKnownFileType = image.png; name = gui.png; path = ../../../../../../../player/bin/data/static/gui.png; sourceTree = "<group>"; };
		9EC1AB5E19D07FDB0053B19D /* addons.make */ = {isa = PBXFileReference; fileEncoding = 4; lastKnownFileType = text; path = addons.make; sourceTree = "<group>"; };
		9ECF61521AA0D13200380B3C /* fontstash.c */ = {isa = PBXFileReference; fileEncoding = 4; lastKnownFileType = sourcecode.c.c; path = fontstash.c; sourceTree = "<group>"; };
		9ECF61531AA0D13200380B3C /* fontstash.h */ = {isa = PBXFileReference; fileEncoding = 4; lastKnownFileType = sourcecode.c.h; path = fontstash.h; sourceTree = "<group>"; };
		9ECF61541AA0D13200380B3C /* stb_truetype.c */ = {isa = PBXFileReference; fileEncoding = 4; lastKnownFileType = sourcecode.c.c; path = stb_truetype.c; sourceTree = "<group>"; };
		9ECF61551AA0D13200380B3C /* stb_truetype.h */ = {isa = PBXFileReference; fileEncoding = 4; lastKnownFileType = sourcecode.c.h; path = stb_truetype.h; sourceTree = "<group>"; };
		9ECF61591AA0D13200380B3C /* ofxFontStash.cpp */ = {isa = PBXFileReference; fileEncoding = 4; lastKnownFileType = sourcecode.cpp.cpp; path = ofxFontStash.cpp; sourceTree = "<group>"; };
		9ECF615A1AA0D13200380B3C /* ofxFontStash.h */ = {isa = PBXFileReference; fileEncoding = 4; lastKnownFileType = sourcecode.c.h; path = ofxFontStash.h; sourceTree = "<group>"; };
		9ECF615F1AA0D13200380B3C /* ofxGaplessVideoplayer.cpp */ = {isa = PBXFileReference; fileEncoding = 4; lastKnownFileType = sourcecode.cpp.cpp; path = ofxGaplessVideoplayer.cpp; sourceTree = "<group>"; };
		9ECF61601AA0D13200380B3C /* ofxGaplessVideoplayer.h */ = {isa = PBXFileReference; fileEncoding = 4; lastKnownFileType = sourcecode.c.h; path = ofxGaplessVideoplayer.h; sourceTree = "<group>"; };
		9ECF61A41AA0D13300380B3C /* json-forwards.h */ = {isa = PBXFileReference; fileEncoding = 4; lastKnownFileType = sourcecode.c.h; path = "json-forwards.h"; sourceTree = "<group>"; };
		9ECF61A51AA0D13300380B3C /* json.h */ = {isa = PBXFileReference; fileEncoding = 4; lastKnownFileType = sourcecode.c.h; path = json.h; sourceTree = "<group>"; };
		9ECF61A71AA0D13300380B3C /* jsoncpp.cpp */ = {isa = PBXFileReference; fileEncoding = 4; lastKnownFileType = sourcecode.cpp.cpp; path = jsoncpp.cpp; sourceTree = "<group>"; };
		9ECF61AA1AA0D13300380B3C /* ofxJSON.h */ = {isa = PBXFileReference; fileEncoding = 4; lastKnownFileType = sourcecode.c.h; path = ofxJSON.h; sourceTree = "<group>"; };
		9ECF61AB1AA0D13300380B3C /* ofxJSONElement.cpp */ = {isa = PBXFileReference; fileEncoding = 4; lastKnownFileType = sourcecode.cpp.cpp; path = ofxJSONElement.cpp; sourceTree = "<group>"; };
		9ECF61AC1AA0D13300380B3C /* ofxJSONElement.h */ = {isa = PBXFileReference; fileEncoding = 4; lastKnownFileType = sourcecode.c.h; path = ofxJSONElement.h; sourceTree = "<group>"; };
		9ECF61B11AA0D13300380B3C /* ofxNetwork.h */ = {isa = PBXFileReference; fileEncoding = 4; lastKnownFileType = sourcecode.c.h; path = ofxNetwork.h; sourceTree = "<group>"; };
		9ECF61B21AA0D13300380B3C /* ofxNetworkUtils.h */ = {isa = PBXFileReference; fileEncoding = 4; lastKnownFileType = sourcecode.c.h; path = ofxNetworkUtils.h; sourceTree = "<group>"; };
		9ECF61B31AA0D13300380B3C /* ofxTCPClient.cpp */ = {isa = PBXFileReference; fileEncoding = 4; lastKnownFileType = sourcecode.cpp.cpp; path = ofxTCPClient.cpp; sourceTree = "<group>"; };
		9ECF61B41AA0D13300380B3C /* ofxTCPClient.h */ = {isa = PBXFileReference; fileEncoding = 4; lastKnownFileType = sourcecode.c.h; path = ofxTCPClient.h; sourceTree = "<group>"; };
		9ECF61B51AA0D13300380B3C /* ofxTCPManager.cpp */ = {isa = PBXFileReference; fileEncoding = 4; lastKnownFileType = sourcecode.cpp.cpp; path = ofxTCPManager.cpp; sourceTree = "<group>"; };
		9ECF61B61AA0D13300380B3C /* ofxTCPManager.h */ = {isa = PBXFileReference; fileEncoding = 4; lastKnownFileType = sourcecode.c.h; path = ofxTCPManager.h; sourceTree = "<group>"; };
		9ECF61B71AA0D13300380B3C /* ofxTCPServer.cpp */ = {isa = PBXFileReference; fileEncoding = 4; lastKnownFileType = sourcecode.cpp.cpp; path = ofxTCPServer.cpp; sourceTree = "<group>"; };
		9ECF61B81AA0D13300380B3C /* ofxTCPServer.h */ = {isa = PBXFileReference; fileEncoding = 4; lastKnownFileType = sourcecode.c.h; path = ofxTCPServer.h; sourceTree = "<group>"; };
		9ECF61B91AA0D13300380B3C /* ofxUDPManager.cpp */ = {isa = PBXFileReference; fileEncoding = 4; lastKnownFileType = sourcecode.cpp.cpp; path = ofxUDPManager.cpp; sourceTree = "<group>"; };
		9ECF61BA1AA0D13300380B3C /* ofxUDPManager.h */ = {isa = PBXFileReference; fileEncoding = 4; lastKnownFileType = sourcecode.c.h; path = ofxUDPManager.h; sourceTree = "<group>"; };
		9ECF63BC1AA0D13A00380B3C /* ofxUI.h */ = {isa = PBXFileReference; fileEncoding = 4; lastKnownFileType = sourcecode.c.h; path = ofxUI.h; sourceTree = "<group>"; };
		9ECF63BD1AA0D13A00380B3C /* ofxUI2DGraph.cpp */ = {isa = PBXFileReference; fileEncoding = 4; lastKnownFileType = sourcecode.cpp.cpp; path = ofxUI2DGraph.cpp; sourceTree = "<group>"; };
		9ECF63BE1AA0D13A00380B3C /* ofxUI2DGraph.h */ = {isa = PBXFileReference; fileEncoding = 4; lastKnownFileType = sourcecode.c.h; path = ofxUI2DGraph.h; sourceTree = "<group>"; };
		9ECF63BF1AA0D13A00380B3C /* ofxUI2DPad.cpp */ = {isa = PBXFileReference; fileEncoding = 4; lastKnownFileType = sourcecode.cpp.cpp; path = ofxUI2DPad.cpp; sourceTree = "<group>"; };
		9ECF63C01AA0D13A00380B3C /* ofxUI2DPad.h */ = {isa = PBXFileReference; fileEncoding = 4; lastKnownFileType = sourcecode.c.h; path = ofxUI2DPad.h; sourceTree = "<group>"; };
		9ECF63C11AA0D13A00380B3C /* ofxUIBaseDraws.cpp */ = {isa = PBXFileReference; fileEncoding = 4; lastKnownFileType = sourcecode.cpp.cpp; path = ofxUIBaseDraws.cpp; sourceTree = "<group>"; };
		9ECF63C21AA0D13A00380B3C /* ofxUIBaseDraws.h */ = {isa = PBXFileReference; fileEncoding = 4; lastKnownFileType = sourcecode.c.h; path = ofxUIBaseDraws.h; sourceTree = "<group>"; };
		9ECF63C31AA0D13A00380B3C /* ofxUIBiLabelSlider.cpp */ = {isa = PBXFileReference; fileEncoding = 4; lastKnownFileType = sourcecode.cpp.cpp; path = ofxUIBiLabelSlider.cpp; sourceTree = "<group>"; };
		9ECF63C41AA0D13A00380B3C /* ofxUIBiLabelSlider.h */ = {isa = PBXFileReference; fileEncoding = 4; lastKnownFileType = sourcecode.c.h; path = ofxUIBiLabelSlider.h; sourceTree = "<group>"; };
		9ECF63C51AA0D13A00380B3C /* ofxUIButton.cpp */ = {isa = PBXFileReference; fileEncoding = 4; lastKnownFileType = sourcecode.cpp.cpp; path = ofxUIButton.cpp; sourceTree = "<group>"; };
		9ECF63C61AA0D13A00380B3C /* ofxUIButton.h */ = {isa = PBXFileReference; fileEncoding = 4; lastKnownFileType = sourcecode.c.h; path = ofxUIButton.h; sourceTree = "<group>"; };
		9ECF63C71AA0D13A00380B3C /* ofxUICanvas.cpp */ = {isa = PBXFileReference; fileEncoding = 4; lastKnownFileType = sourcecode.cpp.cpp; path = ofxUICanvas.cpp; sourceTree = "<group>"; };
		9ECF63C81AA0D13A00380B3C /* ofxUICanvas.h */ = {isa = PBXFileReference; fileEncoding = 4; lastKnownFileType = sourcecode.c.h; path = ofxUICanvas.h; sourceTree = "<group>"; };
		9ECF63C91AA0D13A00380B3C /* ofxUICircleSlider.cpp */ = {isa = PBXFileReference; fileEncoding = 4; lastKnownFileType = sourcecode.cpp.cpp; path = ofxUICircleSlider.cpp; sourceTree = "<group>"; };
		9ECF63CA1AA0D13A00380B3C /* ofxUICircleSlider.h */ = {isa = PBXFileReference; fileEncoding = 4; lastKnownFileType = sourcecode.c.h; path = ofxUICircleSlider.h; sourceTree = "<group>"; };
		9ECF63CB1AA0D13A00380B3C /* ofxUIDefines.h */ = {isa = PBXFileReference; fileEncoding = 4; lastKnownFileType = sourcecode.c.h; path = ofxUIDefines.h; sourceTree = "<group>"; };
		9ECF63CC1AA0D13A00380B3C /* ofxUIDragableLabelButton.cpp */ = {isa = PBXFileReference; fileEncoding = 4; lastKnownFileType = sourcecode.cpp.cpp; path = ofxUIDragableLabelButton.cpp; sourceTree = "<group>"; };
		9ECF63CD1AA0D13A00380B3C /* ofxUIDragableLabelButton.h */ = {isa = PBXFileReference; fileEncoding = 4; lastKnownFileType = sourcecode.c.h; path = ofxUIDragableLabelButton.h; sourceTree = "<group>"; };
		9ECF63CE1AA0D13A00380B3C /* ofxUIDropDownList.cpp */ = {isa = PBXFileReference; fileEncoding = 4; lastKnownFileType = sourcecode.cpp.cpp; path = ofxUIDropDownList.cpp; sourceTree = "<group>"; };
		9ECF63CF1AA0D13A00380B3C /* ofxUIDropDownList.h */ = {isa = PBXFileReference; fileEncoding = 4; lastKnownFileType = sourcecode.c.h; path = ofxUIDropDownList.h; sourceTree = "<group>"; };
		9ECF63D01AA0D13A00380B3C /* ofxUIEventArgs.cpp */ = {isa = PBXFileReference; fileEncoding = 4; lastKnownFileType = sourcecode.cpp.cpp; path = ofxUIEventArgs.cpp; sourceTree = "<group>"; };
		9ECF63D11AA0D13A00380B3C /* ofxUIEventArgs.h */ = {isa = PBXFileReference; fileEncoding = 4; lastKnownFileType = sourcecode.c.h; path = ofxUIEventArgs.h; sourceTree = "<group>"; };
		9ECF63D21AA0D13A00380B3C /* ofxUIFPS.cpp */ = {isa = PBXFileReference; fileEncoding = 4; lastKnownFileType = sourcecode.cpp.cpp; path = ofxUIFPS.cpp; sourceTree = "<group>"; };
		9ECF63D31AA0D13A00380B3C /* ofxUIFPS.h */ = {isa = PBXFileReference; fileEncoding = 4; lastKnownFileType = sourcecode.c.h; path = ofxUIFPS.h; sourceTree = "<group>"; };
		9ECF63D41AA0D13A00380B3C /* ofxUIFPSSlider.cpp */ = {isa = PBXFileReference; fileEncoding = 4; lastKnownFileType = sourcecode.cpp.cpp; path = ofxUIFPSSlider.cpp; sourceTree = "<group>"; };
		9ECF63D51AA0D13A00380B3C /* ofxUIFPSSlider.h */ = {isa = PBXFileReference; fileEncoding = 4; lastKnownFileType = sourcecode.c.h; path = ofxUIFPSSlider.h; sourceTree = "<group>"; };
		9ECF63D61AA0D13A00380B3C /* ofxUIImage.cpp */ = {isa = PBXFileReference; fileEncoding = 4; lastKnownFileType = sourcecode.cpp.cpp; path = ofxUIImage.cpp; sourceTree = "<group>"; };
		9ECF63D71AA0D13A00380B3C /* ofxUIImage.h */ = {isa = PBXFileReference; fileEncoding = 4; lastKnownFileType = sourcecode.c.h; path = ofxUIImage.h; sourceTree = "<group>"; };
		9ECF63D81AA0D13A00380B3C /* ofxUIImageButton.cpp */ = {isa = PBXFileReference; fileEncoding = 4; lastKnownFileType = sourcecode.cpp.cpp; path = ofxUIImageButton.cpp; sourceTree = "<group>"; };
		9ECF63D91AA0D13A00380B3C /* ofxUIImageButton.h */ = {isa = PBXFileReference; fileEncoding = 4; lastKnownFileType = sourcecode.c.h; path = ofxUIImageButton.h; sourceTree = "<group>"; };
		9ECF63DA1AA0D13A00380B3C /* ofxUIImageSampler.cpp */ = {isa = PBXFileReference; fileEncoding = 4; lastKnownFileType = sourcecode.cpp.cpp; path = ofxUIImageSampler.cpp; sourceTree = "<group>"; };
		9ECF63DB1AA0D13A00380B3C /* ofxUIImageSampler.h */ = {isa = PBXFileReference; fileEncoding = 4; lastKnownFileType = sourcecode.c.h; path = ofxUIImageSampler.h; sourceTree = "<group>"; };
		9ECF63DC1AA0D13A00380B3C /* ofxUIImageSlider.cpp */ = {isa = PBXFileReference; fileEncoding = 4; lastKnownFileType = sourcecode.cpp.cpp; path = ofxUIImageSlider.cpp; sourceTree = "<group>"; };
		9ECF63DD1AA0D13A00380B3C /* ofxUIImageSlider.h */ = {isa = PBXFileReference; fileEncoding = 4; lastKnownFileType = sourcecode.c.h; path = ofxUIImageSlider.h; sourceTree = "<group>"; };
		9ECF63DE1AA0D13A00380B3C /* ofxUIImageToggle.cpp */ = {isa = PBXFileReference; fileEncoding = 4; lastKnownFileType = sourcecode.cpp.cpp; path = ofxUIImageToggle.cpp; sourceTree = "<group>"; };
		9ECF63DF1AA0D13A00380B3C /* ofxUIImageToggle.h */ = {isa = PBXFileReference; fileEncoding = 4; lastKnownFileType = sourcecode.c.h; path = ofxUIImageToggle.h; sourceTree = "<group>"; };
		9ECF63E01AA0D13B00380B3C /* ofxUILabel.cpp */ = {isa = PBXFileReference; fileEncoding = 4; lastKnownFileType = sourcecode.cpp.cpp; path = ofxUILabel.cpp; sourceTree = "<group>"; };
		9ECF63E11AA0D13B00380B3C /* ofxUILabel.h */ = {isa = PBXFileReference; fileEncoding = 4; lastKnownFileType = sourcecode.c.h; path = ofxUILabel.h; sourceTree = "<group>"; };
		9ECF63E21AA0D13B00380B3C /* ofxUILabelButton.cpp */ = {isa = PBXFileReference; fileEncoding = 4; lastKnownFileType = sourcecode.cpp.cpp; path = ofxUILabelButton.cpp; sourceTree = "<group>"; };
		9ECF63E31AA0D13B00380B3C /* ofxUILabelButton.h */ = {isa = PBXFileReference; fileEncoding = 4; lastKnownFileType = sourcecode.c.h; path = ofxUILabelButton.h; sourceTree = "<group>"; };
		9ECF63E41AA0D13B00380B3C /* ofxUILabelToggle.cpp */ = {isa = PBXFileReference; fileEncoding = 4; lastKnownFileType = sourcecode.cpp.cpp; path = ofxUILabelToggle.cpp; sourceTree = "<group>"; };
		9ECF63E51AA0D13B00380B3C /* ofxUILabelToggle.h */ = {isa = PBXFileReference; fileEncoding = 4; lastKnownFileType = sourcecode.c.h; path = ofxUILabelToggle.h; sourceTree = "<group>"; };
		9ECF63E61AA0D13B00380B3C /* ofxUIMinimalSlider.cpp */ = {isa = PBXFileReference; fileEncoding = 4; lastKnownFileType = sourcecode.cpp.cpp; path = ofxUIMinimalSlider.cpp; sourceTree = "<group>"; };
		9ECF63E71AA0D13B00380B3C /* ofxUIMinimalSlider.h */ = {isa = PBXFileReference; fileEncoding = 4; lastKnownFileType = sourcecode.c.h; path = ofxUIMinimalSlider.h; sourceTree = "<group>"; };
		9ECF63E81AA0D13B00380B3C /* ofxUIMovingGraph.cpp */ = {isa = PBXFileReference; fileEncoding = 4; lastKnownFileType = sourcecode.cpp.cpp; path = ofxUIMovingGraph.cpp; sourceTree = "<group>"; };
		9ECF63E91AA0D13B00380B3C /* ofxUIMovingGraph.h */ = {isa = PBXFileReference; fileEncoding = 4; lastKnownFileType = sourcecode.c.h; path = ofxUIMovingGraph.h; sourceTree = "<group>"; };
		9ECF63EA1AA0D13B00380B3C /* ofxUIMultiImageButton.cpp */ = {isa = PBXFileReference; fileEncoding = 4; lastKnownFileType = sourcecode.cpp.cpp; path = ofxUIMultiImageButton.cpp; sourceTree = "<group>"; };
		9ECF63EB1AA0D13B00380B3C /* ofxUIMultiImageButton.h */ = {isa = PBXFileReference; fileEncoding = 4; lastKnownFileType = sourcecode.c.h; path = ofxUIMultiImageButton.h; sourceTree = "<group>"; };
		9ECF63EC1AA0D13B00380B3C /* ofxUIMultiImageToggle.cpp */ = {isa = PBXFileReference; fileEncoding = 4; lastKnownFileType = sourcecode.cpp.cpp; path = ofxUIMultiImageToggle.cpp; sourceTree = "<group>"; };
		9ECF63ED1AA0D13B00380B3C /* ofxUIMultiImageToggle.h */ = {isa = PBXFileReference; fileEncoding = 4; lastKnownFileType = sourcecode.c.h; path = ofxUIMultiImageToggle.h; sourceTree = "<group>"; };
		9ECF63EE1AA0D13B00380B3C /* ofxUINumberDialer.cpp */ = {isa = PBXFileReference; fileEncoding = 4; lastKnownFileType = sourcecode.cpp.cpp; path = ofxUINumberDialer.cpp; sourceTree = "<group>"; };
		9ECF63EF1AA0D13B00380B3C /* ofxUINumberDialer.h */ = {isa = PBXFileReference; fileEncoding = 4; lastKnownFileType = sourcecode.c.h; path = ofxUINumberDialer.h; sourceTree = "<group>"; };
		9ECF63F01AA0D13B00380B3C /* ofxUIOFWrapper.h */ = {isa = PBXFileReference; fileEncoding = 4; lastKnownFileType = sourcecode.c.h; path = ofxUIOFWrapper.h; sourceTree = "<group>"; };
		9ECF63F11AA0D13B00380B3C /* ofxUIRadio.cpp */ = {isa = PBXFileReference; fileEncoding = 4; lastKnownFileType = sourcecode.cpp.cpp; path = ofxUIRadio.cpp; sourceTree = "<group>"; };
		9ECF63F21AA0D13B00380B3C /* ofxUIRadio.h */ = {isa = PBXFileReference; fileEncoding = 4; lastKnownFileType = sourcecode.c.h; path = ofxUIRadio.h; sourceTree = "<group>"; };
		9ECF63F31AA0D13B00380B3C /* ofxUIRangeSlider.cpp */ = {isa = PBXFileReference; fileEncoding = 4; lastKnownFileType = sourcecode.cpp.cpp; path = ofxUIRangeSlider.cpp; sourceTree = "<group>"; };
		9ECF63F41AA0D13B00380B3C /* ofxUIRangeSlider.h */ = {isa = PBXFileReference; fileEncoding = 4; lastKnownFileType = sourcecode.c.h; path = ofxUIRangeSlider.h; sourceTree = "<group>"; };
		9ECF63F51AA0D13B00380B3C /* ofxUIRectangle.cpp */ = {isa = PBXFileReference; fileEncoding = 4; lastKnownFileType = sourcecode.cpp.cpp; path = ofxUIRectangle.cpp; sourceTree = "<group>"; };
		9ECF63F61AA0D13B00380B3C /* ofxUIRectangle.h */ = {isa = PBXFileReference; fileEncoding = 4; lastKnownFileType = sourcecode.c.h; path = ofxUIRectangle.h; sourceTree = "<group>"; };
		9ECF63F71AA0D13B00380B3C /* ofxUIRotarySlider.cpp */ = {isa = PBXFileReference; fileEncoding = 4; lastKnownFileType = sourcecode.cpp.cpp; path = ofxUIRotarySlider.cpp; sourceTree = "<group>"; };
		9ECF63F81AA0D13B00380B3C /* ofxUIRotarySlider.h */ = {isa = PBXFileReference; fileEncoding = 4; lastKnownFileType = sourcecode.c.h; path = ofxUIRotarySlider.h; sourceTree = "<group>"; };
		9ECF63F91AA0D13B00380B3C /* ofxUIScrollableCanvas.cpp */ = {isa = PBXFileReference; fileEncoding = 4; lastKnownFileType = sourcecode.cpp.cpp; path = ofxUIScrollableCanvas.cpp; sourceTree = "<group>"; };
		9ECF63FA1AA0D13B00380B3C /* ofxUIScrollableCanvas.h */ = {isa = PBXFileReference; fileEncoding = 4; lastKnownFileType = sourcecode.c.h; path = ofxUIScrollableCanvas.h; sourceTree = "<group>"; };
		9ECF63FB1AA0D13B00380B3C /* ofxUISlider.cpp */ = {isa = PBXFileReference; fileEncoding = 4; lastKnownFileType = sourcecode.cpp.cpp; path = ofxUISlider.cpp; sourceTree = "<group>"; };
		9ECF63FC1AA0D13B00380B3C /* ofxUISlider.h */ = {isa = PBXFileReference; fileEncoding = 4; lastKnownFileType = sourcecode.c.h; path = ofxUISlider.h; sourceTree = "<group>"; };
		9ECF63FD1AA0D13B00380B3C /* ofxUISortableList.cpp */ = {isa = PBXFileReference; fileEncoding = 4; lastKnownFileType = sourcecode.cpp.cpp; path = ofxUISortableList.cpp; sourceTree = "<group>"; };
		9ECF63FE1AA0D13B00380B3C /* ofxUISortableList.h */ = {isa = PBXFileReference; fileEncoding = 4; lastKnownFileType = sourcecode.c.h; path = ofxUISortableList.h; sourceTree = "<group>"; };
		9ECF63FF1AA0D13B00380B3C /* ofxUISpacer.cpp */ = {isa = PBXFileReference; fileEncoding = 4; lastKnownFileType = sourcecode.cpp.cpp; path = ofxUISpacer.cpp; sourceTree = "<group>"; };
		9ECF64001AA0D13B00380B3C /* ofxUISpacer.h */ = {isa = PBXFileReference; fileEncoding = 4; lastKnownFileType = sourcecode.c.h; path = ofxUISpacer.h; sourceTree = "<group>"; };
		9ECF64011AA0D13B00380B3C /* ofxUISpectrum.cpp */ = {isa = PBXFileReference; fileEncoding = 4; lastKnownFileType = sourcecode.cpp.cpp; path = ofxUISpectrum.cpp; sourceTree = "<group>"; };
		9ECF64021AA0D13B00380B3C /* ofxUISpectrum.h */ = {isa = PBXFileReference; fileEncoding = 4; lastKnownFileType = sourcecode.c.h; path = ofxUISpectrum.h; sourceTree = "<group>"; };
		9ECF64031AA0D13B00380B3C /* ofxUISuperCanvas.cpp */ = {isa = PBXFileReference; fileEncoding = 4; lastKnownFileType = sourcecode.cpp.cpp; path = ofxUISuperCanvas.cpp; sourceTree = "<group>"; };
		9ECF64041AA0D13B00380B3C /* ofxUISuperCanvas.h */ = {isa = PBXFileReference; fileEncoding = 4; lastKnownFileType = sourcecode.c.h; path = ofxUISuperCanvas.h; sourceTree = "<group>"; };
		9ECF64051AA0D13B00380B3C /* ofxUITabBar.cpp */ = {isa = PBXFileReference; fileEncoding = 4; lastKnownFileType = sourcecode.cpp.cpp; path = ofxUITabBar.cpp; sourceTree = "<group>"; };
		9ECF64061AA0D13B00380B3C /* ofxUITabBar.h */ = {isa = PBXFileReference; fileEncoding = 4; lastKnownFileType = sourcecode.c.h; path = ofxUITabBar.h; sourceTree = "<group>"; };
		9ECF64071AA0D13B00380B3C /* ofxUITextArea.cpp */ = {isa = PBXFileReference; fileEncoding = 4; lastKnownFileType = sourcecode.cpp.cpp; path = ofxUITextArea.cpp; sourceTree = "<group>"; };
		9ECF64081AA0D13B00380B3C /* ofxUITextArea.h */ = {isa = PBXFileReference; fileEncoding = 4; lastKnownFileType = sourcecode.c.h; path = ofxUITextArea.h; sourceTree = "<group>"; };
		9ECF64091AA0D13B00380B3C /* ofxUITextInput.cpp */ = {isa = PBXFileReference; fileEncoding = 4; lastKnownFileType = sourcecode.cpp.cpp; path = ofxUITextInput.cpp; sourceTree = "<group>"; };
		9ECF640A1AA0D13B00380B3C /* ofxUITextInput.h */ = {isa = PBXFileReference; fileEncoding = 4; lastKnownFileType = sourcecode.c.h; path = ofxUITextInput.h; sourceTree = "<group>"; };
		9ECF640B1AA0D13B00380B3C /* ofxUIToggle.cpp */ = {isa = PBXFileReference; fileEncoding = 4; lastKnownFileType = sourcecode.cpp.cpp; path = ofxUIToggle.cpp; sourceTree = "<group>"; };
		9ECF640C1AA0D13B00380B3C /* ofxUIToggle.h */ = {isa = PBXFileReference; fileEncoding = 4; lastKnownFileType = sourcecode.c.h; path = ofxUIToggle.h; sourceTree = "<group>"; };
		9ECF640D1AA0D13B00380B3C /* ofxUIToggleMatrix.cpp */ = {isa = PBXFileReference; fileEncoding = 4; lastKnownFileType = sourcecode.cpp.cpp; path = ofxUIToggleMatrix.cpp; sourceTree = "<group>"; };
		9ECF640E1AA0D13B00380B3C /* ofxUIToggleMatrix.h */ = {isa = PBXFileReference; fileEncoding = 4; lastKnownFileType = sourcecode.c.h; path = ofxUIToggleMatrix.h; sourceTree = "<group>"; };
		9ECF640F1AA0D13B00380B3C /* ofxUIUtils.h */ = {isa = PBXFileReference; fileEncoding = 4; lastKnownFileType = sourcecode.c.h; path = ofxUIUtils.h; sourceTree = "<group>"; };
		9ECF64101AA0D13B00380B3C /* ofxUIValuePlotter.cpp */ = {isa = PBXFileReference; fileEncoding = 4; lastKnownFileType = sourcecode.cpp.cpp; path = ofxUIValuePlotter.cpp; sourceTree = "<group>"; };
		9ECF64111AA0D13B00380B3C /* ofxUIValuePlotter.h */ = {isa = PBXFileReference; fileEncoding = 4; lastKnownFileType = sourcecode.c.h; path = ofxUIValuePlotter.h; sourceTree = "<group>"; };
		9ECF64121AA0D13B00380B3C /* ofxUIWaveform.cpp */ = {isa = PBXFileReference; fileEncoding = 4; lastKnownFileType = sourcecode.cpp.cpp; path = ofxUIWaveform.cpp; sourceTree = "<group>"; };
		9ECF64131AA0D13B00380B3C /* ofxUIWaveform.h */ = {isa = PBXFileReference; fileEncoding = 4; lastKnownFileType = sourcecode.c.h; path = ofxUIWaveform.h; sourceTree = "<group>"; };
		9ECF64141AA0D13B00380B3C /* ofxUIWidget.cpp */ = {isa = PBXFileReference; fileEncoding = 4; lastKnownFileType = sourcecode.cpp.cpp; path = ofxUIWidget.cpp; sourceTree = "<group>"; };
		9ECF64151AA0D13B00380B3C /* ofxUIWidget.h */ = {isa = PBXFileReference; fileEncoding = 4; lastKnownFileType = sourcecode.c.h; path = ofxUIWidget.h; sourceTree = "<group>"; };
		9ECF64161AA0D13B00380B3C /* ofxUIWidgets.h */ = {isa = PBXFileReference; fileEncoding = 4; lastKnownFileType = sourcecode.c.h; path = ofxUIWidgets.h; sourceTree = "<group>"; };
		9ECF64171AA0D13B00380B3C /* ofxUIWidgetWithLabel.cpp */ = {isa = PBXFileReference; fileEncoding = 4; lastKnownFileType = sourcecode.cpp.cpp; path = ofxUIWidgetWithLabel.cpp; sourceTree = "<group>"; };
		9ECF64181AA0D13B00380B3C /* ofxUIWidgetWithLabel.h */ = {isa = PBXFileReference; fileEncoding = 4; lastKnownFileType = sourcecode.c.h; path = ofxUIWidgetWithLabel.h; sourceTree = "<group>"; };
		9ECF64191AA0D13B00380B3C /* ofxUIWrapper.h */ = {isa = PBXFileReference; fileEncoding = 4; lastKnownFileType = sourcecode.c.h; path = ofxUIWrapper.h; sourceTree = "<group>"; };
		9ECF64311AA0D13B00380B3C /* checked.h */ = {isa = PBXFileReference; fileEncoding = 4; lastKnownFileType = sourcecode.c.h; path = checked.h; sourceTree = "<group>"; };
		9ECF64321AA0D13B00380B3C /* core.h */ = {isa = PBXFileReference; fileEncoding = 4; lastKnownFileType = sourcecode.c.h; path = core.h; sourceTree = "<group>"; };
		9ECF64331AA0D13B00380B3C /* unchecked.h */ = {isa = PBXFileReference; fileEncoding = 4; lastKnownFileType = sourcecode.c.h; path = unchecked.h; sourceTree = "<group>"; };
		9ECF64341AA0D13B00380B3C /* utf8.h */ = {isa = PBXFileReference; fileEncoding = 4; lastKnownFileType = sourcecode.c.h; path = utf8.h; sourceTree = "<group>"; };
		9ECF64381AA0D13B00380B3C /* ReleaseNotes */ = {isa = PBXFileReference; fileEncoding = 4; lastKnownFileType = text; path = ReleaseNotes; sourceTree = "<group>"; };
		9ECF64391AA0D13B00380B3C /* utf8cpp.html */ = {isa = PBXFileReference; fileEncoding = 4; lastKnownFileType = text.html; path = utf8cpp.html; sourceTree = "<group>"; };
		9ECF643C1AA0D13B00380B3C /* checked.h */ = {isa = PBXFileReference; fileEncoding = 4; lastKnownFileType = sourcecode.c.h; path = checked.h; sourceTree = "<group>"; };
		9ECF643D1AA0D13B00380B3C /* core.h */ = {isa = PBXFileReference; fileEncoding = 4; lastKnownFileType = sourcecode.c.h; path = core.h; sourceTree = "<group>"; };
		9ECF643E1AA0D13B00380B3C /* unchecked.h */ = {isa = PBXFileReference; fileEncoding = 4; lastKnownFileType = sourcecode.c.h; path = unchecked.h; sourceTree = "<group>"; };
		9ECF643F1AA0D13B00380B3C /* utf8.h */ = {isa = PBXFileReference; fileEncoding = 4; lastKnownFileType = sourcecode.c.h; path = utf8.h; sourceTree = "<group>"; };
		9ECF64421AA0D13B00380B3C /* ofTextConverter.cpp */ = {isa = PBXFileReference; fileEncoding = 4; lastKnownFileType = sourcecode.cpp.cpp; path = ofTextConverter.cpp; sourceTree = "<group>"; };
		9ECF64431AA0D13B00380B3C /* ofTextConverter.h */ = {isa = PBXFileReference; fileEncoding = 4; lastKnownFileType = sourcecode.c.h; path = ofTextConverter.h; sourceTree = "<group>"; };
		9ECF64441AA0D13B00380B3C /* ofUnicode.cpp */ = {isa = PBXFileReference; fileEncoding = 4; lastKnownFileType = sourcecode.cpp.cpp; path = ofUnicode.cpp; sourceTree = "<group>"; };
		9ECF64451AA0D13B00380B3C /* ofUnicode.h */ = {isa = PBXFileReference; fileEncoding = 4; lastKnownFileType = sourcecode.c.h; path = ofUnicode.h; sourceTree = "<group>"; };
		9ECF64461AA0D13B00380B3C /* ofUTF8.cpp */ = {isa = PBXFileReference; fileEncoding = 4; lastKnownFileType = sourcecode.cpp.cpp; path = ofUTF8.cpp; sourceTree = "<group>"; };
		9ECF64471AA0D13B00380B3C /* ofUTF8.h */ = {isa = PBXFileReference; fileEncoding = 4; lastKnownFileType = sourcecode.c.h; path = ofUTF8.h; sourceTree = "<group>"; };
		9ECF644A1AA0D13B00380B3C /* tinyxml.cpp */ = {isa = PBXFileReference; fileEncoding = 4; lastKnownFileType = sourcecode.cpp.cpp; path = tinyxml.cpp; sourceTree = "<group>"; };
		9ECF644B1AA0D13B00380B3C /* tinyxml.h */ = {isa = PBXFileReference; fileEncoding = 4; lastKnownFileType = sourcecode.c.h; path = tinyxml.h; sourceTree = "<group>"; };
		9ECF644C1AA0D13B00380B3C /* tinyxmlerror.cpp */ = {isa = PBXFileReference; fileEncoding = 4; lastKnownFileType = sourcecode.cpp.cpp; path = tinyxmlerror.cpp; sourceTree = "<group>"; };
		9ECF644D1AA0D13B00380B3C /* tinyxmlparser.cpp */ = {isa = PBXFileReference; fileEncoding = 4; lastKnownFileType = sourcecode.cpp.cpp; path = tinyxmlparser.cpp; sourceTree = "<group>"; };
		9ECF644F1AA0D13B00380B3C /* ofxXmlSettings.cpp */ = {isa = PBXFileReference; fileEncoding = 4; lastKnownFileType = sourcecode.cpp.cpp; path = ofxXmlSettings.cpp; sourceTree = "<group>"; };
		9ECF64501AA0D13B00380B3C /* ofxXmlSettings.h */ = {isa = PBXFileReference; fileEncoding = 4; lastKnownFileType = sourcecode.c.h; path = ofxXmlSettings.h; sourceTree = "<group>"; };
		BBAB23BE13894E4700AA2426 /* GLUT.framework */ = {isa = PBXFileReference; lastKnownFileType = wrapper.framework; name = GLUT.framework; path = ../../../libs/glut/lib/osx/GLUT.framework; sourceTree = "<group>"; };
		E4328143138ABC890047C5CB /* openFrameworksLib.xcodeproj */ = {isa = PBXFileReference; lastKnownFileType = "wrapper.pb-project"; name = openFrameworksLib.xcodeproj; path = ../../../libs/openFrameworksCompiled/project/osx/openFrameworksLib.xcodeproj; sourceTree = SOURCE_ROOT; };
		E45BE9710E8CC7DD009D7055 /* AGL.framework */ = {isa = PBXFileReference; lastKnownFileType = wrapper.framework; name = AGL.framework; path = /System/Library/Frameworks/AGL.framework; sourceTree = "<absolute>"; };
		E45BE9720E8CC7DD009D7055 /* ApplicationServices.framework */ = {isa = PBXFileReference; lastKnownFileType = wrapper.framework; name = ApplicationServices.framework; path = /System/Library/Frameworks/ApplicationServices.framework; sourceTree = "<absolute>"; };
		E45BE9730E8CC7DD009D7055 /* AudioToolbox.framework */ = {isa = PBXFileReference; lastKnownFileType = wrapper.framework; name = AudioToolbox.framework; path = /System/Library/Frameworks/AudioToolbox.framework; sourceTree = "<absolute>"; };
		E45BE9750E8CC7DD009D7055 /* CoreAudio.framework */ = {isa = PBXFileReference; lastKnownFileType = wrapper.framework; name = CoreAudio.framework; path = /System/Library/Frameworks/CoreAudio.framework; sourceTree = "<absolute>"; };
		E45BE9760E8CC7DD009D7055 /* CoreFoundation.framework */ = {isa = PBXFileReference; lastKnownFileType = wrapper.framework; name = CoreFoundation.framework; path = /System/Library/Frameworks/CoreFoundation.framework; sourceTree = "<absolute>"; };
		E45BE9770E8CC7DD009D7055 /* CoreServices.framework */ = {isa = PBXFileReference; lastKnownFileType = wrapper.framework; name = CoreServices.framework; path = /System/Library/Frameworks/CoreServices.framework; sourceTree = "<absolute>"; };
		E45BE9790E8CC7DD009D7055 /* OpenGL.framework */ = {isa = PBXFileReference; lastKnownFileType = wrapper.framework; name = OpenGL.framework; path = /System/Library/Frameworks/OpenGL.framework; sourceTree = "<absolute>"; };
		E45BE97A0E8CC7DD009D7055 /* QuickTime.framework */ = {isa = PBXFileReference; lastKnownFileType = wrapper.framework; name = QuickTime.framework; path = /System/Library/Frameworks/QuickTime.framework; sourceTree = "<absolute>"; };
		E4B69B5B0A3A1756003C02F2 /* ACPDebug.app */ = {isa = PBXFileReference; explicitFileType = wrapper.application; includeInIndex = 0; path = ACPDebug.app; sourceTree = BUILT_PRODUCTS_DIR; };
		E4B6FCAD0C3E899E008CF71C /* openFrameworks-Info.plist */ = {isa = PBXFileReference; fileEncoding = 30; lastKnownFileType = text.plist.xml; path = "openFrameworks-Info.plist"; sourceTree = "<group>"; };
		E4C2424410CC5A17004149E2 /* AppKit.framework */ = {isa = PBXFileReference; lastKnownFileType = wrapper.framework; name = AppKit.framework; path = /System/Library/Frameworks/AppKit.framework; sourceTree = "<absolute>"; };
		E4C2424510CC5A17004149E2 /* Cocoa.framework */ = {isa = PBXFileReference; lastKnownFileType = wrapper.framework; name = Cocoa.framework; path = /System/Library/Frameworks/Cocoa.framework; sourceTree = "<absolute>"; };
		E4C2424610CC5A17004149E2 /* IOKit.framework */ = {isa = PBXFileReference; lastKnownFileType = wrapper.framework; name = IOKit.framework; path = /System/Library/Frameworks/IOKit.framework; sourceTree = "<absolute>"; };
		E4EB691F138AFCF100A09F29 /* CoreOF.xcconfig */ = {isa = PBXFileReference; fileEncoding = 4; lastKnownFileType = text.xcconfig; name = CoreOF.xcconfig; path = ../../../libs/openFrameworksCompiled/project/osx/CoreOF.xcconfig; sourceTree = SOURCE_ROOT; };
		E4EB6923138AFD0F00A09F29 /* Project.xcconfig */ = {isa = PBXFileReference; fileEncoding = 4; lastKnownFileType = text.xcconfig; path = Project.xcconfig; sourceTree = "<group>"; };
		E7E077E415D3B63C0020DFD4 /* CoreVideo.framework */ = {isa = PBXFileReference; lastKnownFileType = wrapper.framework; name = CoreVideo.framework; path = /System/Library/Frameworks/CoreVideo.framework; sourceTree = "<absolute>"; };
		E7E077E715D3B6510020DFD4 /* QTKit.framework */ = {isa = PBXFileReference; lastKnownFileType = wrapper.framework; name = QTKit.framework; path = /System/Library/Frameworks/QTKit.framework; sourceTree = "<absolute>"; };
		E7F985F515E0DE99003869B5 /* Accelerate.framework */ = {isa = PBXFileReference; lastKnownFileType = wrapper.framework; name = Accelerate.framework; path = /System/Library/Frameworks/Accelerate.framework; sourceTree = "<absolute>"; };
/* End PBXFileReference section */

/* Begin PBXFrameworksBuildPhase section */
		E4B69B590A3A1756003C02F2 /* Frameworks */ = {
			isa = PBXFrameworksBuildPhase;
			buildActionMask = 2147483647;
			files = (
				9E443A2519D2CE3C0033D685 /* libcurl.dylib in Frameworks */,
				6474CBF619BCE019003C94E2 /* AVFoundation.framework in Frameworks */,
				6474CBF719BCE019003C94E2 /* CoreMedia.framework in Frameworks */,
				6474CBF819BCE019003C94E2 /* QuartzCore.framework in Frameworks */,
				E7F985F815E0DEA3003869B5 /* Accelerate.framework in Frameworks */,
				E7E077E815D3B6510020DFD4 /* QTKit.framework in Frameworks */,
				E4EB6799138ADC1D00A09F29 /* GLUT.framework in Frameworks */,
				E4328149138ABC9F0047C5CB /* openFrameworksDebug.a in Frameworks */,
				E45BE97B0E8CC7DD009D7055 /* AGL.framework in Frameworks */,
				E45BE97C0E8CC7DD009D7055 /* ApplicationServices.framework in Frameworks */,
				E45BE97D0E8CC7DD009D7055 /* AudioToolbox.framework in Frameworks */,
				E45BE97F0E8CC7DD009D7055 /* CoreAudio.framework in Frameworks */,
				E45BE9800E8CC7DD009D7055 /* CoreFoundation.framework in Frameworks */,
				E45BE9810E8CC7DD009D7055 /* CoreServices.framework in Frameworks */,
				E45BE9830E8CC7DD009D7055 /* OpenGL.framework in Frameworks */,
				E45BE9840E8CC7DD009D7055 /* QuickTime.framework in Frameworks */,
				E4C2424710CC5A17004149E2 /* AppKit.framework in Frameworks */,
				E4C2424810CC5A17004149E2 /* Cocoa.framework in Frameworks */,
				E4C2424910CC5A17004149E2 /* IOKit.framework in Frameworks */,
				E7E077E515D3B63C0020DFD4 /* CoreVideo.framework in Frameworks */,
			);
			runOnlyForDeploymentPostprocessing = 0;
		};
/* End PBXFrameworksBuildPhase section */

/* Begin PBXGroup section */
		9E007FDD1AA8BFD4005AB86C /* data */ = {
			isa = PBXGroup;
			children = (
				9E00810D1AA8BFD5005AB86C /* movies */,
				9E0081361AA8BFD5005AB86C /* playersettings.xml */,
				9E0081371AA8BFD5005AB86C /* static */,
			);
			name = data;
			path = bin/data;
			sourceTree = "<group>";
		};
		9E00810D1AA8BFD5005AB86C /* movies */ = {
			isa = PBXGroup;
			children = (
			);
			path = movies;
			sourceTree = "<group>";
		};
		9E0081371AA8BFD5005AB86C /* static */ = {
			isa = PBXGroup;
			children = (
				9E9141ED1AACB57400860A8C /* gui.png */,
				9E0081381AA8BFD5005AB86C /* fonts.xml */,
				9E0081391AA8BFD5005AB86C /* logo.png */,
				9E00813A1AA8BFD5005AB86C /* not-found.m4v */,
				9E00813B1AA8BFD5005AB86C /* not-found.mov */,
				9E00813C1AA8BFD5005AB86C /* not-found.mp4 */,
				9E00813D1AA8BFD5005AB86C /* Roboto-Gui.ttf */,
				9E00813E1AA8BFD5005AB86C /* Roboto-Medium.ttf */,
				9E00813F1AA8BFD5005AB86C /* sync.png */,
			);
			path = static;
			sourceTree = "<group>";
		};
		9ECF613E1AA0D13100380B3C /* ofxFontStash */ = {
			isa = PBXGroup;
			children = (
				9ECF614F1AA0D13200380B3C /* libs */,
				9ECF61581AA0D13200380B3C /* src */,
			);
			name = ofxFontStash;
			path = ../../../addons/ofxFontStash;
			sourceTree = "<group>";
		};
		9ECF614F1AA0D13200380B3C /* libs */ = {
			isa = PBXGroup;
			children = (
				9ECF61501AA0D13200380B3C /* fontstash */,
			);
			path = libs;
			sourceTree = "<group>";
		};
		9ECF61501AA0D13200380B3C /* fontstash */ = {
			isa = PBXGroup;
			children = (
				9ECF61511AA0D13200380B3C /* src */,
			);
			path = fontstash;
			sourceTree = "<group>";
		};
		9ECF61511AA0D13200380B3C /* src */ = {
			isa = PBXGroup;
			children = (
				9ECF61521AA0D13200380B3C /* fontstash.c */,
				9ECF61531AA0D13200380B3C /* fontstash.h */,
				9ECF61541AA0D13200380B3C /* stb_truetype.c */,
				9ECF61551AA0D13200380B3C /* stb_truetype.h */,
			);
			path = src;
			sourceTree = "<group>";
		};
		9ECF61581AA0D13200380B3C /* src */ = {
			isa = PBXGroup;
			children = (
				9ECF61591AA0D13200380B3C /* ofxFontStash.cpp */,
				9ECF615A1AA0D13200380B3C /* ofxFontStash.h */,
			);
			path = src;
			sourceTree = "<group>";
		};
		9ECF615B1AA0D13200380B3C /* ofxGaplessVideo */ = {
			isa = PBXGroup;
			children = (
				9ECF615E1AA0D13200380B3C /* src */,
			);
			name = ofxGaplessVideo;
			path = ../../../addons/ofxGaplessVideo;
			sourceTree = "<group>";
		};
		9ECF615E1AA0D13200380B3C /* src */ = {
			isa = PBXGroup;
			children = (
				9ECF615F1AA0D13200380B3C /* ofxGaplessVideoplayer.cpp */,
				9ECF61601AA0D13200380B3C /* ofxGaplessVideoplayer.h */,
			);
			path = src;
			sourceTree = "<group>";
		};
		9ECF61611AA0D13200380B3C /* ofxJSON */ = {
			isa = PBXGroup;
			children = (
				9ECF61A01AA0D13300380B3C /* libs */,
				9ECF61A91AA0D13300380B3C /* src */,
			);
			name = ofxJSON;
			path = ../../../addons/ofxJSON;
			sourceTree = "<group>";
		};
		9ECF61A01AA0D13300380B3C /* libs */ = {
			isa = PBXGroup;
			children = (
				9ECF61A11AA0D13300380B3C /* jsoncpp */,
			);
			path = libs;
			sourceTree = "<group>";
		};
		9ECF61A11AA0D13300380B3C /* jsoncpp */ = {
			isa = PBXGroup;
			children = (
				9ECF61A21AA0D13300380B3C /* include */,
				9ECF61A61AA0D13300380B3C /* src */,
			);
			path = jsoncpp;
			sourceTree = "<group>";
		};
		9ECF61A21AA0D13300380B3C /* include */ = {
			isa = PBXGroup;
			children = (
				9ECF61A31AA0D13300380B3C /* json */,
			);
			path = include;
			sourceTree = "<group>";
		};
		9ECF61A31AA0D13300380B3C /* json */ = {
			isa = PBXGroup;
			children = (
				9ECF61A41AA0D13300380B3C /* json-forwards.h */,
				9ECF61A51AA0D13300380B3C /* json.h */,
			);
			path = json;
			sourceTree = "<group>";
		};
		9ECF61A61AA0D13300380B3C /* src */ = {
			isa = PBXGroup;
			children = (
				9ECF61A71AA0D13300380B3C /* jsoncpp.cpp */,
			);
			path = src;
			sourceTree = "<group>";
		};
		9ECF61A91AA0D13300380B3C /* src */ = {
			isa = PBXGroup;
			children = (
				9ECF61AA1AA0D13300380B3C /* ofxJSON.h */,
				9ECF61AB1AA0D13300380B3C /* ofxJSONElement.cpp */,
				9ECF61AC1AA0D13300380B3C /* ofxJSONElement.h */,
			);
			path = src;
			sourceTree = "<group>";
		};
		9ECF61AD1AA0D13300380B3C /* ofxNetwork */ = {
			isa = PBXGroup;
			children = (
				9ECF61B01AA0D13300380B3C /* src */,
			);
			name = ofxNetwork;
			path = ../../../addons/ofxNetwork;
			sourceTree = "<group>";
		};
		9ECF61B01AA0D13300380B3C /* src */ = {
			isa = PBXGroup;
			children = (
				9ECF61B11AA0D13300380B3C /* ofxNetwork.h */,
				9ECF61B21AA0D13300380B3C /* ofxNetworkUtils.h */,
				9ECF61B31AA0D13300380B3C /* ofxTCPClient.cpp */,
				9ECF61B41AA0D13300380B3C /* ofxTCPClient.h */,
				9ECF61B51AA0D13300380B3C /* ofxTCPManager.cpp */,
				9ECF61B61AA0D13300380B3C /* ofxTCPManager.h */,
				9ECF61B71AA0D13300380B3C /* ofxTCPServer.cpp */,
				9ECF61B81AA0D13300380B3C /* ofxTCPServer.h */,
				9ECF61B91AA0D13300380B3C /* ofxUDPManager.cpp */,
				9ECF61BA1AA0D13300380B3C /* ofxUDPManager.h */,
			);
			path = src;
			sourceTree = "<group>";
		};
		9ECF61BB1AA0D13300380B3C /* ofxUI */ = {
			isa = PBXGroup;
			children = (
				9ECF63BB1AA0D13A00380B3C /* src */,
			);
			name = ofxUI;
			path = ../../../addons/ofxUI;
			sourceTree = "<group>";
		};
		9ECF63BB1AA0D13A00380B3C /* src */ = {
			isa = PBXGroup;
			children = (
				9ECF63BC1AA0D13A00380B3C /* ofxUI.h */,
				9ECF63BD1AA0D13A00380B3C /* ofxUI2DGraph.cpp */,
				9ECF63BE1AA0D13A00380B3C /* ofxUI2DGraph.h */,
				9ECF63BF1AA0D13A00380B3C /* ofxUI2DPad.cpp */,
				9ECF63C01AA0D13A00380B3C /* ofxUI2DPad.h */,
				9ECF63C11AA0D13A00380B3C /* ofxUIBaseDraws.cpp */,
				9ECF63C21AA0D13A00380B3C /* ofxUIBaseDraws.h */,
				9ECF63C31AA0D13A00380B3C /* ofxUIBiLabelSlider.cpp */,
				9ECF63C41AA0D13A00380B3C /* ofxUIBiLabelSlider.h */,
				9ECF63C51AA0D13A00380B3C /* ofxUIButton.cpp */,
				9ECF63C61AA0D13A00380B3C /* ofxUIButton.h */,
				9ECF63C71AA0D13A00380B3C /* ofxUICanvas.cpp */,
				9ECF63C81AA0D13A00380B3C /* ofxUICanvas.h */,
				9ECF63C91AA0D13A00380B3C /* ofxUICircleSlider.cpp */,
				9ECF63CA1AA0D13A00380B3C /* ofxUICircleSlider.h */,
				9ECF63CB1AA0D13A00380B3C /* ofxUIDefines.h */,
				9ECF63CC1AA0D13A00380B3C /* ofxUIDragableLabelButton.cpp */,
				9ECF63CD1AA0D13A00380B3C /* ofxUIDragableLabelButton.h */,
				9ECF63CE1AA0D13A00380B3C /* ofxUIDropDownList.cpp */,
				9ECF63CF1AA0D13A00380B3C /* ofxUIDropDownList.h */,
				9ECF63D01AA0D13A00380B3C /* ofxUIEventArgs.cpp */,
				9ECF63D11AA0D13A00380B3C /* ofxUIEventArgs.h */,
				9ECF63D21AA0D13A00380B3C /* ofxUIFPS.cpp */,
				9ECF63D31AA0D13A00380B3C /* ofxUIFPS.h */,
				9ECF63D41AA0D13A00380B3C /* ofxUIFPSSlider.cpp */,
				9ECF63D51AA0D13A00380B3C /* ofxUIFPSSlider.h */,
				9ECF63D61AA0D13A00380B3C /* ofxUIImage.cpp */,
				9ECF63D71AA0D13A00380B3C /* ofxUIImage.h */,
				9ECF63D81AA0D13A00380B3C /* ofxUIImageButton.cpp */,
				9ECF63D91AA0D13A00380B3C /* ofxUIImageButton.h */,
				9ECF63DA1AA0D13A00380B3C /* ofxUIImageSampler.cpp */,
				9ECF63DB1AA0D13A00380B3C /* ofxUIImageSampler.h */,
				9ECF63DC1AA0D13A00380B3C /* ofxUIImageSlider.cpp */,
				9ECF63DD1AA0D13A00380B3C /* ofxUIImageSlider.h */,
				9ECF63DE1AA0D13A00380B3C /* ofxUIImageToggle.cpp */,
				9ECF63DF1AA0D13A00380B3C /* ofxUIImageToggle.h */,
				9ECF63E01AA0D13B00380B3C /* ofxUILabel.cpp */,
				9ECF63E11AA0D13B00380B3C /* ofxUILabel.h */,
				9ECF63E21AA0D13B00380B3C /* ofxUILabelButton.cpp */,
				9ECF63E31AA0D13B00380B3C /* ofxUILabelButton.h */,
				9ECF63E41AA0D13B00380B3C /* ofxUILabelToggle.cpp */,
				9ECF63E51AA0D13B00380B3C /* ofxUILabelToggle.h */,
				9ECF63E61AA0D13B00380B3C /* ofxUIMinimalSlider.cpp */,
				9ECF63E71AA0D13B00380B3C /* ofxUIMinimalSlider.h */,
				9ECF63E81AA0D13B00380B3C /* ofxUIMovingGraph.cpp */,
				9ECF63E91AA0D13B00380B3C /* ofxUIMovingGraph.h */,
				9ECF63EA1AA0D13B00380B3C /* ofxUIMultiImageButton.cpp */,
				9ECF63EB1AA0D13B00380B3C /* ofxUIMultiImageButton.h */,
				9ECF63EC1AA0D13B00380B3C /* ofxUIMultiImageToggle.cpp */,
				9ECF63ED1AA0D13B00380B3C /* ofxUIMultiImageToggle.h */,
				9ECF63EE1AA0D13B00380B3C /* ofxUINumberDialer.cpp */,
				9ECF63EF1AA0D13B00380B3C /* ofxUINumberDialer.h */,
				9ECF63F01AA0D13B00380B3C /* ofxUIOFWrapper.h */,
				9ECF63F11AA0D13B00380B3C /* ofxUIRadio.cpp */,
				9ECF63F21AA0D13B00380B3C /* ofxUIRadio.h */,
				9ECF63F31AA0D13B00380B3C /* ofxUIRangeSlider.cpp */,
				9ECF63F41AA0D13B00380B3C /* ofxUIRangeSlider.h */,
				9ECF63F51AA0D13B00380B3C /* ofxUIRectangle.cpp */,
				9ECF63F61AA0D13B00380B3C /* ofxUIRectangle.h */,
				9ECF63F71AA0D13B00380B3C /* ofxUIRotarySlider.cpp */,
				9ECF63F81AA0D13B00380B3C /* ofxUIRotarySlider.h */,
				9ECF63F91AA0D13B00380B3C /* ofxUIScrollableCanvas.cpp */,
				9ECF63FA1AA0D13B00380B3C /* ofxUIScrollableCanvas.h */,
				9ECF63FB1AA0D13B00380B3C /* ofxUISlider.cpp */,
				9ECF63FC1AA0D13B00380B3C /* ofxUISlider.h */,
				9ECF63FD1AA0D13B00380B3C /* ofxUISortableList.cpp */,
				9ECF63FE1AA0D13B00380B3C /* ofxUISortableList.h */,
				9ECF63FF1AA0D13B00380B3C /* ofxUISpacer.cpp */,
				9ECF64001AA0D13B00380B3C /* ofxUISpacer.h */,
				9ECF64011AA0D13B00380B3C /* ofxUISpectrum.cpp */,
				9ECF64021AA0D13B00380B3C /* ofxUISpectrum.h */,
				9ECF64031AA0D13B00380B3C /* ofxUISuperCanvas.cpp */,
				9ECF64041AA0D13B00380B3C /* ofxUISuperCanvas.h */,
				9ECF64051AA0D13B00380B3C /* ofxUITabBar.cpp */,
				9ECF64061AA0D13B00380B3C /* ofxUITabBar.h */,
				9ECF64071AA0D13B00380B3C /* ofxUITextArea.cpp */,
				9ECF64081AA0D13B00380B3C /* ofxUITextArea.h */,
				9ECF64091AA0D13B00380B3C /* ofxUITextInput.cpp */,
				9ECF640A1AA0D13B00380B3C /* ofxUITextInput.h */,
				9ECF640B1AA0D13B00380B3C /* ofxUIToggle.cpp */,
				9ECF640C1AA0D13B00380B3C /* ofxUIToggle.h */,
				9ECF640D1AA0D13B00380B3C /* ofxUIToggleMatrix.cpp */,
				9ECF640E1AA0D13B00380B3C /* ofxUIToggleMatrix.h */,
				9ECF640F1AA0D13B00380B3C /* ofxUIUtils.h */,
				9ECF64101AA0D13B00380B3C /* ofxUIValuePlotter.cpp */,
				9ECF64111AA0D13B00380B3C /* ofxUIValuePlotter.h */,
				9ECF64121AA0D13B00380B3C /* ofxUIWaveform.cpp */,
				9ECF64131AA0D13B00380B3C /* ofxUIWaveform.h */,
				9ECF64141AA0D13B00380B3C /* ofxUIWidget.cpp */,
				9ECF64151AA0D13B00380B3C /* ofxUIWidget.h */,
				9ECF64161AA0D13B00380B3C /* ofxUIWidgets.h */,
				9ECF64171AA0D13B00380B3C /* ofxUIWidgetWithLabel.cpp */,
				9ECF64181AA0D13B00380B3C /* ofxUIWidgetWithLabel.h */,
				9ECF64191AA0D13B00380B3C /* ofxUIWrapper.h */,
			);
			path = src;
			sourceTree = "<group>";
		};
		9ECF641A1AA0D13B00380B3C /* ofxUnicode */ = {
			isa = PBXGroup;
			children = (
				9ECF642D1AA0D13B00380B3C /* libs */,
				9ECF64411AA0D13B00380B3C /* src */,
			);
			name = ofxUnicode;
			path = ../../../addons/ofxUnicode;
			sourceTree = "<group>";
		};
		9ECF642D1AA0D13B00380B3C /* libs */ = {
			isa = PBXGroup;
			children = (
				9ECF642E1AA0D13B00380B3C /* utf8cpp */,
			);
			path = libs;
			sourceTree = "<group>";
		};
		9ECF642E1AA0D13B00380B3C /* utf8cpp */ = {
			isa = PBXGroup;
			children = (
				9ECF642F1AA0D13B00380B3C /* include */,
				9ECF64351AA0D13B00380B3C /* src */,
			);
			path = utf8cpp;
			sourceTree = "<group>";
		};
		9ECF642F1AA0D13B00380B3C /* include */ = {
			isa = PBXGroup;
			children = (
				9ECF64301AA0D13B00380B3C /* utf8 */,
				9ECF64341AA0D13B00380B3C /* utf8.h */,
			);
			path = include;
			sourceTree = "<group>";
		};
		9ECF64301AA0D13B00380B3C /* utf8 */ = {
			isa = PBXGroup;
			children = (
				9ECF64311AA0D13B00380B3C /* checked.h */,
				9ECF64321AA0D13B00380B3C /* core.h */,
				9ECF64331AA0D13B00380B3C /* unchecked.h */,
			);
			path = utf8;
			sourceTree = "<group>";
		};
		9ECF64351AA0D13B00380B3C /* src */ = {
			isa = PBXGroup;
			children = (
				9ECF64361AA0D13B00380B3C /* utf8_v2_3_1 */,
			);
			path = src;
			sourceTree = "<group>";
		};
		9ECF64361AA0D13B00380B3C /* utf8_v2_3_1 */ = {
			isa = PBXGroup;
			children = (
				9ECF64371AA0D13B00380B3C /* doc */,
				9ECF643A1AA0D13B00380B3C /* source */,
			);
			path = utf8_v2_3_1;
			sourceTree = "<group>";
		};
		9ECF64371AA0D13B00380B3C /* doc */ = {
			isa = PBXGroup;
			children = (
				9ECF64381AA0D13B00380B3C /* ReleaseNotes */,
				9ECF64391AA0D13B00380B3C /* utf8cpp.html */,
			);
			path = doc;
			sourceTree = "<group>";
		};
		9ECF643A1AA0D13B00380B3C /* source */ = {
			isa = PBXGroup;
			children = (
				9ECF643B1AA0D13B00380B3C /* utf8 */,
				9ECF643F1AA0D13B00380B3C /* utf8.h */,
			);
			path = source;
			sourceTree = "<group>";
		};
		9ECF643B1AA0D13B00380B3C /* utf8 */ = {
			isa = PBXGroup;
			children = (
				9ECF643C1AA0D13B00380B3C /* checked.h */,
				9ECF643D1AA0D13B00380B3C /* core.h */,
				9ECF643E1AA0D13B00380B3C /* unchecked.h */,
			);
			path = utf8;
			sourceTree = "<group>";
		};
		9ECF64411AA0D13B00380B3C /* src */ = {
			isa = PBXGroup;
			children = (
				9ECF64421AA0D13B00380B3C /* ofTextConverter.cpp */,
				9ECF64431AA0D13B00380B3C /* ofTextConverter.h */,
				9ECF64441AA0D13B00380B3C /* ofUnicode.cpp */,
				9ECF64451AA0D13B00380B3C /* ofUnicode.h */,
				9ECF64461AA0D13B00380B3C /* ofUTF8.cpp */,
				9ECF64471AA0D13B00380B3C /* ofUTF8.h */,
			);
			path = src;
			sourceTree = "<group>";
		};
		9ECF64481AA0D13B00380B3C /* ofxXmlSettings */ = {
			isa = PBXGroup;
			children = (
				9ECF64491AA0D13B00380B3C /* libs */,
				9ECF644E1AA0D13B00380B3C /* src */,
			);
			name = ofxXmlSettings;
			path = ../../../addons/ofxXmlSettings;
			sourceTree = "<group>";
		};
		9ECF64491AA0D13B00380B3C /* libs */ = {
			isa = PBXGroup;
			children = (
				9ECF644A1AA0D13B00380B3C /* tinyxml.cpp */,
				9ECF644B1AA0D13B00380B3C /* tinyxml.h */,
				9ECF644C1AA0D13B00380B3C /* tinyxmlerror.cpp */,
				9ECF644D1AA0D13B00380B3C /* tinyxmlparser.cpp */,
			);
			path = libs;
			sourceTree = "<group>";
		};
		9ECF644E1AA0D13B00380B3C /* src */ = {
			isa = PBXGroup;
			children = (
				9ECF644F1AA0D13B00380B3C /* ofxXmlSettings.cpp */,
				9ECF64501AA0D13B00380B3C /* ofxXmlSettings.h */,
			);
			path = src;
			sourceTree = "<group>";
		};
		BB4B014C10F69532006C3DED /* addons */ = {
			isa = PBXGroup;
			children = (
				9ECF613E1AA0D13100380B3C /* ofxFontStash */,
				9ECF615B1AA0D13200380B3C /* ofxGaplessVideo */,
				9ECF61611AA0D13200380B3C /* ofxJSON */,
				9ECF61AD1AA0D13300380B3C /* ofxNetwork */,
				9ECF61BB1AA0D13300380B3C /* ofxUI */,
				9ECF641A1AA0D13B00380B3C /* ofxUnicode */,
				9ECF64481AA0D13B00380B3C /* ofxXmlSettings */,
			);
			name = addons;
			sourceTree = "<group>";
		};
		BBAB23C913894ECA00AA2426 /* system frameworks */ = {
			isa = PBXGroup;
			children = (
				6474CBF019BCE00B003C94E2 /* AVFoundation.framework */,
				6474CBF119BCE00B003C94E2 /* CoreMedia.framework */,
				6474CBF219BCE00B003C94E2 /* QuartzCore.framework */,
				E7F985F515E0DE99003869B5 /* Accelerate.framework */,
				E4C2424410CC5A17004149E2 /* AppKit.framework */,
				E4C2424510CC5A17004149E2 /* Cocoa.framework */,
				E4C2424610CC5A17004149E2 /* IOKit.framework */,
				E45BE9710E8CC7DD009D7055 /* AGL.framework */,
				E45BE9720E8CC7DD009D7055 /* ApplicationServices.framework */,
				E45BE9730E8CC7DD009D7055 /* AudioToolbox.framework */,
				E45BE9750E8CC7DD009D7055 /* CoreAudio.framework */,
				E45BE9760E8CC7DD009D7055 /* CoreFoundation.framework */,
				E45BE9770E8CC7DD009D7055 /* CoreServices.framework */,
				E45BE9790E8CC7DD009D7055 /* OpenGL.framework */,
				E45BE97A0E8CC7DD009D7055 /* QuickTime.framework */,
				E7E077E415D3B63C0020DFD4 /* CoreVideo.framework */,
				E7E077E715D3B6510020DFD4 /* QTKit.framework */,
			);
			name = "system frameworks";
			sourceTree = "<group>";
		};
		BBAB23CA13894EDB00AA2426 /* 3rd party frameworks */ = {
			isa = PBXGroup;
			children = (
				BBAB23BE13894E4700AA2426 /* GLUT.framework */,
			);
			name = "3rd party frameworks";
			sourceTree = "<group>";
		};
		E4328144138ABC890047C5CB /* Products */ = {
			isa = PBXGroup;
			children = (
				E4328148138ABC890047C5CB /* openFrameworksDebug.a */,
			);
			name = Products;
			sourceTree = "<group>";
		};
		E45BE5980E8CC70C009D7055 /* frameworks */ = {
			isa = PBXGroup;
			children = (
				9E443A2419D2CE3C0033D685 /* libcurl.dylib */,
				BBAB23CA13894EDB00AA2426 /* 3rd party frameworks */,
				BBAB23C913894ECA00AA2426 /* system frameworks */,
			);
			name = frameworks;
			sourceTree = "<group>";
		};
		E4B69B4A0A3A1720003C02F2 = {
			isa = PBXGroup;
			children = (
				E4B6FCAD0C3E899E008CF71C /* openFrameworks-Info.plist */,
				E4EB6923138AFD0F00A09F29 /* Project.xcconfig */,
				9EC1AB5E19D07FDB0053B19D /* addons.make */,
				9E007FDD1AA8BFD4005AB86C /* data */,
				E4B69E1C0A3A1BDC003C02F2 /* src */,
				E4EEC9E9138DF44700A80321 /* openFrameworks */,
				BB4B014C10F69532006C3DED /* addons */,
				E45BE5980E8CC70C009D7055 /* frameworks */,
				E4B69B5B0A3A1756003C02F2 /* ACPDebug.app */,
			);
			sourceTree = "<group>";
		};
		E4B69E1C0A3A1BDC003C02F2 /* src */ = {
			isa = PBXGroup;
			children = (
				9E4DBA9C1A0D0036003941B1 /* configThread.h */,
				9E4DBA9D1A0D0036003941B1 /* main.cpp */,
				9E4DBA9E1A0D0036003941B1 /* ofApp.cpp */,
				9E4DBA9F1A0D0036003941B1 /* ofApp.h */,
				9E4DBAA01A0D0036003941B1 /* subtitleThread.h */,
				9E4DBAA11A0D0036003941B1 /* syncThread.h */,
				9E4DBAA21A0D0036003941B1 /* threadedLoader.h */,
				9E4DBAA31A0D0036003941B1 /* threadedSoundplayer.h */,
			);
			path = src;
			sourceTree = SOURCE_ROOT;
		};
		E4EEC9E9138DF44700A80321 /* openFrameworks */ = {
			isa = PBXGroup;
			children = (
				E4EB691F138AFCF100A09F29 /* CoreOF.xcconfig */,
				E4328143138ABC890047C5CB /* openFrameworksLib.xcodeproj */,
			);
			name = openFrameworks;
			sourceTree = "<group>";
		};
/* End PBXGroup section */

/* Begin PBXNativeTarget section */
		E4B69B5A0A3A1756003C02F2 /* ACP */ = {
			isa = PBXNativeTarget;
			buildConfigurationList = E4B69B5F0A3A1757003C02F2 /* Build configuration list for PBXNativeTarget "ACP" */;
			buildPhases = (
				E4B69B580A3A1756003C02F2 /* Sources */,
				E4B69B590A3A1756003C02F2 /* Frameworks */,
				E4B6FFFD0C3F9AB9008CF71C /* ShellScript */,
				E4C2427710CC5ABF004149E2 /* CopyFiles */,
				9E0081401AA8C005005AB86C /* CopyFiles */,
				9E0081421AA8C031005AB86C /* CopyFiles */,
			);
			buildRules = (
			);
			dependencies = (
				E4EEB9AC138B136A00A80321 /* PBXTargetDependency */,
			);
			name = ACP;
			productName = myOFApp;
			productReference = E4B69B5B0A3A1756003C02F2 /* ACPDebug.app */;
			productType = "com.apple.product-type.application";
		};
/* End PBXNativeTarget section */

/* Begin PBXProject section */
		E4B69B4C0A3A1720003C02F2 /* Project object */ = {
			isa = PBXProject;
			attributes = {
				LastUpgradeCheck = 0460;
			};
			buildConfigurationList = E4B69B4D0A3A1720003C02F2 /* Build configuration list for PBXProject "threadedVideo" */;
			compatibilityVersion = "Xcode 3.2";
			developmentRegion = English;
			hasScannedForEncodings = 0;
			knownRegions = (
				English,
				Japanese,
				French,
				German,
			);
			mainGroup = E4B69B4A0A3A1720003C02F2;
			productRefGroup = E4B69B4A0A3A1720003C02F2;
			projectDirPath = "";
			projectReferences = (
				{
					ProductGroup = E4328144138ABC890047C5CB /* Products */;
					ProjectRef = E4328143138ABC890047C5CB /* openFrameworksLib.xcodeproj */;
				},
			);
			projectRoot = "";
			targets = (
				E4B69B5A0A3A1756003C02F2 /* ACP */,
			);
		};
/* End PBXProject section */

/* Begin PBXReferenceProxy section */
		E4328148138ABC890047C5CB /* openFrameworksDebug.a */ = {
			isa = PBXReferenceProxy;
			fileType = archive.ar;
			path = openFrameworksDebug.a;
			remoteRef = E4328147138ABC890047C5CB /* PBXContainerItemProxy */;
			sourceTree = BUILT_PRODUCTS_DIR;
		};
/* End PBXReferenceProxy section */

/* Begin PBXShellScriptBuildPhase section */
		E4B6FFFD0C3F9AB9008CF71C /* ShellScript */ = {
			isa = PBXShellScriptBuildPhase;
			buildActionMask = 2147483647;
			files = (
			);
			inputPaths = (
			);
			outputPaths = (
			);
			runOnlyForDeploymentPostprocessing = 0;
			shellPath = /bin/sh;
			shellScript = "cp -f ../../../libs/fmodex/lib/osx/libfmodex.dylib \"$TARGET_BUILD_DIR/$PRODUCT_NAME.app/Contents/MacOS/libfmodex.dylib\"; install_name_tool -change ./libfmodex.dylib @executable_path/libfmodex.dylib \"$TARGET_BUILD_DIR/$PRODUCT_NAME.app/Contents/MacOS/$PRODUCT_NAME\";\nmkdir -p \"$TARGET_BUILD_DIR/$PRODUCT_NAME.app/Contents/Resources/\"\nmkdir -p \"$TARGET_BUILD_DIR/$PRODUCT_NAME.app/Contents/Resources/data/movies\"\ncp -f \"$ICON_FILE\" \"$TARGET_BUILD_DIR/$PRODUCT_NAME.app/Contents/Resources/\"\n";
		};
/* End PBXShellScriptBuildPhase section */

/* Begin PBXSourcesBuildPhase section */
		E4B69B580A3A1756003C02F2 /* Sources */ = {
			isa = PBXSourcesBuildPhase;
			buildActionMask = 2147483647;
			files = (
				9ECF64B41AA0D13B00380B3C /* ofxUIMovingGraph.cpp in Sources */,
				9ECF64B51AA0D13B00380B3C /* ofxUIMultiImageButton.cpp in Sources */,
				9ECF64B81AA0D13B00380B3C /* ofxUIRadio.cpp in Sources */,
				9ECF64A11AA0D13B00380B3C /* ofxUIBaseDraws.cpp in Sources */,
				9ECF64661AA0D13B00380B3C /* ofxTCPManager.cpp in Sources */,
				9ECF64AD1AA0D13B00380B3C /* ofxUIImageSampler.cpp in Sources */,
				9ECF64A31AA0D13B00380B3C /* ofxUIButton.cpp in Sources */,
				9ECF64B21AA0D13B00380B3C /* ofxUILabelToggle.cpp in Sources */,
				9ECF64A81AA0D13B00380B3C /* ofxUIEventArgs.cpp in Sources */,
				9ECF64BB1AA0D13B00380B3C /* ofxUIRotarySlider.cpp in Sources */,
				9ECF64BE1AA0D13B00380B3C /* ofxUISortableList.cpp in Sources */,
				9ECF64CE1AA0D13B00380B3C /* ofUnicode.cpp in Sources */,
				9ECF64C91AA0D13B00380B3C /* ofxUIWidget.cpp in Sources */,
				9ECF64A01AA0D13B00380B3C /* ofxUI2DPad.cpp in Sources */,
				9ECF64AE1AA0D13B00380B3C /* ofxUIImageSlider.cpp in Sources */,
				9ECF64B91AA0D13B00380B3C /* ofxUIRangeSlider.cpp in Sources */,
				9E4DBAA51A0D0036003941B1 /* ofApp.cpp in Sources */,
				9ECF64631AA0D13B00380B3C /* jsoncpp.cpp in Sources */,
				9ECF64B61AA0D13B00380B3C /* ofxUIMultiImageToggle.cpp in Sources */,
				9ECF64561AA0D13B00380B3C /* ofxGaplessVideoplayer.cpp in Sources */,
				9ECF64CF1AA0D13B00380B3C /* ofUTF8.cpp in Sources */,
				9ECF64D31AA0D13B00380B3C /* ofxXmlSettings.cpp in Sources */,
				9ECF64C01AA0D13B00380B3C /* ofxUISpectrum.cpp in Sources */,
				9ECF64551AA0D13B00380B3C /* ofxFontStash.cpp in Sources */,
				9ECF64CA1AA0D13B00380B3C /* ofxUIWidgetWithLabel.cpp in Sources */,
				9E4DBAA41A0D0036003941B1 /* main.cpp in Sources */,
				9ECF64C61AA0D13B00380B3C /* ofxUIToggleMatrix.cpp in Sources */,
				9ECF64AF1AA0D13B00380B3C /* ofxUIImageToggle.cpp in Sources */,
				9ECF64D11AA0D13B00380B3C /* tinyxmlerror.cpp in Sources */,
				9ECF64AB1AA0D13B00380B3C /* ofxUIImage.cpp in Sources */,
				9ECF64531AA0D13B00380B3C /* fontstash.c in Sources */,
				9ECF64AA1AA0D13B00380B3C /* ofxUIFPSSlider.cpp in Sources */,
				9ECF64A71AA0D13B00380B3C /* ofxUIDropDownList.cpp in Sources */,
				9ECF64C11AA0D13B00380B3C /* ofxUISuperCanvas.cpp in Sources */,
				9ECF64C81AA0D13B00380B3C /* ofxUIWaveform.cpp in Sources */,
				9ECF64D01AA0D13B00380B3C /* tinyxml.cpp in Sources */,
				9ECF64B11AA0D13B00380B3C /* ofxUILabelButton.cpp in Sources */,
				9ECF64671AA0D13B00380B3C /* ofxTCPServer.cpp in Sources */,
				9ECF64B01AA0D13B00380B3C /* ofxUILabel.cpp in Sources */,
				9ECF64A41AA0D13B00380B3C /* ofxUICanvas.cpp in Sources */,
				9ECF64CD1AA0D13B00380B3C /* ofTextConverter.cpp in Sources */,
				9ECF64BF1AA0D13B00380B3C /* ofxUISpacer.cpp in Sources */,
				9ECF64B31AA0D13B00380B3C /* ofxUIMinimalSlider.cpp in Sources */,
				9ECF64A91AA0D13B00380B3C /* ofxUIFPS.cpp in Sources */,
				9ECF64A21AA0D13B00380B3C /* ofxUIBiLabelSlider.cpp in Sources */,
				9ECF64C71AA0D13B00380B3C /* ofxUIValuePlotter.cpp in Sources */,
				9ECF64D21AA0D13B00380B3C /* tinyxmlparser.cpp in Sources */,
				9ECF64A61AA0D13B00380B3C /* ofxUIDragableLabelButton.cpp in Sources */,
				9ECF64A51AA0D13B00380B3C /* ofxUICircleSlider.cpp in Sources */,
				9ECF64C51AA0D13B00380B3C /* ofxUIToggle.cpp in Sources */,
				9ECF64C31AA0D13B00380B3C /* ofxUITextArea.cpp in Sources */,
				9ECF64681AA0D13B00380B3C /* ofxUDPManager.cpp in Sources */,
				9ECF64BD1AA0D13B00380B3C /* ofxUISlider.cpp in Sources */,
				9ECF64BA1AA0D13B00380B3C /* ofxUIRectangle.cpp in Sources */,
				9ECF64641AA0D13B00380B3C /* ofxJSONElement.cpp in Sources */,
				9ECF64BC1AA0D13B00380B3C /* ofxUIScrollableCanvas.cpp in Sources */,
				9ECF649F1AA0D13B00380B3C /* ofxUI2DGraph.cpp in Sources */,
				9ECF64AC1AA0D13B00380B3C /* ofxUIImageButton.cpp in Sources */,
				9ECF64541AA0D13B00380B3C /* stb_truetype.c in Sources */,
				9ECF64C41AA0D13B00380B3C /* ofxUITextInput.cpp in Sources */,
				9ECF64651AA0D13B00380B3C /* ofxTCPClient.cpp in Sources */,
				9ECF64B71AA0D13B00380B3C /* ofxUINumberDialer.cpp in Sources */,
				9ECF64C21AA0D13B00380B3C /* ofxUITabBar.cpp in Sources */,
			);
			runOnlyForDeploymentPostprocessing = 0;
		};
/* End PBXSourcesBuildPhase section */

/* Begin PBXTargetDependency section */
		E4EEB9AC138B136A00A80321 /* PBXTargetDependency */ = {
			isa = PBXTargetDependency;
			name = openFrameworks;
			targetProxy = E4EEB9AB138B136A00A80321 /* PBXContainerItemProxy */;
		};
/* End PBXTargetDependency section */

/* Begin XCBuildConfiguration section */
		E4B69B4E0A3A1720003C02F2 /* Debug */ = {
			isa = XCBuildConfiguration;
			baseConfigurationReference = E4EB6923138AFD0F00A09F29 /* Project.xcconfig */;
			buildSettings = {
				ARCHS = "$(NATIVE_ARCH)";
				CONFIGURATION_BUILD_DIR = "$(SRCROOT)/bin/";
				COPY_PHASE_STRIP = NO;
				DEAD_CODE_STRIPPING = YES;
				GCC_AUTO_VECTORIZATION = YES;
				GCC_ENABLE_SSE3_EXTENSIONS = YES;
				GCC_ENABLE_SUPPLEMENTAL_SSE3_INSTRUCTIONS = YES;
				GCC_INLINES_ARE_PRIVATE_EXTERN = NO;
				GCC_OPTIMIZATION_LEVEL = 0;
				GCC_SYMBOLS_PRIVATE_EXTERN = NO;
				GCC_WARN_ABOUT_DEPRECATED_FUNCTIONS = YES;
				GCC_WARN_ABOUT_INVALID_OFFSETOF_MACRO = NO;
				GCC_WARN_ALLOW_INCOMPLETE_PROTOCOL = NO;
				GCC_WARN_UNINITIALIZED_AUTOS = NO;
				GCC_WARN_UNUSED_VALUE = NO;
				GCC_WARN_UNUSED_VARIABLE = NO;
				HEADER_SEARCH_PATHS = (
					"$(OF_CORE_HEADERS)",
					"../../../addons/ofxJSON/libs/**",
					"../../../addons/ofxNetwork/**",
					"../../../addons/ofxXmlSettings/**",
					"../../../addons/ofxFontStash/libs/**",
				);
				MACOSX_DEPLOYMENT_TARGET = 10.8;
				OTHER_CPLUSPLUSFLAGS = (
					"-D__MACOSX_CORE__",
					"-lpthread",
					"-mtune=native",
				);
				SDKROOT = macosx;
			};
			name = Debug;
		};
		E4B69B4F0A3A1720003C02F2 /* Release */ = {
			isa = XCBuildConfiguration;
			baseConfigurationReference = E4EB6923138AFD0F00A09F29 /* Project.xcconfig */;
			buildSettings = {
				ARCHS = "$(NATIVE_ARCH)";
				CONFIGURATION_BUILD_DIR = "$(SRCROOT)/bin/";
				COPY_PHASE_STRIP = YES;
				DEAD_CODE_STRIPPING = YES;
				GCC_AUTO_VECTORIZATION = YES;
				GCC_ENABLE_SSE3_EXTENSIONS = YES;
				GCC_ENABLE_SUPPLEMENTAL_SSE3_INSTRUCTIONS = YES;
				GCC_INLINES_ARE_PRIVATE_EXTERN = NO;
				GCC_OPTIMIZATION_LEVEL = 3;
				GCC_SYMBOLS_PRIVATE_EXTERN = NO;
				GCC_UNROLL_LOOPS = YES;
				GCC_WARN_ABOUT_DEPRECATED_FUNCTIONS = YES;
				GCC_WARN_ABOUT_INVALID_OFFSETOF_MACRO = NO;
				GCC_WARN_ALLOW_INCOMPLETE_PROTOCOL = NO;
				GCC_WARN_UNINITIALIZED_AUTOS = NO;
				GCC_WARN_UNUSED_VALUE = NO;
				GCC_WARN_UNUSED_VARIABLE = NO;
				HEADER_SEARCH_PATHS = (
					"$(OF_CORE_HEADERS)",
					"../../../addons/ofxJSON/libs/**",
					"../../../addons/ofxNetwork/**",
					"../../../addons/ofxXmlSettings/**",
					"../../../addons/ofxFontStash/libs/**",
				);
				MACOSX_DEPLOYMENT_TARGET = 10.8;
				OTHER_CPLUSPLUSFLAGS = (
					"-D__MACOSX_CORE__",
					"-lpthread",
					"-mtune=native",
				);
				SDKROOT = macosx;
			};
			name = Release;
		};
		E4B69B600A3A1757003C02F2 /* Debug */ = {
			isa = XCBuildConfiguration;
			buildSettings = {
				COMBINE_HIDPI_IMAGES = YES;
				COPY_PHASE_STRIP = NO;
				FRAMEWORK_SEARCH_PATHS = (
					"$(inherited)",
					"$(FRAMEWORK_SEARCH_PATHS_QUOTED_FOR_TARGET_1)",
					"$(LOCAL_LIBRARY_DIR)/Frameworks",
				);
				FRAMEWORK_SEARCH_PATHS_QUOTED_FOR_TARGET_1 = "\"$(SRCROOT)/../../../libs/glut/lib/osx\"";
				GCC_DYNAMIC_NO_PIC = NO;
				GCC_GENERATE_DEBUGGING_SYMBOLS = YES;
				GCC_MODEL_TUNING = NONE;
				HEADER_SEARCH_PATHS = (
					"$(OF_CORE_HEADERS)",
					"../../../addons/ofxJSON/libs/**",
					"../../../addons/ofxFontStash/libs/**",
				);
				ICON = "$(ICON_NAME_DEBUG)";
				ICON_FILE = "$(ICON_FILE_PATH)$(ICON)";
				INFOPLIST_FILE = "openFrameworks-Info.plist";
				INSTALL_PATH = "$(HOME)/Applications";
				LIBRARY_SEARCH_PATHS = "$(inherited)";
				MACOSX_DEPLOYMENT_TARGET = 10.8;
				PRODUCT_NAME = "$(TARGET_NAME)Debug";
				WRAPPER_EXTENSION = app;
			};
			name = Debug;
		};
		E4B69B610A3A1757003C02F2 /* Release */ = {
			isa = XCBuildConfiguration;
			buildSettings = {
				COMBINE_HIDPI_IMAGES = YES;
				COPY_PHASE_STRIP = YES;
				FRAMEWORK_SEARCH_PATHS = (
					"$(inherited)",
					"$(FRAMEWORK_SEARCH_PATHS_QUOTED_FOR_TARGET_1)",
					"$(LOCAL_LIBRARY_DIR)/Frameworks",
				);
				FRAMEWORK_SEARCH_PATHS_QUOTED_FOR_TARGET_1 = "\"$(SRCROOT)/../../../libs/glut/lib/osx\"";
				GCC_GENERATE_DEBUGGING_SYMBOLS = YES;
				GCC_MODEL_TUNING = NONE;
				HEADER_SEARCH_PATHS = (
					"$(OF_CORE_HEADERS)",
					"../../../addons/ofxJSON/libs/**",
					"../../../addons/ofxFontStash/libs/**",
				);
				ICON = "$(ICON_NAME_RELEASE)";
				ICON_FILE = "$(ICON_FILE_PATH)$(ICON)";
				INFOPLIST_FILE = "openFrameworks-Info.plist";
				INSTALL_PATH = "$(HOME)/Applications";
				LIBRARY_SEARCH_PATHS = "$(inherited)";
				MACOSX_DEPLOYMENT_TARGET = 10.8;
				PRODUCT_NAME = "$(TARGET_NAME)";
				WRAPPER_EXTENSION = app;
			};
			name = Release;
		};
/* End XCBuildConfiguration section */

/* Begin XCConfigurationList section */
		E4B69B4D0A3A1720003C02F2 /* Build configuration list for PBXProject "threadedVideo" */ = {
			isa = XCConfigurationList;
			buildConfigurations = (
				E4B69B4E0A3A1720003C02F2 /* Debug */,
				E4B69B4F0A3A1720003C02F2 /* Release */,
			);
			defaultConfigurationIsVisible = 0;
			defaultConfigurationName = Release;
		};
		E4B69B5F0A3A1757003C02F2 /* Build configuration list for PBXNativeTarget "ACP" */ = {
			isa = XCConfigurationList;
			buildConfigurations = (
				E4B69B600A3A1757003C02F2 /* Debug */,
				E4B69B610A3A1757003C02F2 /* Release */,
			);
			defaultConfigurationIsVisible = 0;
			defaultConfigurationName = Release;
		};
/* End XCConfigurationList section */
	};
	rootObject = E4B69B4C0A3A1720003C02F2 /* Project object */;
}
